
Microsoft Visual Studio Solution File, Format Version 12.00
# Visual Studio Version 16
VisualStudioVersion = 16.0.29009.5
MinimumVisualStudioVersion = 10.0.40219.1
Project("{2150E333-8FDC-42A3-9474-1A3956D46DE8}") = "Common", "Common", "{B71B33E4-4FE7-4B91-B5A4-131A3E3BF7B9}"
EndProject
Project("{9A19103F-16F7-4668-BE54-9A1E7A4F7556}") = "Orions.Node.NetStandard", "..\Orions.Systems.Node\Deployment\PlatformSDKs\Orions.Node.NetStandard\Project\Orions.Node.NetStandard.csproj", "{043C898D-E017-45E7-9EE6-7DC1FEF12CB2}"
EndProject
Project("{2150E333-8FDC-42A3-9474-1A3956D46DE8}") = "SDK", "SDK", "{F36ED249-B763-436E-B454-7B1BF8DF262A}"
EndProject
Project("{2150E333-8FDC-42A3-9474-1A3956D46DE8}") = "Samples", "Samples", "{DF6F72DC-CF4F-4D0F-8DC0-54EF840B15B0}"
EndProject
Project("{9A19103F-16F7-4668-BE54-9A1E7A4F7556}") = "Orions.Common.NetStandard", "..\Orions.Systems.Open\Common\Orions.Common\Orions.Common.NetStandard.csproj", "{BC06C0DD-F52A-4EAD-9117-1B7F180456A2}"
EndProject
Project("{9A19103F-16F7-4668-BE54-9A1E7A4F7556}") = "Orions.Cloud.Common.NetStandard", "..\Orions.Systems.Open\Common\Orions.Cloud.Common\Orions.Cloud.Common.NetStandard.csproj", "{0199B574-8AE8-4601-9984-14AEE58BC57D}"
EndProject
Project("{9A19103F-16F7-4668-BE54-9A1E7A4F7556}") = "Orions.Node.Common.NetStandard", "..\Orions.Systems.Open\Common\Orions.Node.Common\Orions.Node.Common.NetStandard.csproj", "{14C7B087-34C7-433C-A43C-0A29415EFDA5}"
EndProject
Project("{9A19103F-16F7-4668-BE54-9A1E7A4F7556}") = "Orions.Cloud.Client.Http.NetStandard", "..\Orions.Systems.Open\Cloud.SDK\CSharp\Orions.Cloud.Client.Http.NetStandard\Orions.Cloud.Client.Http.NetStandard.csproj", "{3ACFD985-3C4E-49A9-BB65-F97847327D75}"
EndProject
Project("{9A19103F-16F7-4668-BE54-9A1E7A4F7556}") = "Orions.SDK.NetStandard.Debug", "..\Orions.Systems.Open\SDK\Orions.SDK.NetStandard\Orions.SDK.NetStandard.Debug.csproj", "{6639D8C9-70A2-41A2-96B9-2CE38110DB19}"
EndProject
Project("{9A19103F-16F7-4668-BE54-9A1E7A4F7556}") = "Orions.Services.Contracts.NetStandard", "..\Orions.Systems.Open\Services\Orions.Services.Contracts.NetStandard\Orions.Services.Contracts.NetStandard.csproj", "{4EB706E8-4323-4312-A754-1EEE286E66F8}"
EndProject
Project("{9A19103F-16F7-4668-BE54-9A1E7A4F7556}") = "Orions.CrossModules.Common", "Orions.Systems.CrossModules.Common\Orions.CrossModules.Common.csproj", "{A0128BD9-5F57-4DE6-AB96-C774B8A0F6ED}"
EndProject
Project("{9A19103F-16F7-4668-BE54-9A1E7A4F7556}") = "Orions.Systems.CrossModules.MetadataReview.Debug", "Orions.Systems.CrossModules.MetadataReview\Orions.Systems.CrossModules.MetadataReview.Debug.csproj", "{2AAC5C38-D110-4441-B323-AE06C0E3C56B}"
EndProject
Project("{9A19103F-16F7-4668-BE54-9A1E7A4F7556}") = "Orions.Systems.CrossModules.MissionAnalytics.Debug", "Orions.Systems.CrossModules.MissionAnalytics\Orions.Systems.CrossModules.MissionAnalytics.Debug.csproj", "{FCF64D0B-36D3-4F2E-AD42-0DE348EA1D89}"
EndProject
Project("{9A19103F-16F7-4668-BE54-9A1E7A4F7556}") = "Orions.Systems.CrossModules.Timeline.Debug", "Orions.Systems.CrossModules.Timeline\Orions.Systems.CrossModules.Timeline.Debug.csproj", "{D4635A35-8B7A-4E3C-B749-AF3752C1C426}"
EndProject
Project("{9A19103F-16F7-4668-BE54-9A1E7A4F7556}") = "Orions.Systems.CrossModules.BlazorSample", "Samples\Orions.Systems.CrossModules.BlazorSample\Orions.Systems.CrossModules.BlazorSample.csproj", "{E9EB3E45-75D5-4387-A8F9-3968925F9629}"
EndProject
Project("{9A19103F-16F7-4668-BE54-9A1E7A4F7556}") = "Orions.Systems.CrossModules.NodeLite.Debug", "Orions.Systems.CrossModules.NodeLite\Orions.Systems.CrossModules.NodeLite.Debug.csproj", "{E3EB98C6-34A4-49A9-B456-B0C5D44FE186}"
EndProject
Project("{9A19103F-16F7-4668-BE54-9A1E7A4F7556}") = "Orions.Systems.CrossHostWebAppSample.Debug", "Samples\Orions.Systems.CrossHostWebAppSample\Orions.Systems.CrossHostWebAppSample.Debug.csproj", "{CFCE1896-666E-4E7B-BE59-DA9DDE2C33E3}"
EndProject
Project("{9A19103F-16F7-4668-BE54-9A1E7A4F7556}") = "Orions.CrossModules.Blazor", "Orions.CrossModules.Blazor\Orions.CrossModules.Blazor.csproj", "{F1D2EC79-E5B4-4B2C-830B-144C42CBBCD0}"
EndProject
Project("{9A19103F-16F7-4668-BE54-9A1E7A4F7556}") = "Orions.XPlatform.Configuration.Debug", "..\Orions.Systems.Open\XPlatform\Orions.XPlatform.Configuration\Orions.XPlatform.Configuration.Debug.csproj", "{84567B5D-091D-48B6-9DFD-31F351047FFF}"
EndProject
Project("{9A19103F-16F7-4668-BE54-9A1E7A4F7556}") = "Orions.XPlatform.Debug", "..\Orions.Systems.Open\XPlatform\Orions.XPlatform\Orions.XPlatform.Debug.csproj", "{546DE5F2-80D8-40AA-902D-B7096A601668}"
EndProject
Project("{9A19103F-16F7-4668-BE54-9A1E7A4F7556}") = "Orions.Systems.CrossModules.Analytics.Debug", "Orions.Systems.CrossModules.Analytics\Orions.Systems.CrossModules.Analytics.Debug.csproj", "{B7F33C3B-4133-49C5-B761-2542477CAE64}"
EndProject
Project("{9A19103F-16F7-4668-BE54-9A1E7A4F7556}") = "Orions.Systems.CrossModules.NodeStats.Debug", "Orions.Systems.CrossModules.NodeStats\Orions.Systems.CrossModules.NodeStats.Debug.csproj", "{722710CF-E6EA-436D-BFF9-F70C8859A85C}"
EndProject
Project("{9A19103F-16F7-4668-BE54-9A1E7A4F7556}") = "Orions.Systems.CrossModules.TestApp.Debug", "Samples\Orions.Systems.CrossModules.TestApp\Orions.Systems.CrossModules.TestApp.Debug.csproj", "{B26BE29B-E50D-4311-BA36-F320FF5551B6}"
EndProject
Global
	GlobalSection(SolutionConfigurationPlatforms) = preSolution
		CommandMode|Any CPU = CommandMode|Any CPU
		CommandMode|ARM = CommandMode|ARM
		CommandMode|x64 = CommandMode|x64
		CommandMode|x86 = CommandMode|x86
		Debug|Any CPU = Debug|Any CPU
		Debug|ARM = Debug|ARM
		Debug|x64 = Debug|x64
		Debug|x86 = Debug|x86
		Integration|Any CPU = Integration|Any CPU
		Integration|ARM = Integration|ARM
		Integration|x64 = Integration|x64
		Integration|x86 = Integration|x86
		Live|Any CPU = Live|Any CPU
		Live|ARM = Live|ARM
		Live|x64 = Live|x64
		Live|x86 = Live|x86
		Release|Any CPU = Release|Any CPU
		Release|ARM = Release|ARM
		Release|x64 = Release|x64
		Release|x86 = Release|x86
		Stage|Any CPU = Stage|Any CPU
		Stage|ARM = Stage|ARM
		Stage|x64 = Stage|x64
		Stage|x86 = Stage|x86
	EndGlobalSection
	GlobalSection(ProjectConfigurationPlatforms) = postSolution
		{043C898D-E017-45E7-9EE6-7DC1FEF12CB2}.CommandMode|Any CPU.ActiveCfg = Release|Any CPU
		{043C898D-E017-45E7-9EE6-7DC1FEF12CB2}.CommandMode|Any CPU.Build.0 = Release|Any CPU
		{043C898D-E017-45E7-9EE6-7DC1FEF12CB2}.CommandMode|ARM.ActiveCfg = Release|Any CPU
		{043C898D-E017-45E7-9EE6-7DC1FEF12CB2}.CommandMode|ARM.Build.0 = Release|Any CPU
		{043C898D-E017-45E7-9EE6-7DC1FEF12CB2}.CommandMode|x64.ActiveCfg = Release|Any CPU
		{043C898D-E017-45E7-9EE6-7DC1FEF12CB2}.CommandMode|x64.Build.0 = Release|Any CPU
		{043C898D-E017-45E7-9EE6-7DC1FEF12CB2}.CommandMode|x86.ActiveCfg = Release|Any CPU
		{043C898D-E017-45E7-9EE6-7DC1FEF12CB2}.CommandMode|x86.Build.0 = Release|Any CPU
		{043C898D-E017-45E7-9EE6-7DC1FEF12CB2}.Debug|Any CPU.ActiveCfg = Debug|Any CPU
		{043C898D-E017-45E7-9EE6-7DC1FEF12CB2}.Debug|Any CPU.Build.0 = Debug|Any CPU
		{043C898D-E017-45E7-9EE6-7DC1FEF12CB2}.Debug|ARM.ActiveCfg = Debug|Any CPU
		{043C898D-E017-45E7-9EE6-7DC1FEF12CB2}.Debug|ARM.Build.0 = Debug|Any CPU
		{043C898D-E017-45E7-9EE6-7DC1FEF12CB2}.Debug|x64.ActiveCfg = Debug|Any CPU
		{043C898D-E017-45E7-9EE6-7DC1FEF12CB2}.Debug|x64.Build.0 = Debug|Any CPU
		{043C898D-E017-45E7-9EE6-7DC1FEF12CB2}.Debug|x86.ActiveCfg = Debug|Any CPU
		{043C898D-E017-45E7-9EE6-7DC1FEF12CB2}.Debug|x86.Build.0 = Debug|Any CPU
		{043C898D-E017-45E7-9EE6-7DC1FEF12CB2}.Integration|Any CPU.ActiveCfg = Debug|Any CPU
		{043C898D-E017-45E7-9EE6-7DC1FEF12CB2}.Integration|Any CPU.Build.0 = Debug|Any CPU
		{043C898D-E017-45E7-9EE6-7DC1FEF12CB2}.Integration|ARM.ActiveCfg = Debug|Any CPU
		{043C898D-E017-45E7-9EE6-7DC1FEF12CB2}.Integration|ARM.Build.0 = Debug|Any CPU
		{043C898D-E017-45E7-9EE6-7DC1FEF12CB2}.Integration|x64.ActiveCfg = Debug|Any CPU
		{043C898D-E017-45E7-9EE6-7DC1FEF12CB2}.Integration|x64.Build.0 = Debug|Any CPU
		{043C898D-E017-45E7-9EE6-7DC1FEF12CB2}.Integration|x86.ActiveCfg = Debug|Any CPU
		{043C898D-E017-45E7-9EE6-7DC1FEF12CB2}.Integration|x86.Build.0 = Debug|Any CPU
		{043C898D-E017-45E7-9EE6-7DC1FEF12CB2}.Live|Any CPU.ActiveCfg = Debug|Any CPU
		{043C898D-E017-45E7-9EE6-7DC1FEF12CB2}.Live|Any CPU.Build.0 = Debug|Any CPU
		{043C898D-E017-45E7-9EE6-7DC1FEF12CB2}.Live|ARM.ActiveCfg = Debug|Any CPU
		{043C898D-E017-45E7-9EE6-7DC1FEF12CB2}.Live|ARM.Build.0 = Debug|Any CPU
		{043C898D-E017-45E7-9EE6-7DC1FEF12CB2}.Live|x64.ActiveCfg = Debug|Any CPU
		{043C898D-E017-45E7-9EE6-7DC1FEF12CB2}.Live|x64.Build.0 = Debug|Any CPU
		{043C898D-E017-45E7-9EE6-7DC1FEF12CB2}.Live|x86.ActiveCfg = Debug|Any CPU
		{043C898D-E017-45E7-9EE6-7DC1FEF12CB2}.Live|x86.Build.0 = Debug|Any CPU
		{043C898D-E017-45E7-9EE6-7DC1FEF12CB2}.Release|Any CPU.ActiveCfg = Release|Any CPU
		{043C898D-E017-45E7-9EE6-7DC1FEF12CB2}.Release|Any CPU.Build.0 = Release|Any CPU
		{043C898D-E017-45E7-9EE6-7DC1FEF12CB2}.Release|ARM.ActiveCfg = Release|Any CPU
		{043C898D-E017-45E7-9EE6-7DC1FEF12CB2}.Release|ARM.Build.0 = Release|Any CPU
		{043C898D-E017-45E7-9EE6-7DC1FEF12CB2}.Release|x64.ActiveCfg = Release|Any CPU
		{043C898D-E017-45E7-9EE6-7DC1FEF12CB2}.Release|x64.Build.0 = Release|Any CPU
		{043C898D-E017-45E7-9EE6-7DC1FEF12CB2}.Release|x86.ActiveCfg = Release|Any CPU
		{043C898D-E017-45E7-9EE6-7DC1FEF12CB2}.Release|x86.Build.0 = Release|Any CPU
		{043C898D-E017-45E7-9EE6-7DC1FEF12CB2}.Stage|Any CPU.ActiveCfg = Debug|Any CPU
		{043C898D-E017-45E7-9EE6-7DC1FEF12CB2}.Stage|Any CPU.Build.0 = Debug|Any CPU
		{043C898D-E017-45E7-9EE6-7DC1FEF12CB2}.Stage|ARM.ActiveCfg = Debug|Any CPU
		{043C898D-E017-45E7-9EE6-7DC1FEF12CB2}.Stage|ARM.Build.0 = Debug|Any CPU
		{043C898D-E017-45E7-9EE6-7DC1FEF12CB2}.Stage|x64.ActiveCfg = Debug|Any CPU
		{043C898D-E017-45E7-9EE6-7DC1FEF12CB2}.Stage|x64.Build.0 = Debug|Any CPU
		{043C898D-E017-45E7-9EE6-7DC1FEF12CB2}.Stage|x86.ActiveCfg = Debug|Any CPU
		{043C898D-E017-45E7-9EE6-7DC1FEF12CB2}.Stage|x86.Build.0 = Debug|Any CPU
		{BC06C0DD-F52A-4EAD-9117-1B7F180456A2}.CommandMode|Any CPU.ActiveCfg = Debug|Any CPU
		{BC06C0DD-F52A-4EAD-9117-1B7F180456A2}.CommandMode|Any CPU.Build.0 = Debug|Any CPU
		{BC06C0DD-F52A-4EAD-9117-1B7F180456A2}.CommandMode|ARM.ActiveCfg = Debug|Any CPU
		{BC06C0DD-F52A-4EAD-9117-1B7F180456A2}.CommandMode|ARM.Build.0 = Debug|Any CPU
		{BC06C0DD-F52A-4EAD-9117-1B7F180456A2}.CommandMode|x64.ActiveCfg = Debug|Any CPU
		{BC06C0DD-F52A-4EAD-9117-1B7F180456A2}.CommandMode|x64.Build.0 = Debug|Any CPU
		{BC06C0DD-F52A-4EAD-9117-1B7F180456A2}.CommandMode|x86.ActiveCfg = Debug|Any CPU
		{BC06C0DD-F52A-4EAD-9117-1B7F180456A2}.CommandMode|x86.Build.0 = Debug|Any CPU
		{BC06C0DD-F52A-4EAD-9117-1B7F180456A2}.Debug|Any CPU.ActiveCfg = Debug|Any CPU
		{BC06C0DD-F52A-4EAD-9117-1B7F180456A2}.Debug|Any CPU.Build.0 = Debug|Any CPU
		{BC06C0DD-F52A-4EAD-9117-1B7F180456A2}.Debug|ARM.ActiveCfg = Debug|Any CPU
		{BC06C0DD-F52A-4EAD-9117-1B7F180456A2}.Debug|ARM.Build.0 = Debug|Any CPU
		{BC06C0DD-F52A-4EAD-9117-1B7F180456A2}.Debug|x64.ActiveCfg = Debug|Any CPU
		{BC06C0DD-F52A-4EAD-9117-1B7F180456A2}.Debug|x64.Build.0 = Debug|Any CPU
		{BC06C0DD-F52A-4EAD-9117-1B7F180456A2}.Debug|x86.ActiveCfg = Debug|Any CPU
		{BC06C0DD-F52A-4EAD-9117-1B7F180456A2}.Debug|x86.Build.0 = Debug|Any CPU
		{BC06C0DD-F52A-4EAD-9117-1B7F180456A2}.Integration|Any CPU.ActiveCfg = Debug|Any CPU
		{BC06C0DD-F52A-4EAD-9117-1B7F180456A2}.Integration|Any CPU.Build.0 = Debug|Any CPU
		{BC06C0DD-F52A-4EAD-9117-1B7F180456A2}.Integration|ARM.ActiveCfg = Debug|Any CPU
		{BC06C0DD-F52A-4EAD-9117-1B7F180456A2}.Integration|ARM.Build.0 = Debug|Any CPU
		{BC06C0DD-F52A-4EAD-9117-1B7F180456A2}.Integration|x64.ActiveCfg = Debug|Any CPU
		{BC06C0DD-F52A-4EAD-9117-1B7F180456A2}.Integration|x64.Build.0 = Debug|Any CPU
		{BC06C0DD-F52A-4EAD-9117-1B7F180456A2}.Integration|x86.ActiveCfg = Debug|Any CPU
		{BC06C0DD-F52A-4EAD-9117-1B7F180456A2}.Integration|x86.Build.0 = Debug|Any CPU
		{BC06C0DD-F52A-4EAD-9117-1B7F180456A2}.Live|Any CPU.ActiveCfg = Debug|Any CPU
		{BC06C0DD-F52A-4EAD-9117-1B7F180456A2}.Live|Any CPU.Build.0 = Debug|Any CPU
		{BC06C0DD-F52A-4EAD-9117-1B7F180456A2}.Live|ARM.ActiveCfg = Debug|Any CPU
		{BC06C0DD-F52A-4EAD-9117-1B7F180456A2}.Live|ARM.Build.0 = Debug|Any CPU
		{BC06C0DD-F52A-4EAD-9117-1B7F180456A2}.Live|x64.ActiveCfg = Debug|Any CPU
		{BC06C0DD-F52A-4EAD-9117-1B7F180456A2}.Live|x64.Build.0 = Debug|Any CPU
		{BC06C0DD-F52A-4EAD-9117-1B7F180456A2}.Live|x86.ActiveCfg = Debug|Any CPU
		{BC06C0DD-F52A-4EAD-9117-1B7F180456A2}.Live|x86.Build.0 = Debug|Any CPU
		{BC06C0DD-F52A-4EAD-9117-1B7F180456A2}.Release|Any CPU.ActiveCfg = Release|Any CPU
		{BC06C0DD-F52A-4EAD-9117-1B7F180456A2}.Release|Any CPU.Build.0 = Release|Any CPU
		{BC06C0DD-F52A-4EAD-9117-1B7F180456A2}.Release|ARM.ActiveCfg = Release|Any CPU
		{BC06C0DD-F52A-4EAD-9117-1B7F180456A2}.Release|ARM.Build.0 = Release|Any CPU
		{BC06C0DD-F52A-4EAD-9117-1B7F180456A2}.Release|x64.ActiveCfg = Release|Any CPU
		{BC06C0DD-F52A-4EAD-9117-1B7F180456A2}.Release|x64.Build.0 = Release|Any CPU
		{BC06C0DD-F52A-4EAD-9117-1B7F180456A2}.Release|x86.ActiveCfg = Release|Any CPU
		{BC06C0DD-F52A-4EAD-9117-1B7F180456A2}.Release|x86.Build.0 = Release|Any CPU
		{BC06C0DD-F52A-4EAD-9117-1B7F180456A2}.Stage|Any CPU.ActiveCfg = Debug|Any CPU
		{BC06C0DD-F52A-4EAD-9117-1B7F180456A2}.Stage|Any CPU.Build.0 = Debug|Any CPU
		{BC06C0DD-F52A-4EAD-9117-1B7F180456A2}.Stage|ARM.ActiveCfg = Debug|Any CPU
		{BC06C0DD-F52A-4EAD-9117-1B7F180456A2}.Stage|ARM.Build.0 = Debug|Any CPU
		{BC06C0DD-F52A-4EAD-9117-1B7F180456A2}.Stage|x64.ActiveCfg = Debug|Any CPU
		{BC06C0DD-F52A-4EAD-9117-1B7F180456A2}.Stage|x64.Build.0 = Debug|Any CPU
		{BC06C0DD-F52A-4EAD-9117-1B7F180456A2}.Stage|x86.ActiveCfg = Debug|Any CPU
		{BC06C0DD-F52A-4EAD-9117-1B7F180456A2}.Stage|x86.Build.0 = Debug|Any CPU
		{0199B574-8AE8-4601-9984-14AEE58BC57D}.CommandMode|Any CPU.ActiveCfg = Debug|Any CPU
		{0199B574-8AE8-4601-9984-14AEE58BC57D}.CommandMode|Any CPU.Build.0 = Debug|Any CPU
		{0199B574-8AE8-4601-9984-14AEE58BC57D}.CommandMode|ARM.ActiveCfg = Debug|Any CPU
		{0199B574-8AE8-4601-9984-14AEE58BC57D}.CommandMode|ARM.Build.0 = Debug|Any CPU
		{0199B574-8AE8-4601-9984-14AEE58BC57D}.CommandMode|x64.ActiveCfg = Debug|Any CPU
		{0199B574-8AE8-4601-9984-14AEE58BC57D}.CommandMode|x64.Build.0 = Debug|Any CPU
		{0199B574-8AE8-4601-9984-14AEE58BC57D}.CommandMode|x86.ActiveCfg = Debug|Any CPU
		{0199B574-8AE8-4601-9984-14AEE58BC57D}.CommandMode|x86.Build.0 = Debug|Any CPU
		{0199B574-8AE8-4601-9984-14AEE58BC57D}.Debug|Any CPU.ActiveCfg = Debug|Any CPU
		{0199B574-8AE8-4601-9984-14AEE58BC57D}.Debug|Any CPU.Build.0 = Debug|Any CPU
		{0199B574-8AE8-4601-9984-14AEE58BC57D}.Debug|ARM.ActiveCfg = Debug|Any CPU
		{0199B574-8AE8-4601-9984-14AEE58BC57D}.Debug|ARM.Build.0 = Debug|Any CPU
		{0199B574-8AE8-4601-9984-14AEE58BC57D}.Debug|x64.ActiveCfg = Debug|Any CPU
		{0199B574-8AE8-4601-9984-14AEE58BC57D}.Debug|x64.Build.0 = Debug|Any CPU
		{0199B574-8AE8-4601-9984-14AEE58BC57D}.Debug|x86.ActiveCfg = Debug|Any CPU
		{0199B574-8AE8-4601-9984-14AEE58BC57D}.Debug|x86.Build.0 = Debug|Any CPU
		{0199B574-8AE8-4601-9984-14AEE58BC57D}.Integration|Any CPU.ActiveCfg = Debug|Any CPU
		{0199B574-8AE8-4601-9984-14AEE58BC57D}.Integration|Any CPU.Build.0 = Debug|Any CPU
		{0199B574-8AE8-4601-9984-14AEE58BC57D}.Integration|ARM.ActiveCfg = Debug|Any CPU
		{0199B574-8AE8-4601-9984-14AEE58BC57D}.Integration|ARM.Build.0 = Debug|Any CPU
		{0199B574-8AE8-4601-9984-14AEE58BC57D}.Integration|x64.ActiveCfg = Debug|Any CPU
		{0199B574-8AE8-4601-9984-14AEE58BC57D}.Integration|x64.Build.0 = Debug|Any CPU
		{0199B574-8AE8-4601-9984-14AEE58BC57D}.Integration|x86.ActiveCfg = Debug|Any CPU
		{0199B574-8AE8-4601-9984-14AEE58BC57D}.Integration|x86.Build.0 = Debug|Any CPU
		{0199B574-8AE8-4601-9984-14AEE58BC57D}.Live|Any CPU.ActiveCfg = Debug|Any CPU
		{0199B574-8AE8-4601-9984-14AEE58BC57D}.Live|Any CPU.Build.0 = Debug|Any CPU
		{0199B574-8AE8-4601-9984-14AEE58BC57D}.Live|ARM.ActiveCfg = Debug|Any CPU
		{0199B574-8AE8-4601-9984-14AEE58BC57D}.Live|ARM.Build.0 = Debug|Any CPU
		{0199B574-8AE8-4601-9984-14AEE58BC57D}.Live|x64.ActiveCfg = Debug|Any CPU
		{0199B574-8AE8-4601-9984-14AEE58BC57D}.Live|x64.Build.0 = Debug|Any CPU
		{0199B574-8AE8-4601-9984-14AEE58BC57D}.Live|x86.ActiveCfg = Debug|Any CPU
		{0199B574-8AE8-4601-9984-14AEE58BC57D}.Live|x86.Build.0 = Debug|Any CPU
		{0199B574-8AE8-4601-9984-14AEE58BC57D}.Release|Any CPU.ActiveCfg = Release|Any CPU
		{0199B574-8AE8-4601-9984-14AEE58BC57D}.Release|Any CPU.Build.0 = Release|Any CPU
		{0199B574-8AE8-4601-9984-14AEE58BC57D}.Release|ARM.ActiveCfg = Release|Any CPU
		{0199B574-8AE8-4601-9984-14AEE58BC57D}.Release|ARM.Build.0 = Release|Any CPU
		{0199B574-8AE8-4601-9984-14AEE58BC57D}.Release|x64.ActiveCfg = Release|Any CPU
		{0199B574-8AE8-4601-9984-14AEE58BC57D}.Release|x64.Build.0 = Release|Any CPU
		{0199B574-8AE8-4601-9984-14AEE58BC57D}.Release|x86.ActiveCfg = Release|Any CPU
		{0199B574-8AE8-4601-9984-14AEE58BC57D}.Release|x86.Build.0 = Release|Any CPU
		{0199B574-8AE8-4601-9984-14AEE58BC57D}.Stage|Any CPU.ActiveCfg = Debug|Any CPU
		{0199B574-8AE8-4601-9984-14AEE58BC57D}.Stage|Any CPU.Build.0 = Debug|Any CPU
		{0199B574-8AE8-4601-9984-14AEE58BC57D}.Stage|ARM.ActiveCfg = Debug|Any CPU
		{0199B574-8AE8-4601-9984-14AEE58BC57D}.Stage|ARM.Build.0 = Debug|Any CPU
		{0199B574-8AE8-4601-9984-14AEE58BC57D}.Stage|x64.ActiveCfg = Debug|Any CPU
		{0199B574-8AE8-4601-9984-14AEE58BC57D}.Stage|x64.Build.0 = Debug|Any CPU
		{0199B574-8AE8-4601-9984-14AEE58BC57D}.Stage|x86.ActiveCfg = Debug|Any CPU
		{0199B574-8AE8-4601-9984-14AEE58BC57D}.Stage|x86.Build.0 = Debug|Any CPU
		{14C7B087-34C7-433C-A43C-0A29415EFDA5}.CommandMode|Any CPU.ActiveCfg = Debug|Any CPU
		{14C7B087-34C7-433C-A43C-0A29415EFDA5}.CommandMode|Any CPU.Build.0 = Debug|Any CPU
		{14C7B087-34C7-433C-A43C-0A29415EFDA5}.CommandMode|ARM.ActiveCfg = Debug|Any CPU
		{14C7B087-34C7-433C-A43C-0A29415EFDA5}.CommandMode|ARM.Build.0 = Debug|Any CPU
		{14C7B087-34C7-433C-A43C-0A29415EFDA5}.CommandMode|x64.ActiveCfg = Debug|Any CPU
		{14C7B087-34C7-433C-A43C-0A29415EFDA5}.CommandMode|x64.Build.0 = Debug|Any CPU
		{14C7B087-34C7-433C-A43C-0A29415EFDA5}.CommandMode|x86.ActiveCfg = Debug|Any CPU
		{14C7B087-34C7-433C-A43C-0A29415EFDA5}.CommandMode|x86.Build.0 = Debug|Any CPU
		{14C7B087-34C7-433C-A43C-0A29415EFDA5}.Debug|Any CPU.ActiveCfg = Debug|Any CPU
		{14C7B087-34C7-433C-A43C-0A29415EFDA5}.Debug|Any CPU.Build.0 = Debug|Any CPU
		{14C7B087-34C7-433C-A43C-0A29415EFDA5}.Debug|ARM.ActiveCfg = Debug|Any CPU
		{14C7B087-34C7-433C-A43C-0A29415EFDA5}.Debug|ARM.Build.0 = Debug|Any CPU
		{14C7B087-34C7-433C-A43C-0A29415EFDA5}.Debug|x64.ActiveCfg = Debug|Any CPU
		{14C7B087-34C7-433C-A43C-0A29415EFDA5}.Debug|x64.Build.0 = Debug|Any CPU
		{14C7B087-34C7-433C-A43C-0A29415EFDA5}.Debug|x86.ActiveCfg = Debug|Any CPU
		{14C7B087-34C7-433C-A43C-0A29415EFDA5}.Debug|x86.Build.0 = Debug|Any CPU
		{14C7B087-34C7-433C-A43C-0A29415EFDA5}.Integration|Any CPU.ActiveCfg = Debug|Any CPU
		{14C7B087-34C7-433C-A43C-0A29415EFDA5}.Integration|Any CPU.Build.0 = Debug|Any CPU
		{14C7B087-34C7-433C-A43C-0A29415EFDA5}.Integration|ARM.ActiveCfg = Debug|Any CPU
		{14C7B087-34C7-433C-A43C-0A29415EFDA5}.Integration|ARM.Build.0 = Debug|Any CPU
		{14C7B087-34C7-433C-A43C-0A29415EFDA5}.Integration|x64.ActiveCfg = Debug|Any CPU
		{14C7B087-34C7-433C-A43C-0A29415EFDA5}.Integration|x64.Build.0 = Debug|Any CPU
		{14C7B087-34C7-433C-A43C-0A29415EFDA5}.Integration|x86.ActiveCfg = Debug|Any CPU
		{14C7B087-34C7-433C-A43C-0A29415EFDA5}.Integration|x86.Build.0 = Debug|Any CPU
		{14C7B087-34C7-433C-A43C-0A29415EFDA5}.Live|Any CPU.ActiveCfg = Debug|Any CPU
		{14C7B087-34C7-433C-A43C-0A29415EFDA5}.Live|Any CPU.Build.0 = Debug|Any CPU
		{14C7B087-34C7-433C-A43C-0A29415EFDA5}.Live|ARM.ActiveCfg = Debug|Any CPU
		{14C7B087-34C7-433C-A43C-0A29415EFDA5}.Live|ARM.Build.0 = Debug|Any CPU
		{14C7B087-34C7-433C-A43C-0A29415EFDA5}.Live|x64.ActiveCfg = Debug|Any CPU
		{14C7B087-34C7-433C-A43C-0A29415EFDA5}.Live|x64.Build.0 = Debug|Any CPU
		{14C7B087-34C7-433C-A43C-0A29415EFDA5}.Live|x86.ActiveCfg = Debug|Any CPU
		{14C7B087-34C7-433C-A43C-0A29415EFDA5}.Live|x86.Build.0 = Debug|Any CPU
		{14C7B087-34C7-433C-A43C-0A29415EFDA5}.Release|Any CPU.ActiveCfg = Release|Any CPU
		{14C7B087-34C7-433C-A43C-0A29415EFDA5}.Release|Any CPU.Build.0 = Release|Any CPU
		{14C7B087-34C7-433C-A43C-0A29415EFDA5}.Release|ARM.ActiveCfg = Release|Any CPU
		{14C7B087-34C7-433C-A43C-0A29415EFDA5}.Release|ARM.Build.0 = Release|Any CPU
		{14C7B087-34C7-433C-A43C-0A29415EFDA5}.Release|x64.ActiveCfg = Release|Any CPU
		{14C7B087-34C7-433C-A43C-0A29415EFDA5}.Release|x64.Build.0 = Release|Any CPU
		{14C7B087-34C7-433C-A43C-0A29415EFDA5}.Release|x86.ActiveCfg = Release|Any CPU
		{14C7B087-34C7-433C-A43C-0A29415EFDA5}.Release|x86.Build.0 = Release|Any CPU
		{14C7B087-34C7-433C-A43C-0A29415EFDA5}.Stage|Any CPU.ActiveCfg = Debug|Any CPU
		{14C7B087-34C7-433C-A43C-0A29415EFDA5}.Stage|Any CPU.Build.0 = Debug|Any CPU
		{14C7B087-34C7-433C-A43C-0A29415EFDA5}.Stage|ARM.ActiveCfg = Debug|Any CPU
		{14C7B087-34C7-433C-A43C-0A29415EFDA5}.Stage|ARM.Build.0 = Debug|Any CPU
		{14C7B087-34C7-433C-A43C-0A29415EFDA5}.Stage|x64.ActiveCfg = Debug|Any CPU
		{14C7B087-34C7-433C-A43C-0A29415EFDA5}.Stage|x64.Build.0 = Debug|Any CPU
		{14C7B087-34C7-433C-A43C-0A29415EFDA5}.Stage|x86.ActiveCfg = Debug|Any CPU
		{14C7B087-34C7-433C-A43C-0A29415EFDA5}.Stage|x86.Build.0 = Debug|Any CPU
		{3ACFD985-3C4E-49A9-BB65-F97847327D75}.CommandMode|Any CPU.ActiveCfg = Debug|Any CPU
		{3ACFD985-3C4E-49A9-BB65-F97847327D75}.CommandMode|Any CPU.Build.0 = Debug|Any CPU
		{3ACFD985-3C4E-49A9-BB65-F97847327D75}.CommandMode|ARM.ActiveCfg = Debug|Any CPU
		{3ACFD985-3C4E-49A9-BB65-F97847327D75}.CommandMode|ARM.Build.0 = Debug|Any CPU
		{3ACFD985-3C4E-49A9-BB65-F97847327D75}.CommandMode|x64.ActiveCfg = Debug|Any CPU
		{3ACFD985-3C4E-49A9-BB65-F97847327D75}.CommandMode|x64.Build.0 = Debug|Any CPU
		{3ACFD985-3C4E-49A9-BB65-F97847327D75}.CommandMode|x86.ActiveCfg = Debug|Any CPU
		{3ACFD985-3C4E-49A9-BB65-F97847327D75}.CommandMode|x86.Build.0 = Debug|Any CPU
		{3ACFD985-3C4E-49A9-BB65-F97847327D75}.Debug|Any CPU.ActiveCfg = Debug|Any CPU
		{3ACFD985-3C4E-49A9-BB65-F97847327D75}.Debug|Any CPU.Build.0 = Debug|Any CPU
		{3ACFD985-3C4E-49A9-BB65-F97847327D75}.Debug|ARM.ActiveCfg = Debug|Any CPU
		{3ACFD985-3C4E-49A9-BB65-F97847327D75}.Debug|ARM.Build.0 = Debug|Any CPU
		{3ACFD985-3C4E-49A9-BB65-F97847327D75}.Debug|x64.ActiveCfg = Debug|Any CPU
		{3ACFD985-3C4E-49A9-BB65-F97847327D75}.Debug|x64.Build.0 = Debug|Any CPU
		{3ACFD985-3C4E-49A9-BB65-F97847327D75}.Debug|x86.ActiveCfg = Debug|Any CPU
		{3ACFD985-3C4E-49A9-BB65-F97847327D75}.Debug|x86.Build.0 = Debug|Any CPU
		{3ACFD985-3C4E-49A9-BB65-F97847327D75}.Integration|Any CPU.ActiveCfg = Debug|Any CPU
		{3ACFD985-3C4E-49A9-BB65-F97847327D75}.Integration|Any CPU.Build.0 = Debug|Any CPU
		{3ACFD985-3C4E-49A9-BB65-F97847327D75}.Integration|ARM.ActiveCfg = Debug|Any CPU
		{3ACFD985-3C4E-49A9-BB65-F97847327D75}.Integration|ARM.Build.0 = Debug|Any CPU
		{3ACFD985-3C4E-49A9-BB65-F97847327D75}.Integration|x64.ActiveCfg = Debug|Any CPU
		{3ACFD985-3C4E-49A9-BB65-F97847327D75}.Integration|x64.Build.0 = Debug|Any CPU
		{3ACFD985-3C4E-49A9-BB65-F97847327D75}.Integration|x86.ActiveCfg = Debug|Any CPU
		{3ACFD985-3C4E-49A9-BB65-F97847327D75}.Integration|x86.Build.0 = Debug|Any CPU
		{3ACFD985-3C4E-49A9-BB65-F97847327D75}.Live|Any CPU.ActiveCfg = Debug|Any CPU
		{3ACFD985-3C4E-49A9-BB65-F97847327D75}.Live|Any CPU.Build.0 = Debug|Any CPU
		{3ACFD985-3C4E-49A9-BB65-F97847327D75}.Live|ARM.ActiveCfg = Debug|Any CPU
		{3ACFD985-3C4E-49A9-BB65-F97847327D75}.Live|ARM.Build.0 = Debug|Any CPU
		{3ACFD985-3C4E-49A9-BB65-F97847327D75}.Live|x64.ActiveCfg = Debug|Any CPU
		{3ACFD985-3C4E-49A9-BB65-F97847327D75}.Live|x64.Build.0 = Debug|Any CPU
		{3ACFD985-3C4E-49A9-BB65-F97847327D75}.Live|x86.ActiveCfg = Debug|Any CPU
		{3ACFD985-3C4E-49A9-BB65-F97847327D75}.Live|x86.Build.0 = Debug|Any CPU
		{3ACFD985-3C4E-49A9-BB65-F97847327D75}.Release|Any CPU.ActiveCfg = Release|Any CPU
		{3ACFD985-3C4E-49A9-BB65-F97847327D75}.Release|Any CPU.Build.0 = Release|Any CPU
		{3ACFD985-3C4E-49A9-BB65-F97847327D75}.Release|ARM.ActiveCfg = Release|Any CPU
		{3ACFD985-3C4E-49A9-BB65-F97847327D75}.Release|ARM.Build.0 = Release|Any CPU
		{3ACFD985-3C4E-49A9-BB65-F97847327D75}.Release|x64.ActiveCfg = Release|Any CPU
		{3ACFD985-3C4E-49A9-BB65-F97847327D75}.Release|x64.Build.0 = Release|Any CPU
		{3ACFD985-3C4E-49A9-BB65-F97847327D75}.Release|x86.ActiveCfg = Release|Any CPU
		{3ACFD985-3C4E-49A9-BB65-F97847327D75}.Release|x86.Build.0 = Release|Any CPU
		{3ACFD985-3C4E-49A9-BB65-F97847327D75}.Stage|Any CPU.ActiveCfg = Debug|Any CPU
		{3ACFD985-3C4E-49A9-BB65-F97847327D75}.Stage|Any CPU.Build.0 = Debug|Any CPU
		{3ACFD985-3C4E-49A9-BB65-F97847327D75}.Stage|ARM.ActiveCfg = Debug|Any CPU
		{3ACFD985-3C4E-49A9-BB65-F97847327D75}.Stage|ARM.Build.0 = Debug|Any CPU
		{3ACFD985-3C4E-49A9-BB65-F97847327D75}.Stage|x64.ActiveCfg = Debug|Any CPU
		{3ACFD985-3C4E-49A9-BB65-F97847327D75}.Stage|x64.Build.0 = Debug|Any CPU
		{3ACFD985-3C4E-49A9-BB65-F97847327D75}.Stage|x86.ActiveCfg = Debug|Any CPU
		{3ACFD985-3C4E-49A9-BB65-F97847327D75}.Stage|x86.Build.0 = Debug|Any CPU
		{6639D8C9-70A2-41A2-96B9-2CE38110DB19}.CommandMode|Any CPU.ActiveCfg = Debug|Any CPU
		{6639D8C9-70A2-41A2-96B9-2CE38110DB19}.CommandMode|Any CPU.Build.0 = Debug|Any CPU
		{6639D8C9-70A2-41A2-96B9-2CE38110DB19}.CommandMode|ARM.ActiveCfg = Debug|Any CPU
		{6639D8C9-70A2-41A2-96B9-2CE38110DB19}.CommandMode|ARM.Build.0 = Debug|Any CPU
		{6639D8C9-70A2-41A2-96B9-2CE38110DB19}.CommandMode|x64.ActiveCfg = Debug|Any CPU
		{6639D8C9-70A2-41A2-96B9-2CE38110DB19}.CommandMode|x64.Build.0 = Debug|Any CPU
		{6639D8C9-70A2-41A2-96B9-2CE38110DB19}.CommandMode|x86.ActiveCfg = Debug|Any CPU
		{6639D8C9-70A2-41A2-96B9-2CE38110DB19}.CommandMode|x86.Build.0 = Debug|Any CPU
		{6639D8C9-70A2-41A2-96B9-2CE38110DB19}.Debug|Any CPU.ActiveCfg = Debug|Any CPU
		{6639D8C9-70A2-41A2-96B9-2CE38110DB19}.Debug|Any CPU.Build.0 = Debug|Any CPU
		{6639D8C9-70A2-41A2-96B9-2CE38110DB19}.Debug|ARM.ActiveCfg = Debug|Any CPU
		{6639D8C9-70A2-41A2-96B9-2CE38110DB19}.Debug|ARM.Build.0 = Debug|Any CPU
		{6639D8C9-70A2-41A2-96B9-2CE38110DB19}.Debug|x64.ActiveCfg = Debug|Any CPU
		{6639D8C9-70A2-41A2-96B9-2CE38110DB19}.Debug|x64.Build.0 = Debug|Any CPU
		{6639D8C9-70A2-41A2-96B9-2CE38110DB19}.Debug|x86.ActiveCfg = Debug|Any CPU
		{6639D8C9-70A2-41A2-96B9-2CE38110DB19}.Debug|x86.Build.0 = Debug|Any CPU
		{6639D8C9-70A2-41A2-96B9-2CE38110DB19}.Integration|Any CPU.ActiveCfg = Debug|Any CPU
		{6639D8C9-70A2-41A2-96B9-2CE38110DB19}.Integration|Any CPU.Build.0 = Debug|Any CPU
		{6639D8C9-70A2-41A2-96B9-2CE38110DB19}.Integration|ARM.ActiveCfg = Debug|Any CPU
		{6639D8C9-70A2-41A2-96B9-2CE38110DB19}.Integration|ARM.Build.0 = Debug|Any CPU
		{6639D8C9-70A2-41A2-96B9-2CE38110DB19}.Integration|x64.ActiveCfg = Debug|Any CPU
		{6639D8C9-70A2-41A2-96B9-2CE38110DB19}.Integration|x64.Build.0 = Debug|Any CPU
		{6639D8C9-70A2-41A2-96B9-2CE38110DB19}.Integration|x86.ActiveCfg = Debug|Any CPU
		{6639D8C9-70A2-41A2-96B9-2CE38110DB19}.Integration|x86.Build.0 = Debug|Any CPU
		{6639D8C9-70A2-41A2-96B9-2CE38110DB19}.Live|Any CPU.ActiveCfg = Debug|Any CPU
		{6639D8C9-70A2-41A2-96B9-2CE38110DB19}.Live|Any CPU.Build.0 = Debug|Any CPU
		{6639D8C9-70A2-41A2-96B9-2CE38110DB19}.Live|ARM.ActiveCfg = Debug|Any CPU
		{6639D8C9-70A2-41A2-96B9-2CE38110DB19}.Live|ARM.Build.0 = Debug|Any CPU
		{6639D8C9-70A2-41A2-96B9-2CE38110DB19}.Live|x64.ActiveCfg = Debug|Any CPU
		{6639D8C9-70A2-41A2-96B9-2CE38110DB19}.Live|x64.Build.0 = Debug|Any CPU
		{6639D8C9-70A2-41A2-96B9-2CE38110DB19}.Live|x86.ActiveCfg = Debug|Any CPU
		{6639D8C9-70A2-41A2-96B9-2CE38110DB19}.Live|x86.Build.0 = Debug|Any CPU
		{6639D8C9-70A2-41A2-96B9-2CE38110DB19}.Release|Any CPU.ActiveCfg = Release|Any CPU
		{6639D8C9-70A2-41A2-96B9-2CE38110DB19}.Release|Any CPU.Build.0 = Release|Any CPU
		{6639D8C9-70A2-41A2-96B9-2CE38110DB19}.Release|ARM.ActiveCfg = Release|Any CPU
		{6639D8C9-70A2-41A2-96B9-2CE38110DB19}.Release|ARM.Build.0 = Release|Any CPU
		{6639D8C9-70A2-41A2-96B9-2CE38110DB19}.Release|x64.ActiveCfg = Release|Any CPU
		{6639D8C9-70A2-41A2-96B9-2CE38110DB19}.Release|x64.Build.0 = Release|Any CPU
		{6639D8C9-70A2-41A2-96B9-2CE38110DB19}.Release|x86.ActiveCfg = Release|Any CPU
		{6639D8C9-70A2-41A2-96B9-2CE38110DB19}.Release|x86.Build.0 = Release|Any CPU
		{6639D8C9-70A2-41A2-96B9-2CE38110DB19}.Stage|Any CPU.ActiveCfg = Debug|Any CPU
		{6639D8C9-70A2-41A2-96B9-2CE38110DB19}.Stage|Any CPU.Build.0 = Debug|Any CPU
		{6639D8C9-70A2-41A2-96B9-2CE38110DB19}.Stage|ARM.ActiveCfg = Debug|Any CPU
		{6639D8C9-70A2-41A2-96B9-2CE38110DB19}.Stage|ARM.Build.0 = Debug|Any CPU
		{6639D8C9-70A2-41A2-96B9-2CE38110DB19}.Stage|x64.ActiveCfg = Debug|Any CPU
		{6639D8C9-70A2-41A2-96B9-2CE38110DB19}.Stage|x64.Build.0 = Debug|Any CPU
		{6639D8C9-70A2-41A2-96B9-2CE38110DB19}.Stage|x86.ActiveCfg = Debug|Any CPU
		{6639D8C9-70A2-41A2-96B9-2CE38110DB19}.Stage|x86.Build.0 = Debug|Any CPU
		{4EB706E8-4323-4312-A754-1EEE286E66F8}.CommandMode|Any CPU.ActiveCfg = Debug|Any CPU
		{4EB706E8-4323-4312-A754-1EEE286E66F8}.CommandMode|Any CPU.Build.0 = Debug|Any CPU
		{4EB706E8-4323-4312-A754-1EEE286E66F8}.CommandMode|ARM.ActiveCfg = Debug|Any CPU
		{4EB706E8-4323-4312-A754-1EEE286E66F8}.CommandMode|ARM.Build.0 = Debug|Any CPU
		{4EB706E8-4323-4312-A754-1EEE286E66F8}.CommandMode|x64.ActiveCfg = Debug|Any CPU
		{4EB706E8-4323-4312-A754-1EEE286E66F8}.CommandMode|x64.Build.0 = Debug|Any CPU
		{4EB706E8-4323-4312-A754-1EEE286E66F8}.CommandMode|x86.ActiveCfg = Debug|Any CPU
		{4EB706E8-4323-4312-A754-1EEE286E66F8}.CommandMode|x86.Build.0 = Debug|Any CPU
		{4EB706E8-4323-4312-A754-1EEE286E66F8}.Debug|Any CPU.ActiveCfg = Debug|Any CPU
		{4EB706E8-4323-4312-A754-1EEE286E66F8}.Debug|Any CPU.Build.0 = Debug|Any CPU
		{4EB706E8-4323-4312-A754-1EEE286E66F8}.Debug|ARM.ActiveCfg = Debug|Any CPU
		{4EB706E8-4323-4312-A754-1EEE286E66F8}.Debug|ARM.Build.0 = Debug|Any CPU
		{4EB706E8-4323-4312-A754-1EEE286E66F8}.Debug|x64.ActiveCfg = Debug|Any CPU
		{4EB706E8-4323-4312-A754-1EEE286E66F8}.Debug|x64.Build.0 = Debug|Any CPU
		{4EB706E8-4323-4312-A754-1EEE286E66F8}.Debug|x86.ActiveCfg = Debug|Any CPU
		{4EB706E8-4323-4312-A754-1EEE286E66F8}.Debug|x86.Build.0 = Debug|Any CPU
		{4EB706E8-4323-4312-A754-1EEE286E66F8}.Integration|Any CPU.ActiveCfg = Debug|Any CPU
		{4EB706E8-4323-4312-A754-1EEE286E66F8}.Integration|Any CPU.Build.0 = Debug|Any CPU
		{4EB706E8-4323-4312-A754-1EEE286E66F8}.Integration|ARM.ActiveCfg = Debug|Any CPU
		{4EB706E8-4323-4312-A754-1EEE286E66F8}.Integration|ARM.Build.0 = Debug|Any CPU
		{4EB706E8-4323-4312-A754-1EEE286E66F8}.Integration|x64.ActiveCfg = Debug|Any CPU
		{4EB706E8-4323-4312-A754-1EEE286E66F8}.Integration|x64.Build.0 = Debug|Any CPU
		{4EB706E8-4323-4312-A754-1EEE286E66F8}.Integration|x86.ActiveCfg = Debug|Any CPU
		{4EB706E8-4323-4312-A754-1EEE286E66F8}.Integration|x86.Build.0 = Debug|Any CPU
		{4EB706E8-4323-4312-A754-1EEE286E66F8}.Live|Any CPU.ActiveCfg = Debug|Any CPU
		{4EB706E8-4323-4312-A754-1EEE286E66F8}.Live|Any CPU.Build.0 = Debug|Any CPU
		{4EB706E8-4323-4312-A754-1EEE286E66F8}.Live|ARM.ActiveCfg = Debug|Any CPU
		{4EB706E8-4323-4312-A754-1EEE286E66F8}.Live|ARM.Build.0 = Debug|Any CPU
		{4EB706E8-4323-4312-A754-1EEE286E66F8}.Live|x64.ActiveCfg = Debug|Any CPU
		{4EB706E8-4323-4312-A754-1EEE286E66F8}.Live|x64.Build.0 = Debug|Any CPU
		{4EB706E8-4323-4312-A754-1EEE286E66F8}.Live|x86.ActiveCfg = Debug|Any CPU
		{4EB706E8-4323-4312-A754-1EEE286E66F8}.Live|x86.Build.0 = Debug|Any CPU
		{4EB706E8-4323-4312-A754-1EEE286E66F8}.Release|Any CPU.ActiveCfg = Release|Any CPU
		{4EB706E8-4323-4312-A754-1EEE286E66F8}.Release|Any CPU.Build.0 = Release|Any CPU
		{4EB706E8-4323-4312-A754-1EEE286E66F8}.Release|ARM.ActiveCfg = Release|Any CPU
		{4EB706E8-4323-4312-A754-1EEE286E66F8}.Release|ARM.Build.0 = Release|Any CPU
		{4EB706E8-4323-4312-A754-1EEE286E66F8}.Release|x64.ActiveCfg = Release|Any CPU
		{4EB706E8-4323-4312-A754-1EEE286E66F8}.Release|x64.Build.0 = Release|Any CPU
		{4EB706E8-4323-4312-A754-1EEE286E66F8}.Release|x86.ActiveCfg = Release|Any CPU
		{4EB706E8-4323-4312-A754-1EEE286E66F8}.Release|x86.Build.0 = Release|Any CPU
		{4EB706E8-4323-4312-A754-1EEE286E66F8}.Stage|Any CPU.ActiveCfg = Debug|Any CPU
		{4EB706E8-4323-4312-A754-1EEE286E66F8}.Stage|Any CPU.Build.0 = Debug|Any CPU
		{4EB706E8-4323-4312-A754-1EEE286E66F8}.Stage|ARM.ActiveCfg = Debug|Any CPU
		{4EB706E8-4323-4312-A754-1EEE286E66F8}.Stage|ARM.Build.0 = Debug|Any CPU
		{4EB706E8-4323-4312-A754-1EEE286E66F8}.Stage|x64.ActiveCfg = Debug|Any CPU
		{4EB706E8-4323-4312-A754-1EEE286E66F8}.Stage|x64.Build.0 = Debug|Any CPU
		{4EB706E8-4323-4312-A754-1EEE286E66F8}.Stage|x86.ActiveCfg = Debug|Any CPU
		{4EB706E8-4323-4312-A754-1EEE286E66F8}.Stage|x86.Build.0 = Debug|Any CPU
		{A0128BD9-5F57-4DE6-AB96-C774B8A0F6ED}.CommandMode|Any CPU.ActiveCfg = Debug|Any CPU
		{A0128BD9-5F57-4DE6-AB96-C774B8A0F6ED}.CommandMode|Any CPU.Build.0 = Debug|Any CPU
		{A0128BD9-5F57-4DE6-AB96-C774B8A0F6ED}.CommandMode|ARM.ActiveCfg = Debug|Any CPU
		{A0128BD9-5F57-4DE6-AB96-C774B8A0F6ED}.CommandMode|ARM.Build.0 = Debug|Any CPU
		{A0128BD9-5F57-4DE6-AB96-C774B8A0F6ED}.CommandMode|x64.ActiveCfg = Debug|Any CPU
		{A0128BD9-5F57-4DE6-AB96-C774B8A0F6ED}.CommandMode|x64.Build.0 = Debug|Any CPU
		{A0128BD9-5F57-4DE6-AB96-C774B8A0F6ED}.CommandMode|x86.ActiveCfg = Debug|Any CPU
		{A0128BD9-5F57-4DE6-AB96-C774B8A0F6ED}.CommandMode|x86.Build.0 = Debug|Any CPU
		{A0128BD9-5F57-4DE6-AB96-C774B8A0F6ED}.Debug|Any CPU.ActiveCfg = Debug|Any CPU
		{A0128BD9-5F57-4DE6-AB96-C774B8A0F6ED}.Debug|Any CPU.Build.0 = Debug|Any CPU
		{A0128BD9-5F57-4DE6-AB96-C774B8A0F6ED}.Debug|ARM.ActiveCfg = Debug|Any CPU
		{A0128BD9-5F57-4DE6-AB96-C774B8A0F6ED}.Debug|ARM.Build.0 = Debug|Any CPU
		{A0128BD9-5F57-4DE6-AB96-C774B8A0F6ED}.Debug|x64.ActiveCfg = Debug|Any CPU
		{A0128BD9-5F57-4DE6-AB96-C774B8A0F6ED}.Debug|x64.Build.0 = Debug|Any CPU
		{A0128BD9-5F57-4DE6-AB96-C774B8A0F6ED}.Debug|x86.ActiveCfg = Debug|Any CPU
		{A0128BD9-5F57-4DE6-AB96-C774B8A0F6ED}.Debug|x86.Build.0 = Debug|Any CPU
		{A0128BD9-5F57-4DE6-AB96-C774B8A0F6ED}.Integration|Any CPU.ActiveCfg = Debug|Any CPU
		{A0128BD9-5F57-4DE6-AB96-C774B8A0F6ED}.Integration|Any CPU.Build.0 = Debug|Any CPU
		{A0128BD9-5F57-4DE6-AB96-C774B8A0F6ED}.Integration|ARM.ActiveCfg = Debug|Any CPU
		{A0128BD9-5F57-4DE6-AB96-C774B8A0F6ED}.Integration|ARM.Build.0 = Debug|Any CPU
		{A0128BD9-5F57-4DE6-AB96-C774B8A0F6ED}.Integration|x64.ActiveCfg = Debug|Any CPU
		{A0128BD9-5F57-4DE6-AB96-C774B8A0F6ED}.Integration|x64.Build.0 = Debug|Any CPU
		{A0128BD9-5F57-4DE6-AB96-C774B8A0F6ED}.Integration|x86.ActiveCfg = Debug|Any CPU
		{A0128BD9-5F57-4DE6-AB96-C774B8A0F6ED}.Integration|x86.Build.0 = Debug|Any CPU
		{A0128BD9-5F57-4DE6-AB96-C774B8A0F6ED}.Live|Any CPU.ActiveCfg = Debug|Any CPU
		{A0128BD9-5F57-4DE6-AB96-C774B8A0F6ED}.Live|Any CPU.Build.0 = Debug|Any CPU
		{A0128BD9-5F57-4DE6-AB96-C774B8A0F6ED}.Live|ARM.ActiveCfg = Debug|Any CPU
		{A0128BD9-5F57-4DE6-AB96-C774B8A0F6ED}.Live|ARM.Build.0 = Debug|Any CPU
		{A0128BD9-5F57-4DE6-AB96-C774B8A0F6ED}.Live|x64.ActiveCfg = Debug|Any CPU
		{A0128BD9-5F57-4DE6-AB96-C774B8A0F6ED}.Live|x64.Build.0 = Debug|Any CPU
		{A0128BD9-5F57-4DE6-AB96-C774B8A0F6ED}.Live|x86.ActiveCfg = Debug|Any CPU
		{A0128BD9-5F57-4DE6-AB96-C774B8A0F6ED}.Live|x86.Build.0 = Debug|Any CPU
		{A0128BD9-5F57-4DE6-AB96-C774B8A0F6ED}.Release|Any CPU.ActiveCfg = Release|Any CPU
		{A0128BD9-5F57-4DE6-AB96-C774B8A0F6ED}.Release|Any CPU.Build.0 = Release|Any CPU
		{A0128BD9-5F57-4DE6-AB96-C774B8A0F6ED}.Release|ARM.ActiveCfg = Release|Any CPU
		{A0128BD9-5F57-4DE6-AB96-C774B8A0F6ED}.Release|ARM.Build.0 = Release|Any CPU
		{A0128BD9-5F57-4DE6-AB96-C774B8A0F6ED}.Release|x64.ActiveCfg = Release|Any CPU
		{A0128BD9-5F57-4DE6-AB96-C774B8A0F6ED}.Release|x64.Build.0 = Release|Any CPU
		{A0128BD9-5F57-4DE6-AB96-C774B8A0F6ED}.Release|x86.ActiveCfg = Release|Any CPU
		{A0128BD9-5F57-4DE6-AB96-C774B8A0F6ED}.Release|x86.Build.0 = Release|Any CPU
		{A0128BD9-5F57-4DE6-AB96-C774B8A0F6ED}.Stage|Any CPU.ActiveCfg = Debug|Any CPU
		{A0128BD9-5F57-4DE6-AB96-C774B8A0F6ED}.Stage|Any CPU.Build.0 = Debug|Any CPU
		{A0128BD9-5F57-4DE6-AB96-C774B8A0F6ED}.Stage|ARM.ActiveCfg = Debug|Any CPU
		{A0128BD9-5F57-4DE6-AB96-C774B8A0F6ED}.Stage|ARM.Build.0 = Debug|Any CPU
		{A0128BD9-5F57-4DE6-AB96-C774B8A0F6ED}.Stage|x64.ActiveCfg = Debug|Any CPU
		{A0128BD9-5F57-4DE6-AB96-C774B8A0F6ED}.Stage|x64.Build.0 = Debug|Any CPU
		{A0128BD9-5F57-4DE6-AB96-C774B8A0F6ED}.Stage|x86.ActiveCfg = Debug|Any CPU
		{A0128BD9-5F57-4DE6-AB96-C774B8A0F6ED}.Stage|x86.Build.0 = Debug|Any CPU
		{2AAC5C38-D110-4441-B323-AE06C0E3C56B}.CommandMode|Any CPU.ActiveCfg = Debug|Any CPU
		{2AAC5C38-D110-4441-B323-AE06C0E3C56B}.CommandMode|Any CPU.Build.0 = Debug|Any CPU
		{2AAC5C38-D110-4441-B323-AE06C0E3C56B}.CommandMode|ARM.ActiveCfg = Debug|Any CPU
		{2AAC5C38-D110-4441-B323-AE06C0E3C56B}.CommandMode|ARM.Build.0 = Debug|Any CPU
		{2AAC5C38-D110-4441-B323-AE06C0E3C56B}.CommandMode|x64.ActiveCfg = Debug|Any CPU
		{2AAC5C38-D110-4441-B323-AE06C0E3C56B}.CommandMode|x64.Build.0 = Debug|Any CPU
		{2AAC5C38-D110-4441-B323-AE06C0E3C56B}.CommandMode|x86.ActiveCfg = Debug|Any CPU
		{2AAC5C38-D110-4441-B323-AE06C0E3C56B}.CommandMode|x86.Build.0 = Debug|Any CPU
		{2AAC5C38-D110-4441-B323-AE06C0E3C56B}.Debug|Any CPU.ActiveCfg = Debug|Any CPU
		{2AAC5C38-D110-4441-B323-AE06C0E3C56B}.Debug|Any CPU.Build.0 = Debug|Any CPU
		{2AAC5C38-D110-4441-B323-AE06C0E3C56B}.Debug|ARM.ActiveCfg = Debug|Any CPU
		{2AAC5C38-D110-4441-B323-AE06C0E3C56B}.Debug|ARM.Build.0 = Debug|Any CPU
		{2AAC5C38-D110-4441-B323-AE06C0E3C56B}.Debug|x64.ActiveCfg = Debug|Any CPU
		{2AAC5C38-D110-4441-B323-AE06C0E3C56B}.Debug|x64.Build.0 = Debug|Any CPU
		{2AAC5C38-D110-4441-B323-AE06C0E3C56B}.Debug|x86.ActiveCfg = Debug|Any CPU
		{2AAC5C38-D110-4441-B323-AE06C0E3C56B}.Debug|x86.Build.0 = Debug|Any CPU
		{2AAC5C38-D110-4441-B323-AE06C0E3C56B}.Integration|Any CPU.ActiveCfg = Debug|Any CPU
		{2AAC5C38-D110-4441-B323-AE06C0E3C56B}.Integration|Any CPU.Build.0 = Debug|Any CPU
		{2AAC5C38-D110-4441-B323-AE06C0E3C56B}.Integration|ARM.ActiveCfg = Debug|Any CPU
		{2AAC5C38-D110-4441-B323-AE06C0E3C56B}.Integration|ARM.Build.0 = Debug|Any CPU
		{2AAC5C38-D110-4441-B323-AE06C0E3C56B}.Integration|x64.ActiveCfg = Debug|Any CPU
		{2AAC5C38-D110-4441-B323-AE06C0E3C56B}.Integration|x64.Build.0 = Debug|Any CPU
		{2AAC5C38-D110-4441-B323-AE06C0E3C56B}.Integration|x86.ActiveCfg = Debug|Any CPU
		{2AAC5C38-D110-4441-B323-AE06C0E3C56B}.Integration|x86.Build.0 = Debug|Any CPU
		{2AAC5C38-D110-4441-B323-AE06C0E3C56B}.Live|Any CPU.ActiveCfg = Debug|Any CPU
		{2AAC5C38-D110-4441-B323-AE06C0E3C56B}.Live|Any CPU.Build.0 = Debug|Any CPU
		{2AAC5C38-D110-4441-B323-AE06C0E3C56B}.Live|ARM.ActiveCfg = Debug|Any CPU
		{2AAC5C38-D110-4441-B323-AE06C0E3C56B}.Live|ARM.Build.0 = Debug|Any CPU
		{2AAC5C38-D110-4441-B323-AE06C0E3C56B}.Live|x64.ActiveCfg = Debug|Any CPU
		{2AAC5C38-D110-4441-B323-AE06C0E3C56B}.Live|x64.Build.0 = Debug|Any CPU
		{2AAC5C38-D110-4441-B323-AE06C0E3C56B}.Live|x86.ActiveCfg = Debug|Any CPU
		{2AAC5C38-D110-4441-B323-AE06C0E3C56B}.Live|x86.Build.0 = Debug|Any CPU
		{2AAC5C38-D110-4441-B323-AE06C0E3C56B}.Release|Any CPU.ActiveCfg = Release|Any CPU
		{2AAC5C38-D110-4441-B323-AE06C0E3C56B}.Release|Any CPU.Build.0 = Release|Any CPU
		{2AAC5C38-D110-4441-B323-AE06C0E3C56B}.Release|ARM.ActiveCfg = Release|Any CPU
		{2AAC5C38-D110-4441-B323-AE06C0E3C56B}.Release|ARM.Build.0 = Release|Any CPU
		{2AAC5C38-D110-4441-B323-AE06C0E3C56B}.Release|x64.ActiveCfg = Release|Any CPU
		{2AAC5C38-D110-4441-B323-AE06C0E3C56B}.Release|x64.Build.0 = Release|Any CPU
		{2AAC5C38-D110-4441-B323-AE06C0E3C56B}.Release|x86.ActiveCfg = Release|Any CPU
		{2AAC5C38-D110-4441-B323-AE06C0E3C56B}.Release|x86.Build.0 = Release|Any CPU
		{2AAC5C38-D110-4441-B323-AE06C0E3C56B}.Stage|Any CPU.ActiveCfg = Debug|Any CPU
		{2AAC5C38-D110-4441-B323-AE06C0E3C56B}.Stage|Any CPU.Build.0 = Debug|Any CPU
		{2AAC5C38-D110-4441-B323-AE06C0E3C56B}.Stage|ARM.ActiveCfg = Debug|Any CPU
		{2AAC5C38-D110-4441-B323-AE06C0E3C56B}.Stage|ARM.Build.0 = Debug|Any CPU
		{2AAC5C38-D110-4441-B323-AE06C0E3C56B}.Stage|x64.ActiveCfg = Debug|Any CPU
		{2AAC5C38-D110-4441-B323-AE06C0E3C56B}.Stage|x64.Build.0 = Debug|Any CPU
		{2AAC5C38-D110-4441-B323-AE06C0E3C56B}.Stage|x86.ActiveCfg = Debug|Any CPU
		{2AAC5C38-D110-4441-B323-AE06C0E3C56B}.Stage|x86.Build.0 = Debug|Any CPU
		{FCF64D0B-36D3-4F2E-AD42-0DE348EA1D89}.CommandMode|Any CPU.ActiveCfg = Debug|Any CPU
		{FCF64D0B-36D3-4F2E-AD42-0DE348EA1D89}.CommandMode|Any CPU.Build.0 = Debug|Any CPU
		{FCF64D0B-36D3-4F2E-AD42-0DE348EA1D89}.CommandMode|ARM.ActiveCfg = Debug|Any CPU
		{FCF64D0B-36D3-4F2E-AD42-0DE348EA1D89}.CommandMode|ARM.Build.0 = Debug|Any CPU
		{FCF64D0B-36D3-4F2E-AD42-0DE348EA1D89}.CommandMode|x64.ActiveCfg = Debug|Any CPU
		{FCF64D0B-36D3-4F2E-AD42-0DE348EA1D89}.CommandMode|x64.Build.0 = Debug|Any CPU
		{FCF64D0B-36D3-4F2E-AD42-0DE348EA1D89}.CommandMode|x86.ActiveCfg = Debug|Any CPU
		{FCF64D0B-36D3-4F2E-AD42-0DE348EA1D89}.CommandMode|x86.Build.0 = Debug|Any CPU
		{FCF64D0B-36D3-4F2E-AD42-0DE348EA1D89}.Debug|Any CPU.ActiveCfg = Debug|Any CPU
		{FCF64D0B-36D3-4F2E-AD42-0DE348EA1D89}.Debug|Any CPU.Build.0 = Debug|Any CPU
		{FCF64D0B-36D3-4F2E-AD42-0DE348EA1D89}.Debug|ARM.ActiveCfg = Debug|Any CPU
		{FCF64D0B-36D3-4F2E-AD42-0DE348EA1D89}.Debug|ARM.Build.0 = Debug|Any CPU
		{FCF64D0B-36D3-4F2E-AD42-0DE348EA1D89}.Debug|x64.ActiveCfg = Debug|Any CPU
		{FCF64D0B-36D3-4F2E-AD42-0DE348EA1D89}.Debug|x64.Build.0 = Debug|Any CPU
		{FCF64D0B-36D3-4F2E-AD42-0DE348EA1D89}.Debug|x86.ActiveCfg = Debug|Any CPU
		{FCF64D0B-36D3-4F2E-AD42-0DE348EA1D89}.Debug|x86.Build.0 = Debug|Any CPU
		{FCF64D0B-36D3-4F2E-AD42-0DE348EA1D89}.Integration|Any CPU.ActiveCfg = Debug|Any CPU
		{FCF64D0B-36D3-4F2E-AD42-0DE348EA1D89}.Integration|Any CPU.Build.0 = Debug|Any CPU
		{FCF64D0B-36D3-4F2E-AD42-0DE348EA1D89}.Integration|ARM.ActiveCfg = Debug|Any CPU
		{FCF64D0B-36D3-4F2E-AD42-0DE348EA1D89}.Integration|ARM.Build.0 = Debug|Any CPU
		{FCF64D0B-36D3-4F2E-AD42-0DE348EA1D89}.Integration|x64.ActiveCfg = Debug|Any CPU
		{FCF64D0B-36D3-4F2E-AD42-0DE348EA1D89}.Integration|x64.Build.0 = Debug|Any CPU
		{FCF64D0B-36D3-4F2E-AD42-0DE348EA1D89}.Integration|x86.ActiveCfg = Debug|Any CPU
		{FCF64D0B-36D3-4F2E-AD42-0DE348EA1D89}.Integration|x86.Build.0 = Debug|Any CPU
		{FCF64D0B-36D3-4F2E-AD42-0DE348EA1D89}.Live|Any CPU.ActiveCfg = Debug|Any CPU
		{FCF64D0B-36D3-4F2E-AD42-0DE348EA1D89}.Live|Any CPU.Build.0 = Debug|Any CPU
		{FCF64D0B-36D3-4F2E-AD42-0DE348EA1D89}.Live|ARM.ActiveCfg = Debug|Any CPU
		{FCF64D0B-36D3-4F2E-AD42-0DE348EA1D89}.Live|ARM.Build.0 = Debug|Any CPU
		{FCF64D0B-36D3-4F2E-AD42-0DE348EA1D89}.Live|x64.ActiveCfg = Debug|Any CPU
		{FCF64D0B-36D3-4F2E-AD42-0DE348EA1D89}.Live|x64.Build.0 = Debug|Any CPU
		{FCF64D0B-36D3-4F2E-AD42-0DE348EA1D89}.Live|x86.ActiveCfg = Debug|Any CPU
		{FCF64D0B-36D3-4F2E-AD42-0DE348EA1D89}.Live|x86.Build.0 = Debug|Any CPU
		{FCF64D0B-36D3-4F2E-AD42-0DE348EA1D89}.Release|Any CPU.ActiveCfg = Release|Any CPU
		{FCF64D0B-36D3-4F2E-AD42-0DE348EA1D89}.Release|Any CPU.Build.0 = Release|Any CPU
		{FCF64D0B-36D3-4F2E-AD42-0DE348EA1D89}.Release|ARM.ActiveCfg = Release|Any CPU
		{FCF64D0B-36D3-4F2E-AD42-0DE348EA1D89}.Release|ARM.Build.0 = Release|Any CPU
		{FCF64D0B-36D3-4F2E-AD42-0DE348EA1D89}.Release|x64.ActiveCfg = Release|Any CPU
		{FCF64D0B-36D3-4F2E-AD42-0DE348EA1D89}.Release|x64.Build.0 = Release|Any CPU
		{FCF64D0B-36D3-4F2E-AD42-0DE348EA1D89}.Release|x86.ActiveCfg = Release|Any CPU
		{FCF64D0B-36D3-4F2E-AD42-0DE348EA1D89}.Release|x86.Build.0 = Release|Any CPU
		{FCF64D0B-36D3-4F2E-AD42-0DE348EA1D89}.Stage|Any CPU.ActiveCfg = Debug|Any CPU
		{FCF64D0B-36D3-4F2E-AD42-0DE348EA1D89}.Stage|Any CPU.Build.0 = Debug|Any CPU
		{FCF64D0B-36D3-4F2E-AD42-0DE348EA1D89}.Stage|ARM.ActiveCfg = Debug|Any CPU
		{FCF64D0B-36D3-4F2E-AD42-0DE348EA1D89}.Stage|ARM.Build.0 = Debug|Any CPU
		{FCF64D0B-36D3-4F2E-AD42-0DE348EA1D89}.Stage|x64.ActiveCfg = Debug|Any CPU
		{FCF64D0B-36D3-4F2E-AD42-0DE348EA1D89}.Stage|x64.Build.0 = Debug|Any CPU
		{FCF64D0B-36D3-4F2E-AD42-0DE348EA1D89}.Stage|x86.ActiveCfg = Debug|Any CPU
		{FCF64D0B-36D3-4F2E-AD42-0DE348EA1D89}.Stage|x86.Build.0 = Debug|Any CPU
		{D4635A35-8B7A-4E3C-B749-AF3752C1C426}.CommandMode|Any CPU.ActiveCfg = Debug|Any CPU
		{D4635A35-8B7A-4E3C-B749-AF3752C1C426}.CommandMode|Any CPU.Build.0 = Debug|Any CPU
		{D4635A35-8B7A-4E3C-B749-AF3752C1C426}.CommandMode|ARM.ActiveCfg = Debug|Any CPU
		{D4635A35-8B7A-4E3C-B749-AF3752C1C426}.CommandMode|ARM.Build.0 = Debug|Any CPU
		{D4635A35-8B7A-4E3C-B749-AF3752C1C426}.CommandMode|x64.ActiveCfg = Debug|Any CPU
		{D4635A35-8B7A-4E3C-B749-AF3752C1C426}.CommandMode|x64.Build.0 = Debug|Any CPU
		{D4635A35-8B7A-4E3C-B749-AF3752C1C426}.CommandMode|x86.ActiveCfg = Debug|Any CPU
		{D4635A35-8B7A-4E3C-B749-AF3752C1C426}.CommandMode|x86.Build.0 = Debug|Any CPU
		{D4635A35-8B7A-4E3C-B749-AF3752C1C426}.Debug|Any CPU.ActiveCfg = Debug|Any CPU
		{D4635A35-8B7A-4E3C-B749-AF3752C1C426}.Debug|Any CPU.Build.0 = Debug|Any CPU
		{D4635A35-8B7A-4E3C-B749-AF3752C1C426}.Debug|ARM.ActiveCfg = Debug|Any CPU
		{D4635A35-8B7A-4E3C-B749-AF3752C1C426}.Debug|ARM.Build.0 = Debug|Any CPU
		{D4635A35-8B7A-4E3C-B749-AF3752C1C426}.Debug|x64.ActiveCfg = Debug|Any CPU
		{D4635A35-8B7A-4E3C-B749-AF3752C1C426}.Debug|x64.Build.0 = Debug|Any CPU
		{D4635A35-8B7A-4E3C-B749-AF3752C1C426}.Debug|x86.ActiveCfg = Debug|Any CPU
		{D4635A35-8B7A-4E3C-B749-AF3752C1C426}.Debug|x86.Build.0 = Debug|Any CPU
		{D4635A35-8B7A-4E3C-B749-AF3752C1C426}.Integration|Any CPU.ActiveCfg = Debug|Any CPU
		{D4635A35-8B7A-4E3C-B749-AF3752C1C426}.Integration|Any CPU.Build.0 = Debug|Any CPU
		{D4635A35-8B7A-4E3C-B749-AF3752C1C426}.Integration|ARM.ActiveCfg = Debug|Any CPU
		{D4635A35-8B7A-4E3C-B749-AF3752C1C426}.Integration|ARM.Build.0 = Debug|Any CPU
		{D4635A35-8B7A-4E3C-B749-AF3752C1C426}.Integration|x64.ActiveCfg = Debug|Any CPU
		{D4635A35-8B7A-4E3C-B749-AF3752C1C426}.Integration|x64.Build.0 = Debug|Any CPU
		{D4635A35-8B7A-4E3C-B749-AF3752C1C426}.Integration|x86.ActiveCfg = Debug|Any CPU
		{D4635A35-8B7A-4E3C-B749-AF3752C1C426}.Integration|x86.Build.0 = Debug|Any CPU
		{D4635A35-8B7A-4E3C-B749-AF3752C1C426}.Live|Any CPU.ActiveCfg = Debug|Any CPU
		{D4635A35-8B7A-4E3C-B749-AF3752C1C426}.Live|Any CPU.Build.0 = Debug|Any CPU
		{D4635A35-8B7A-4E3C-B749-AF3752C1C426}.Live|ARM.ActiveCfg = Debug|Any CPU
		{D4635A35-8B7A-4E3C-B749-AF3752C1C426}.Live|ARM.Build.0 = Debug|Any CPU
		{D4635A35-8B7A-4E3C-B749-AF3752C1C426}.Live|x64.ActiveCfg = Debug|Any CPU
		{D4635A35-8B7A-4E3C-B749-AF3752C1C426}.Live|x64.Build.0 = Debug|Any CPU
		{D4635A35-8B7A-4E3C-B749-AF3752C1C426}.Live|x86.ActiveCfg = Debug|Any CPU
		{D4635A35-8B7A-4E3C-B749-AF3752C1C426}.Live|x86.Build.0 = Debug|Any CPU
		{D4635A35-8B7A-4E3C-B749-AF3752C1C426}.Release|Any CPU.ActiveCfg = Release|Any CPU
		{D4635A35-8B7A-4E3C-B749-AF3752C1C426}.Release|Any CPU.Build.0 = Release|Any CPU
		{D4635A35-8B7A-4E3C-B749-AF3752C1C426}.Release|ARM.ActiveCfg = Release|Any CPU
		{D4635A35-8B7A-4E3C-B749-AF3752C1C426}.Release|ARM.Build.0 = Release|Any CPU
		{D4635A35-8B7A-4E3C-B749-AF3752C1C426}.Release|x64.ActiveCfg = Release|Any CPU
		{D4635A35-8B7A-4E3C-B749-AF3752C1C426}.Release|x64.Build.0 = Release|Any CPU
		{D4635A35-8B7A-4E3C-B749-AF3752C1C426}.Release|x86.ActiveCfg = Release|Any CPU
		{D4635A35-8B7A-4E3C-B749-AF3752C1C426}.Release|x86.Build.0 = Release|Any CPU
		{D4635A35-8B7A-4E3C-B749-AF3752C1C426}.Stage|Any CPU.ActiveCfg = Debug|Any CPU
		{D4635A35-8B7A-4E3C-B749-AF3752C1C426}.Stage|Any CPU.Build.0 = Debug|Any CPU
		{D4635A35-8B7A-4E3C-B749-AF3752C1C426}.Stage|ARM.ActiveCfg = Debug|Any CPU
		{D4635A35-8B7A-4E3C-B749-AF3752C1C426}.Stage|ARM.Build.0 = Debug|Any CPU
		{D4635A35-8B7A-4E3C-B749-AF3752C1C426}.Stage|x64.ActiveCfg = Debug|Any CPU
		{D4635A35-8B7A-4E3C-B749-AF3752C1C426}.Stage|x64.Build.0 = Debug|Any CPU
		{D4635A35-8B7A-4E3C-B749-AF3752C1C426}.Stage|x86.ActiveCfg = Debug|Any CPU
		{D4635A35-8B7A-4E3C-B749-AF3752C1C426}.Stage|x86.Build.0 = Debug|Any CPU
		{E9EB3E45-75D5-4387-A8F9-3968925F9629}.CommandMode|Any CPU.ActiveCfg = Debug|Any CPU
		{E9EB3E45-75D5-4387-A8F9-3968925F9629}.CommandMode|Any CPU.Build.0 = Debug|Any CPU
		{E9EB3E45-75D5-4387-A8F9-3968925F9629}.CommandMode|ARM.ActiveCfg = Debug|Any CPU
		{E9EB3E45-75D5-4387-A8F9-3968925F9629}.CommandMode|ARM.Build.0 = Debug|Any CPU
		{E9EB3E45-75D5-4387-A8F9-3968925F9629}.CommandMode|x64.ActiveCfg = Debug|Any CPU
		{E9EB3E45-75D5-4387-A8F9-3968925F9629}.CommandMode|x64.Build.0 = Debug|Any CPU
		{E9EB3E45-75D5-4387-A8F9-3968925F9629}.CommandMode|x86.ActiveCfg = Debug|Any CPU
		{E9EB3E45-75D5-4387-A8F9-3968925F9629}.CommandMode|x86.Build.0 = Debug|Any CPU
		{E9EB3E45-75D5-4387-A8F9-3968925F9629}.Debug|Any CPU.ActiveCfg = Debug|Any CPU
		{E9EB3E45-75D5-4387-A8F9-3968925F9629}.Debug|Any CPU.Build.0 = Debug|Any CPU
		{E9EB3E45-75D5-4387-A8F9-3968925F9629}.Debug|ARM.ActiveCfg = Debug|Any CPU
		{E9EB3E45-75D5-4387-A8F9-3968925F9629}.Debug|ARM.Build.0 = Debug|Any CPU
		{E9EB3E45-75D5-4387-A8F9-3968925F9629}.Debug|x64.ActiveCfg = Debug|Any CPU
		{E9EB3E45-75D5-4387-A8F9-3968925F9629}.Debug|x64.Build.0 = Debug|Any CPU
		{E9EB3E45-75D5-4387-A8F9-3968925F9629}.Debug|x86.ActiveCfg = Debug|Any CPU
		{E9EB3E45-75D5-4387-A8F9-3968925F9629}.Debug|x86.Build.0 = Debug|Any CPU
		{E9EB3E45-75D5-4387-A8F9-3968925F9629}.Integration|Any CPU.ActiveCfg = Debug|Any CPU
		{E9EB3E45-75D5-4387-A8F9-3968925F9629}.Integration|Any CPU.Build.0 = Debug|Any CPU
		{E9EB3E45-75D5-4387-A8F9-3968925F9629}.Integration|ARM.ActiveCfg = Debug|Any CPU
		{E9EB3E45-75D5-4387-A8F9-3968925F9629}.Integration|ARM.Build.0 = Debug|Any CPU
		{E9EB3E45-75D5-4387-A8F9-3968925F9629}.Integration|x64.ActiveCfg = Debug|Any CPU
		{E9EB3E45-75D5-4387-A8F9-3968925F9629}.Integration|x64.Build.0 = Debug|Any CPU
		{E9EB3E45-75D5-4387-A8F9-3968925F9629}.Integration|x86.ActiveCfg = Debug|Any CPU
		{E9EB3E45-75D5-4387-A8F9-3968925F9629}.Integration|x86.Build.0 = Debug|Any CPU
		{E9EB3E45-75D5-4387-A8F9-3968925F9629}.Live|Any CPU.ActiveCfg = Debug|Any CPU
		{E9EB3E45-75D5-4387-A8F9-3968925F9629}.Live|Any CPU.Build.0 = Debug|Any CPU
		{E9EB3E45-75D5-4387-A8F9-3968925F9629}.Live|ARM.ActiveCfg = Debug|Any CPU
		{E9EB3E45-75D5-4387-A8F9-3968925F9629}.Live|ARM.Build.0 = Debug|Any CPU
		{E9EB3E45-75D5-4387-A8F9-3968925F9629}.Live|x64.ActiveCfg = Debug|Any CPU
		{E9EB3E45-75D5-4387-A8F9-3968925F9629}.Live|x64.Build.0 = Debug|Any CPU
		{E9EB3E45-75D5-4387-A8F9-3968925F9629}.Live|x86.ActiveCfg = Debug|Any CPU
		{E9EB3E45-75D5-4387-A8F9-3968925F9629}.Live|x86.Build.0 = Debug|Any CPU
		{E9EB3E45-75D5-4387-A8F9-3968925F9629}.Release|Any CPU.ActiveCfg = Release|Any CPU
		{E9EB3E45-75D5-4387-A8F9-3968925F9629}.Release|Any CPU.Build.0 = Release|Any CPU
		{E9EB3E45-75D5-4387-A8F9-3968925F9629}.Release|ARM.ActiveCfg = Release|Any CPU
		{E9EB3E45-75D5-4387-A8F9-3968925F9629}.Release|ARM.Build.0 = Release|Any CPU
		{E9EB3E45-75D5-4387-A8F9-3968925F9629}.Release|x64.ActiveCfg = Release|Any CPU
		{E9EB3E45-75D5-4387-A8F9-3968925F9629}.Release|x64.Build.0 = Release|Any CPU
		{E9EB3E45-75D5-4387-A8F9-3968925F9629}.Release|x86.ActiveCfg = Release|Any CPU
		{E9EB3E45-75D5-4387-A8F9-3968925F9629}.Release|x86.Build.0 = Release|Any CPU
		{E9EB3E45-75D5-4387-A8F9-3968925F9629}.Stage|Any CPU.ActiveCfg = Debug|Any CPU
		{E9EB3E45-75D5-4387-A8F9-3968925F9629}.Stage|Any CPU.Build.0 = Debug|Any CPU
		{E9EB3E45-75D5-4387-A8F9-3968925F9629}.Stage|ARM.ActiveCfg = Debug|Any CPU
		{E9EB3E45-75D5-4387-A8F9-3968925F9629}.Stage|ARM.Build.0 = Debug|Any CPU
		{E9EB3E45-75D5-4387-A8F9-3968925F9629}.Stage|x64.ActiveCfg = Debug|Any CPU
		{E9EB3E45-75D5-4387-A8F9-3968925F9629}.Stage|x64.Build.0 = Debug|Any CPU
		{E9EB3E45-75D5-4387-A8F9-3968925F9629}.Stage|x86.ActiveCfg = Debug|Any CPU
		{E9EB3E45-75D5-4387-A8F9-3968925F9629}.Stage|x86.Build.0 = Debug|Any CPU
		{E3EB98C6-34A4-49A9-B456-B0C5D44FE186}.CommandMode|Any CPU.ActiveCfg = Debug|Any CPU
		{E3EB98C6-34A4-49A9-B456-B0C5D44FE186}.CommandMode|Any CPU.Build.0 = Debug|Any CPU
		{E3EB98C6-34A4-49A9-B456-B0C5D44FE186}.CommandMode|ARM.ActiveCfg = Debug|Any CPU
		{E3EB98C6-34A4-49A9-B456-B0C5D44FE186}.CommandMode|ARM.Build.0 = Debug|Any CPU
		{E3EB98C6-34A4-49A9-B456-B0C5D44FE186}.CommandMode|x64.ActiveCfg = Debug|Any CPU
		{E3EB98C6-34A4-49A9-B456-B0C5D44FE186}.CommandMode|x64.Build.0 = Debug|Any CPU
		{E3EB98C6-34A4-49A9-B456-B0C5D44FE186}.CommandMode|x86.ActiveCfg = Debug|Any CPU
		{E3EB98C6-34A4-49A9-B456-B0C5D44FE186}.CommandMode|x86.Build.0 = Debug|Any CPU
		{E3EB98C6-34A4-49A9-B456-B0C5D44FE186}.Debug|Any CPU.ActiveCfg = Debug|Any CPU
		{E3EB98C6-34A4-49A9-B456-B0C5D44FE186}.Debug|Any CPU.Build.0 = Debug|Any CPU
		{E3EB98C6-34A4-49A9-B456-B0C5D44FE186}.Debug|ARM.ActiveCfg = Debug|Any CPU
		{E3EB98C6-34A4-49A9-B456-B0C5D44FE186}.Debug|ARM.Build.0 = Debug|Any CPU
		{E3EB98C6-34A4-49A9-B456-B0C5D44FE186}.Debug|x64.ActiveCfg = Debug|Any CPU
		{E3EB98C6-34A4-49A9-B456-B0C5D44FE186}.Debug|x64.Build.0 = Debug|Any CPU
		{E3EB98C6-34A4-49A9-B456-B0C5D44FE186}.Debug|x86.ActiveCfg = Debug|Any CPU
		{E3EB98C6-34A4-49A9-B456-B0C5D44FE186}.Debug|x86.Build.0 = Debug|Any CPU
		{E3EB98C6-34A4-49A9-B456-B0C5D44FE186}.Integration|Any CPU.ActiveCfg = Debug|Any CPU
		{E3EB98C6-34A4-49A9-B456-B0C5D44FE186}.Integration|Any CPU.Build.0 = Debug|Any CPU
		{E3EB98C6-34A4-49A9-B456-B0C5D44FE186}.Integration|ARM.ActiveCfg = Debug|Any CPU
		{E3EB98C6-34A4-49A9-B456-B0C5D44FE186}.Integration|ARM.Build.0 = Debug|Any CPU
		{E3EB98C6-34A4-49A9-B456-B0C5D44FE186}.Integration|x64.ActiveCfg = Debug|Any CPU
		{E3EB98C6-34A4-49A9-B456-B0C5D44FE186}.Integration|x64.Build.0 = Debug|Any CPU
		{E3EB98C6-34A4-49A9-B456-B0C5D44FE186}.Integration|x86.ActiveCfg = Debug|Any CPU
		{E3EB98C6-34A4-49A9-B456-B0C5D44FE186}.Integration|x86.Build.0 = Debug|Any CPU
		{E3EB98C6-34A4-49A9-B456-B0C5D44FE186}.Live|Any CPU.ActiveCfg = Debug|Any CPU
		{E3EB98C6-34A4-49A9-B456-B0C5D44FE186}.Live|Any CPU.Build.0 = Debug|Any CPU
		{E3EB98C6-34A4-49A9-B456-B0C5D44FE186}.Live|ARM.ActiveCfg = Debug|Any CPU
		{E3EB98C6-34A4-49A9-B456-B0C5D44FE186}.Live|ARM.Build.0 = Debug|Any CPU
		{E3EB98C6-34A4-49A9-B456-B0C5D44FE186}.Live|x64.ActiveCfg = Debug|Any CPU
		{E3EB98C6-34A4-49A9-B456-B0C5D44FE186}.Live|x64.Build.0 = Debug|Any CPU
		{E3EB98C6-34A4-49A9-B456-B0C5D44FE186}.Live|x86.ActiveCfg = Debug|Any CPU
		{E3EB98C6-34A4-49A9-B456-B0C5D44FE186}.Live|x86.Build.0 = Debug|Any CPU
		{E3EB98C6-34A4-49A9-B456-B0C5D44FE186}.Release|Any CPU.ActiveCfg = Release|Any CPU
		{E3EB98C6-34A4-49A9-B456-B0C5D44FE186}.Release|Any CPU.Build.0 = Release|Any CPU
		{E3EB98C6-34A4-49A9-B456-B0C5D44FE186}.Release|ARM.ActiveCfg = Release|Any CPU
		{E3EB98C6-34A4-49A9-B456-B0C5D44FE186}.Release|ARM.Build.0 = Release|Any CPU
		{E3EB98C6-34A4-49A9-B456-B0C5D44FE186}.Release|x64.ActiveCfg = Release|Any CPU
		{E3EB98C6-34A4-49A9-B456-B0C5D44FE186}.Release|x64.Build.0 = Release|Any CPU
		{E3EB98C6-34A4-49A9-B456-B0C5D44FE186}.Release|x86.ActiveCfg = Release|Any CPU
		{E3EB98C6-34A4-49A9-B456-B0C5D44FE186}.Release|x86.Build.0 = Release|Any CPU
		{E3EB98C6-34A4-49A9-B456-B0C5D44FE186}.Stage|Any CPU.ActiveCfg = Debug|Any CPU
		{E3EB98C6-34A4-49A9-B456-B0C5D44FE186}.Stage|Any CPU.Build.0 = Debug|Any CPU
		{E3EB98C6-34A4-49A9-B456-B0C5D44FE186}.Stage|ARM.ActiveCfg = Debug|Any CPU
		{E3EB98C6-34A4-49A9-B456-B0C5D44FE186}.Stage|ARM.Build.0 = Debug|Any CPU
		{E3EB98C6-34A4-49A9-B456-B0C5D44FE186}.Stage|x64.ActiveCfg = Debug|Any CPU
		{E3EB98C6-34A4-49A9-B456-B0C5D44FE186}.Stage|x64.Build.0 = Debug|Any CPU
		{E3EB98C6-34A4-49A9-B456-B0C5D44FE186}.Stage|x86.ActiveCfg = Debug|Any CPU
		{E3EB98C6-34A4-49A9-B456-B0C5D44FE186}.Stage|x86.Build.0 = Debug|Any CPU
		{CFCE1896-666E-4E7B-BE59-DA9DDE2C33E3}.CommandMode|Any CPU.ActiveCfg = Debug|Any CPU
		{CFCE1896-666E-4E7B-BE59-DA9DDE2C33E3}.CommandMode|Any CPU.Build.0 = Debug|Any CPU
		{CFCE1896-666E-4E7B-BE59-DA9DDE2C33E3}.CommandMode|ARM.ActiveCfg = Debug|Any CPU
		{CFCE1896-666E-4E7B-BE59-DA9DDE2C33E3}.CommandMode|ARM.Build.0 = Debug|Any CPU
		{CFCE1896-666E-4E7B-BE59-DA9DDE2C33E3}.CommandMode|x64.ActiveCfg = Debug|Any CPU
		{CFCE1896-666E-4E7B-BE59-DA9DDE2C33E3}.CommandMode|x64.Build.0 = Debug|Any CPU
		{CFCE1896-666E-4E7B-BE59-DA9DDE2C33E3}.CommandMode|x86.ActiveCfg = Debug|Any CPU
		{CFCE1896-666E-4E7B-BE59-DA9DDE2C33E3}.CommandMode|x86.Build.0 = Debug|Any CPU
		{CFCE1896-666E-4E7B-BE59-DA9DDE2C33E3}.Debug|Any CPU.ActiveCfg = Debug|Any CPU
		{CFCE1896-666E-4E7B-BE59-DA9DDE2C33E3}.Debug|Any CPU.Build.0 = Debug|Any CPU
		{CFCE1896-666E-4E7B-BE59-DA9DDE2C33E3}.Debug|ARM.ActiveCfg = Debug|Any CPU
		{CFCE1896-666E-4E7B-BE59-DA9DDE2C33E3}.Debug|ARM.Build.0 = Debug|Any CPU
		{CFCE1896-666E-4E7B-BE59-DA9DDE2C33E3}.Debug|x64.ActiveCfg = Debug|Any CPU
		{CFCE1896-666E-4E7B-BE59-DA9DDE2C33E3}.Debug|x64.Build.0 = Debug|Any CPU
		{CFCE1896-666E-4E7B-BE59-DA9DDE2C33E3}.Debug|x86.ActiveCfg = Debug|Any CPU
		{CFCE1896-666E-4E7B-BE59-DA9DDE2C33E3}.Debug|x86.Build.0 = Debug|Any CPU
		{CFCE1896-666E-4E7B-BE59-DA9DDE2C33E3}.Integration|Any CPU.ActiveCfg = Debug|Any CPU
		{CFCE1896-666E-4E7B-BE59-DA9DDE2C33E3}.Integration|Any CPU.Build.0 = Debug|Any CPU
		{CFCE1896-666E-4E7B-BE59-DA9DDE2C33E3}.Integration|ARM.ActiveCfg = Debug|Any CPU
		{CFCE1896-666E-4E7B-BE59-DA9DDE2C33E3}.Integration|ARM.Build.0 = Debug|Any CPU
		{CFCE1896-666E-4E7B-BE59-DA9DDE2C33E3}.Integration|x64.ActiveCfg = Debug|Any CPU
		{CFCE1896-666E-4E7B-BE59-DA9DDE2C33E3}.Integration|x64.Build.0 = Debug|Any CPU
		{CFCE1896-666E-4E7B-BE59-DA9DDE2C33E3}.Integration|x86.ActiveCfg = Debug|Any CPU
		{CFCE1896-666E-4E7B-BE59-DA9DDE2C33E3}.Integration|x86.Build.0 = Debug|Any CPU
		{CFCE1896-666E-4E7B-BE59-DA9DDE2C33E3}.Live|Any CPU.ActiveCfg = Debug|Any CPU
		{CFCE1896-666E-4E7B-BE59-DA9DDE2C33E3}.Live|Any CPU.Build.0 = Debug|Any CPU
		{CFCE1896-666E-4E7B-BE59-DA9DDE2C33E3}.Live|ARM.ActiveCfg = Debug|Any CPU
		{CFCE1896-666E-4E7B-BE59-DA9DDE2C33E3}.Live|ARM.Build.0 = Debug|Any CPU
		{CFCE1896-666E-4E7B-BE59-DA9DDE2C33E3}.Live|x64.ActiveCfg = Debug|Any CPU
		{CFCE1896-666E-4E7B-BE59-DA9DDE2C33E3}.Live|x64.Build.0 = Debug|Any CPU
		{CFCE1896-666E-4E7B-BE59-DA9DDE2C33E3}.Live|x86.ActiveCfg = Debug|Any CPU
		{CFCE1896-666E-4E7B-BE59-DA9DDE2C33E3}.Live|x86.Build.0 = Debug|Any CPU
		{CFCE1896-666E-4E7B-BE59-DA9DDE2C33E3}.Release|Any CPU.ActiveCfg = Release|Any CPU
		{CFCE1896-666E-4E7B-BE59-DA9DDE2C33E3}.Release|Any CPU.Build.0 = Release|Any CPU
		{CFCE1896-666E-4E7B-BE59-DA9DDE2C33E3}.Release|ARM.ActiveCfg = Release|Any CPU
		{CFCE1896-666E-4E7B-BE59-DA9DDE2C33E3}.Release|ARM.Build.0 = Release|Any CPU
		{CFCE1896-666E-4E7B-BE59-DA9DDE2C33E3}.Release|x64.ActiveCfg = Release|Any CPU
		{CFCE1896-666E-4E7B-BE59-DA9DDE2C33E3}.Release|x64.Build.0 = Release|Any CPU
		{CFCE1896-666E-4E7B-BE59-DA9DDE2C33E3}.Release|x86.ActiveCfg = Release|Any CPU
		{CFCE1896-666E-4E7B-BE59-DA9DDE2C33E3}.Release|x86.Build.0 = Release|Any CPU
		{CFCE1896-666E-4E7B-BE59-DA9DDE2C33E3}.Stage|Any CPU.ActiveCfg = Debug|Any CPU
		{CFCE1896-666E-4E7B-BE59-DA9DDE2C33E3}.Stage|Any CPU.Build.0 = Debug|Any CPU
		{CFCE1896-666E-4E7B-BE59-DA9DDE2C33E3}.Stage|ARM.ActiveCfg = Debug|Any CPU
		{CFCE1896-666E-4E7B-BE59-DA9DDE2C33E3}.Stage|ARM.Build.0 = Debug|Any CPU
		{CFCE1896-666E-4E7B-BE59-DA9DDE2C33E3}.Stage|x64.ActiveCfg = Debug|Any CPU
		{CFCE1896-666E-4E7B-BE59-DA9DDE2C33E3}.Stage|x64.Build.0 = Debug|Any CPU
		{CFCE1896-666E-4E7B-BE59-DA9DDE2C33E3}.Stage|x86.ActiveCfg = Debug|Any CPU
		{CFCE1896-666E-4E7B-BE59-DA9DDE2C33E3}.Stage|x86.Build.0 = Debug|Any CPU
		{F1D2EC79-E5B4-4B2C-830B-144C42CBBCD0}.CommandMode|Any CPU.ActiveCfg = Debug|Any CPU
		{F1D2EC79-E5B4-4B2C-830B-144C42CBBCD0}.CommandMode|Any CPU.Build.0 = Debug|Any CPU
		{F1D2EC79-E5B4-4B2C-830B-144C42CBBCD0}.CommandMode|ARM.ActiveCfg = Debug|Any CPU
		{F1D2EC79-E5B4-4B2C-830B-144C42CBBCD0}.CommandMode|ARM.Build.0 = Debug|Any CPU
		{F1D2EC79-E5B4-4B2C-830B-144C42CBBCD0}.CommandMode|x64.ActiveCfg = Debug|Any CPU
		{F1D2EC79-E5B4-4B2C-830B-144C42CBBCD0}.CommandMode|x64.Build.0 = Debug|Any CPU
		{F1D2EC79-E5B4-4B2C-830B-144C42CBBCD0}.CommandMode|x86.ActiveCfg = Debug|Any CPU
		{F1D2EC79-E5B4-4B2C-830B-144C42CBBCD0}.CommandMode|x86.Build.0 = Debug|Any CPU
		{F1D2EC79-E5B4-4B2C-830B-144C42CBBCD0}.Debug|Any CPU.ActiveCfg = Debug|Any CPU
		{F1D2EC79-E5B4-4B2C-830B-144C42CBBCD0}.Debug|Any CPU.Build.0 = Debug|Any CPU
		{F1D2EC79-E5B4-4B2C-830B-144C42CBBCD0}.Debug|ARM.ActiveCfg = Debug|Any CPU
		{F1D2EC79-E5B4-4B2C-830B-144C42CBBCD0}.Debug|ARM.Build.0 = Debug|Any CPU
		{F1D2EC79-E5B4-4B2C-830B-144C42CBBCD0}.Debug|x64.ActiveCfg = Debug|Any CPU
		{F1D2EC79-E5B4-4B2C-830B-144C42CBBCD0}.Debug|x64.Build.0 = Debug|Any CPU
		{F1D2EC79-E5B4-4B2C-830B-144C42CBBCD0}.Debug|x86.ActiveCfg = Debug|Any CPU
		{F1D2EC79-E5B4-4B2C-830B-144C42CBBCD0}.Debug|x86.Build.0 = Debug|Any CPU
		{F1D2EC79-E5B4-4B2C-830B-144C42CBBCD0}.Integration|Any CPU.ActiveCfg = Debug|Any CPU
		{F1D2EC79-E5B4-4B2C-830B-144C42CBBCD0}.Integration|Any CPU.Build.0 = Debug|Any CPU
		{F1D2EC79-E5B4-4B2C-830B-144C42CBBCD0}.Integration|ARM.ActiveCfg = Debug|Any CPU
		{F1D2EC79-E5B4-4B2C-830B-144C42CBBCD0}.Integration|ARM.Build.0 = Debug|Any CPU
		{F1D2EC79-E5B4-4B2C-830B-144C42CBBCD0}.Integration|x64.ActiveCfg = Debug|Any CPU
		{F1D2EC79-E5B4-4B2C-830B-144C42CBBCD0}.Integration|x64.Build.0 = Debug|Any CPU
		{F1D2EC79-E5B4-4B2C-830B-144C42CBBCD0}.Integration|x86.ActiveCfg = Debug|Any CPU
		{F1D2EC79-E5B4-4B2C-830B-144C42CBBCD0}.Integration|x86.Build.0 = Debug|Any CPU
		{F1D2EC79-E5B4-4B2C-830B-144C42CBBCD0}.Live|Any CPU.ActiveCfg = Debug|Any CPU
		{F1D2EC79-E5B4-4B2C-830B-144C42CBBCD0}.Live|Any CPU.Build.0 = Debug|Any CPU
		{F1D2EC79-E5B4-4B2C-830B-144C42CBBCD0}.Live|ARM.ActiveCfg = Debug|Any CPU
		{F1D2EC79-E5B4-4B2C-830B-144C42CBBCD0}.Live|ARM.Build.0 = Debug|Any CPU
		{F1D2EC79-E5B4-4B2C-830B-144C42CBBCD0}.Live|x64.ActiveCfg = Debug|Any CPU
		{F1D2EC79-E5B4-4B2C-830B-144C42CBBCD0}.Live|x64.Build.0 = Debug|Any CPU
		{F1D2EC79-E5B4-4B2C-830B-144C42CBBCD0}.Live|x86.ActiveCfg = Debug|Any CPU
		{F1D2EC79-E5B4-4B2C-830B-144C42CBBCD0}.Live|x86.Build.0 = Debug|Any CPU
		{F1D2EC79-E5B4-4B2C-830B-144C42CBBCD0}.Release|Any CPU.ActiveCfg = Release|Any CPU
		{F1D2EC79-E5B4-4B2C-830B-144C42CBBCD0}.Release|Any CPU.Build.0 = Release|Any CPU
		{F1D2EC79-E5B4-4B2C-830B-144C42CBBCD0}.Release|ARM.ActiveCfg = Release|Any CPU
		{F1D2EC79-E5B4-4B2C-830B-144C42CBBCD0}.Release|ARM.Build.0 = Release|Any CPU
		{F1D2EC79-E5B4-4B2C-830B-144C42CBBCD0}.Release|x64.ActiveCfg = Release|Any CPU
		{F1D2EC79-E5B4-4B2C-830B-144C42CBBCD0}.Release|x64.Build.0 = Release|Any CPU
		{F1D2EC79-E5B4-4B2C-830B-144C42CBBCD0}.Release|x86.ActiveCfg = Release|Any CPU
		{F1D2EC79-E5B4-4B2C-830B-144C42CBBCD0}.Release|x86.Build.0 = Release|Any CPU
		{F1D2EC79-E5B4-4B2C-830B-144C42CBBCD0}.Stage|Any CPU.ActiveCfg = Debug|Any CPU
		{F1D2EC79-E5B4-4B2C-830B-144C42CBBCD0}.Stage|Any CPU.Build.0 = Debug|Any CPU
		{F1D2EC79-E5B4-4B2C-830B-144C42CBBCD0}.Stage|ARM.ActiveCfg = Debug|Any CPU
		{F1D2EC79-E5B4-4B2C-830B-144C42CBBCD0}.Stage|ARM.Build.0 = Debug|Any CPU
		{F1D2EC79-E5B4-4B2C-830B-144C42CBBCD0}.Stage|x64.ActiveCfg = Debug|Any CPU
		{F1D2EC79-E5B4-4B2C-830B-144C42CBBCD0}.Stage|x64.Build.0 = Debug|Any CPU
		{F1D2EC79-E5B4-4B2C-830B-144C42CBBCD0}.Stage|x86.ActiveCfg = Debug|Any CPU
		{F1D2EC79-E5B4-4B2C-830B-144C42CBBCD0}.Stage|x86.Build.0 = Debug|Any CPU
		{84567B5D-091D-48B6-9DFD-31F351047FFF}.CommandMode|Any CPU.ActiveCfg = Integration|Any CPU
		{84567B5D-091D-48B6-9DFD-31F351047FFF}.CommandMode|Any CPU.Build.0 = Integration|Any CPU
		{84567B5D-091D-48B6-9DFD-31F351047FFF}.CommandMode|ARM.ActiveCfg = Integration|Any CPU
		{84567B5D-091D-48B6-9DFD-31F351047FFF}.CommandMode|ARM.Build.0 = Integration|Any CPU
		{84567B5D-091D-48B6-9DFD-31F351047FFF}.CommandMode|x64.ActiveCfg = Integration|Any CPU
		{84567B5D-091D-48B6-9DFD-31F351047FFF}.CommandMode|x64.Build.0 = Integration|Any CPU
		{84567B5D-091D-48B6-9DFD-31F351047FFF}.CommandMode|x86.ActiveCfg = Integration|Any CPU
		{84567B5D-091D-48B6-9DFD-31F351047FFF}.CommandMode|x86.Build.0 = Integration|Any CPU
		{84567B5D-091D-48B6-9DFD-31F351047FFF}.Debug|Any CPU.ActiveCfg = Debug|Any CPU
		{84567B5D-091D-48B6-9DFD-31F351047FFF}.Debug|Any CPU.Build.0 = Debug|Any CPU
		{84567B5D-091D-48B6-9DFD-31F351047FFF}.Debug|ARM.ActiveCfg = Debug|Any CPU
		{84567B5D-091D-48B6-9DFD-31F351047FFF}.Debug|ARM.Build.0 = Debug|Any CPU
		{84567B5D-091D-48B6-9DFD-31F351047FFF}.Debug|x64.ActiveCfg = Debug|Any CPU
		{84567B5D-091D-48B6-9DFD-31F351047FFF}.Debug|x64.Build.0 = Debug|Any CPU
		{84567B5D-091D-48B6-9DFD-31F351047FFF}.Debug|x86.ActiveCfg = Debug|Any CPU
		{84567B5D-091D-48B6-9DFD-31F351047FFF}.Debug|x86.Build.0 = Debug|Any CPU
		{84567B5D-091D-48B6-9DFD-31F351047FFF}.Integration|Any CPU.ActiveCfg = Integration|Any CPU
		{84567B5D-091D-48B6-9DFD-31F351047FFF}.Integration|Any CPU.Build.0 = Integration|Any CPU
		{84567B5D-091D-48B6-9DFD-31F351047FFF}.Integration|ARM.ActiveCfg = Integration|Any CPU
		{84567B5D-091D-48B6-9DFD-31F351047FFF}.Integration|ARM.Build.0 = Integration|Any CPU
		{84567B5D-091D-48B6-9DFD-31F351047FFF}.Integration|x64.ActiveCfg = Integration|Any CPU
		{84567B5D-091D-48B6-9DFD-31F351047FFF}.Integration|x64.Build.0 = Integration|Any CPU
		{84567B5D-091D-48B6-9DFD-31F351047FFF}.Integration|x86.ActiveCfg = Integration|Any CPU
		{84567B5D-091D-48B6-9DFD-31F351047FFF}.Integration|x86.Build.0 = Integration|Any CPU
		{84567B5D-091D-48B6-9DFD-31F351047FFF}.Live|Any CPU.ActiveCfg = Live|Any CPU
		{84567B5D-091D-48B6-9DFD-31F351047FFF}.Live|Any CPU.Build.0 = Live|Any CPU
		{84567B5D-091D-48B6-9DFD-31F351047FFF}.Live|ARM.ActiveCfg = Live|Any CPU
		{84567B5D-091D-48B6-9DFD-31F351047FFF}.Live|ARM.Build.0 = Live|Any CPU
		{84567B5D-091D-48B6-9DFD-31F351047FFF}.Live|x64.ActiveCfg = Live|Any CPU
		{84567B5D-091D-48B6-9DFD-31F351047FFF}.Live|x64.Build.0 = Live|Any CPU
		{84567B5D-091D-48B6-9DFD-31F351047FFF}.Live|x86.ActiveCfg = Live|Any CPU
		{84567B5D-091D-48B6-9DFD-31F351047FFF}.Live|x86.Build.0 = Live|Any CPU
		{84567B5D-091D-48B6-9DFD-31F351047FFF}.Release|Any CPU.ActiveCfg = Release|Any CPU
		{84567B5D-091D-48B6-9DFD-31F351047FFF}.Release|Any CPU.Build.0 = Release|Any CPU
		{84567B5D-091D-48B6-9DFD-31F351047FFF}.Release|ARM.ActiveCfg = Release|Any CPU
		{84567B5D-091D-48B6-9DFD-31F351047FFF}.Release|ARM.Build.0 = Release|Any CPU
		{84567B5D-091D-48B6-9DFD-31F351047FFF}.Release|x64.ActiveCfg = Release|Any CPU
		{84567B5D-091D-48B6-9DFD-31F351047FFF}.Release|x64.Build.0 = Release|Any CPU
		{84567B5D-091D-48B6-9DFD-31F351047FFF}.Release|x86.ActiveCfg = Release|Any CPU
		{84567B5D-091D-48B6-9DFD-31F351047FFF}.Release|x86.Build.0 = Release|Any CPU
		{84567B5D-091D-48B6-9DFD-31F351047FFF}.Stage|Any CPU.ActiveCfg = Stage|Any CPU
		{84567B5D-091D-48B6-9DFD-31F351047FFF}.Stage|Any CPU.Build.0 = Stage|Any CPU
		{84567B5D-091D-48B6-9DFD-31F351047FFF}.Stage|ARM.ActiveCfg = Stage|Any CPU
		{84567B5D-091D-48B6-9DFD-31F351047FFF}.Stage|ARM.Build.0 = Stage|Any CPU
		{84567B5D-091D-48B6-9DFD-31F351047FFF}.Stage|x64.ActiveCfg = Stage|Any CPU
		{84567B5D-091D-48B6-9DFD-31F351047FFF}.Stage|x64.Build.0 = Stage|Any CPU
		{84567B5D-091D-48B6-9DFD-31F351047FFF}.Stage|x86.ActiveCfg = Stage|Any CPU
		{84567B5D-091D-48B6-9DFD-31F351047FFF}.Stage|x86.Build.0 = Stage|Any CPU
		{546DE5F2-80D8-40AA-902D-B7096A601668}.CommandMode|Any CPU.ActiveCfg = Integration|Any CPU
		{546DE5F2-80D8-40AA-902D-B7096A601668}.CommandMode|Any CPU.Build.0 = Integration|Any CPU
		{546DE5F2-80D8-40AA-902D-B7096A601668}.CommandMode|ARM.ActiveCfg = Integration|Any CPU
		{546DE5F2-80D8-40AA-902D-B7096A601668}.CommandMode|ARM.Build.0 = Integration|Any CPU
		{546DE5F2-80D8-40AA-902D-B7096A601668}.CommandMode|x64.ActiveCfg = Integration|Any CPU
		{546DE5F2-80D8-40AA-902D-B7096A601668}.CommandMode|x64.Build.0 = Integration|Any CPU
		{546DE5F2-80D8-40AA-902D-B7096A601668}.CommandMode|x86.ActiveCfg = Integration|Any CPU
		{546DE5F2-80D8-40AA-902D-B7096A601668}.CommandMode|x86.Build.0 = Integration|Any CPU
		{546DE5F2-80D8-40AA-902D-B7096A601668}.Debug|Any CPU.ActiveCfg = Debug|Any CPU
		{546DE5F2-80D8-40AA-902D-B7096A601668}.Debug|Any CPU.Build.0 = Debug|Any CPU
		{546DE5F2-80D8-40AA-902D-B7096A601668}.Debug|ARM.ActiveCfg = Debug|Any CPU
		{546DE5F2-80D8-40AA-902D-B7096A601668}.Debug|ARM.Build.0 = Debug|Any CPU
		{546DE5F2-80D8-40AA-902D-B7096A601668}.Debug|x64.ActiveCfg = Debug|Any CPU
		{546DE5F2-80D8-40AA-902D-B7096A601668}.Debug|x64.Build.0 = Debug|Any CPU
		{546DE5F2-80D8-40AA-902D-B7096A601668}.Debug|x86.ActiveCfg = Debug|Any CPU
		{546DE5F2-80D8-40AA-902D-B7096A601668}.Debug|x86.Build.0 = Debug|Any CPU
		{546DE5F2-80D8-40AA-902D-B7096A601668}.Integration|Any CPU.ActiveCfg = Integration|Any CPU
		{546DE5F2-80D8-40AA-902D-B7096A601668}.Integration|Any CPU.Build.0 = Integration|Any CPU
		{546DE5F2-80D8-40AA-902D-B7096A601668}.Integration|ARM.ActiveCfg = Integration|Any CPU
		{546DE5F2-80D8-40AA-902D-B7096A601668}.Integration|ARM.Build.0 = Integration|Any CPU
		{546DE5F2-80D8-40AA-902D-B7096A601668}.Integration|x64.ActiveCfg = Integration|Any CPU
		{546DE5F2-80D8-40AA-902D-B7096A601668}.Integration|x64.Build.0 = Integration|Any CPU
		{546DE5F2-80D8-40AA-902D-B7096A601668}.Integration|x86.ActiveCfg = Integration|Any CPU
		{546DE5F2-80D8-40AA-902D-B7096A601668}.Integration|x86.Build.0 = Integration|Any CPU
		{546DE5F2-80D8-40AA-902D-B7096A601668}.Live|Any CPU.ActiveCfg = Live|Any CPU
		{546DE5F2-80D8-40AA-902D-B7096A601668}.Live|Any CPU.Build.0 = Live|Any CPU
		{546DE5F2-80D8-40AA-902D-B7096A601668}.Live|ARM.ActiveCfg = Live|Any CPU
		{546DE5F2-80D8-40AA-902D-B7096A601668}.Live|ARM.Build.0 = Live|Any CPU
		{546DE5F2-80D8-40AA-902D-B7096A601668}.Live|x64.ActiveCfg = Live|Any CPU
		{546DE5F2-80D8-40AA-902D-B7096A601668}.Live|x64.Build.0 = Live|Any CPU
		{546DE5F2-80D8-40AA-902D-B7096A601668}.Live|x86.ActiveCfg = Live|Any CPU
		{546DE5F2-80D8-40AA-902D-B7096A601668}.Live|x86.Build.0 = Live|Any CPU
		{546DE5F2-80D8-40AA-902D-B7096A601668}.Release|Any CPU.ActiveCfg = Release|Any CPU
		{546DE5F2-80D8-40AA-902D-B7096A601668}.Release|Any CPU.Build.0 = Release|Any CPU
		{546DE5F2-80D8-40AA-902D-B7096A601668}.Release|ARM.ActiveCfg = Release|Any CPU
		{546DE5F2-80D8-40AA-902D-B7096A601668}.Release|ARM.Build.0 = Release|Any CPU
		{546DE5F2-80D8-40AA-902D-B7096A601668}.Release|x64.ActiveCfg = Release|Any CPU
		{546DE5F2-80D8-40AA-902D-B7096A601668}.Release|x64.Build.0 = Release|Any CPU
		{546DE5F2-80D8-40AA-902D-B7096A601668}.Release|x86.ActiveCfg = Release|Any CPU
		{546DE5F2-80D8-40AA-902D-B7096A601668}.Release|x86.Build.0 = Release|Any CPU
		{546DE5F2-80D8-40AA-902D-B7096A601668}.Stage|Any CPU.ActiveCfg = Stage|Any CPU
		{546DE5F2-80D8-40AA-902D-B7096A601668}.Stage|Any CPU.Build.0 = Stage|Any CPU
		{546DE5F2-80D8-40AA-902D-B7096A601668}.Stage|ARM.ActiveCfg = Stage|Any CPU
		{546DE5F2-80D8-40AA-902D-B7096A601668}.Stage|ARM.Build.0 = Stage|Any CPU
		{546DE5F2-80D8-40AA-902D-B7096A601668}.Stage|x64.ActiveCfg = Stage|Any CPU
		{546DE5F2-80D8-40AA-902D-B7096A601668}.Stage|x64.Build.0 = Stage|Any CPU
		{546DE5F2-80D8-40AA-902D-B7096A601668}.Stage|x86.ActiveCfg = Stage|Any CPU
		{546DE5F2-80D8-40AA-902D-B7096A601668}.Stage|x86.Build.0 = Stage|Any CPU
		{B7F33C3B-4133-49C5-B761-2542477CAE64}.CommandMode|Any CPU.ActiveCfg = Debug|Any CPU
		{B7F33C3B-4133-49C5-B761-2542477CAE64}.CommandMode|Any CPU.Build.0 = Debug|Any CPU
		{B7F33C3B-4133-49C5-B761-2542477CAE64}.CommandMode|ARM.ActiveCfg = Debug|Any CPU
		{B7F33C3B-4133-49C5-B761-2542477CAE64}.CommandMode|ARM.Build.0 = Debug|Any CPU
		{B7F33C3B-4133-49C5-B761-2542477CAE64}.CommandMode|x64.ActiveCfg = Debug|Any CPU
		{B7F33C3B-4133-49C5-B761-2542477CAE64}.CommandMode|x64.Build.0 = Debug|Any CPU
		{B7F33C3B-4133-49C5-B761-2542477CAE64}.CommandMode|x86.ActiveCfg = Debug|Any CPU
		{B7F33C3B-4133-49C5-B761-2542477CAE64}.CommandMode|x86.Build.0 = Debug|Any CPU
		{B7F33C3B-4133-49C5-B761-2542477CAE64}.Debug|Any CPU.ActiveCfg = Debug|Any CPU
		{B7F33C3B-4133-49C5-B761-2542477CAE64}.Debug|Any CPU.Build.0 = Debug|Any CPU
		{B7F33C3B-4133-49C5-B761-2542477CAE64}.Debug|ARM.ActiveCfg = Debug|Any CPU
		{B7F33C3B-4133-49C5-B761-2542477CAE64}.Debug|ARM.Build.0 = Debug|Any CPU
		{B7F33C3B-4133-49C5-B761-2542477CAE64}.Debug|x64.ActiveCfg = Debug|Any CPU
		{B7F33C3B-4133-49C5-B761-2542477CAE64}.Debug|x64.Build.0 = Debug|Any CPU
		{B7F33C3B-4133-49C5-B761-2542477CAE64}.Debug|x86.ActiveCfg = Debug|Any CPU
		{B7F33C3B-4133-49C5-B761-2542477CAE64}.Debug|x86.Build.0 = Debug|Any CPU
		{B7F33C3B-4133-49C5-B761-2542477CAE64}.Integration|Any CPU.ActiveCfg = Debug|Any CPU
		{B7F33C3B-4133-49C5-B761-2542477CAE64}.Integration|Any CPU.Build.0 = Debug|Any CPU
		{B7F33C3B-4133-49C5-B761-2542477CAE64}.Integration|ARM.ActiveCfg = Debug|Any CPU
		{B7F33C3B-4133-49C5-B761-2542477CAE64}.Integration|ARM.Build.0 = Debug|Any CPU
		{B7F33C3B-4133-49C5-B761-2542477CAE64}.Integration|x64.ActiveCfg = Debug|Any CPU
		{B7F33C3B-4133-49C5-B761-2542477CAE64}.Integration|x64.Build.0 = Debug|Any CPU
		{B7F33C3B-4133-49C5-B761-2542477CAE64}.Integration|x86.ActiveCfg = Debug|Any CPU
		{B7F33C3B-4133-49C5-B761-2542477CAE64}.Integration|x86.Build.0 = Debug|Any CPU
		{B7F33C3B-4133-49C5-B761-2542477CAE64}.Live|Any CPU.ActiveCfg = Debug|Any CPU
		{B7F33C3B-4133-49C5-B761-2542477CAE64}.Live|Any CPU.Build.0 = Debug|Any CPU
		{B7F33C3B-4133-49C5-B761-2542477CAE64}.Live|ARM.ActiveCfg = Debug|Any CPU
		{B7F33C3B-4133-49C5-B761-2542477CAE64}.Live|ARM.Build.0 = Debug|Any CPU
		{B7F33C3B-4133-49C5-B761-2542477CAE64}.Live|x64.ActiveCfg = Debug|Any CPU
		{B7F33C3B-4133-49C5-B761-2542477CAE64}.Live|x64.Build.0 = Debug|Any CPU
		{B7F33C3B-4133-49C5-B761-2542477CAE64}.Live|x86.ActiveCfg = Debug|Any CPU
		{B7F33C3B-4133-49C5-B761-2542477CAE64}.Live|x86.Build.0 = Debug|Any CPU
		{B7F33C3B-4133-49C5-B761-2542477CAE64}.Release|Any CPU.ActiveCfg = Release|Any CPU
		{B7F33C3B-4133-49C5-B761-2542477CAE64}.Release|Any CPU.Build.0 = Release|Any CPU
		{B7F33C3B-4133-49C5-B761-2542477CAE64}.Release|ARM.ActiveCfg = Release|Any CPU
		{B7F33C3B-4133-49C5-B761-2542477CAE64}.Release|ARM.Build.0 = Release|Any CPU
		{B7F33C3B-4133-49C5-B761-2542477CAE64}.Release|x64.ActiveCfg = Release|Any CPU
		{B7F33C3B-4133-49C5-B761-2542477CAE64}.Release|x64.Build.0 = Release|Any CPU
		{B7F33C3B-4133-49C5-B761-2542477CAE64}.Release|x86.ActiveCfg = Release|Any CPU
		{B7F33C3B-4133-49C5-B761-2542477CAE64}.Release|x86.Build.0 = Release|Any CPU
		{B7F33C3B-4133-49C5-B761-2542477CAE64}.Stage|Any CPU.ActiveCfg = Debug|Any CPU
		{B7F33C3B-4133-49C5-B761-2542477CAE64}.Stage|Any CPU.Build.0 = Debug|Any CPU
		{B7F33C3B-4133-49C5-B761-2542477CAE64}.Stage|ARM.ActiveCfg = Debug|Any CPU
		{B7F33C3B-4133-49C5-B761-2542477CAE64}.Stage|ARM.Build.0 = Debug|Any CPU
		{B7F33C3B-4133-49C5-B761-2542477CAE64}.Stage|x64.ActiveCfg = Debug|Any CPU
		{B7F33C3B-4133-49C5-B761-2542477CAE64}.Stage|x64.Build.0 = Debug|Any CPU
		{B7F33C3B-4133-49C5-B761-2542477CAE64}.Stage|x86.ActiveCfg = Debug|Any CPU
		{B7F33C3B-4133-49C5-B761-2542477CAE64}.Stage|x86.Build.0 = Debug|Any CPU
		{722710CF-E6EA-436D-BFF9-F70C8859A85C}.CommandMode|Any CPU.ActiveCfg = Debug|Any CPU
		{722710CF-E6EA-436D-BFF9-F70C8859A85C}.CommandMode|Any CPU.Build.0 = Debug|Any CPU
		{722710CF-E6EA-436D-BFF9-F70C8859A85C}.CommandMode|ARM.ActiveCfg = Debug|Any CPU
		{722710CF-E6EA-436D-BFF9-F70C8859A85C}.CommandMode|ARM.Build.0 = Debug|Any CPU
		{722710CF-E6EA-436D-BFF9-F70C8859A85C}.CommandMode|x64.ActiveCfg = Debug|Any CPU
		{722710CF-E6EA-436D-BFF9-F70C8859A85C}.CommandMode|x64.Build.0 = Debug|Any CPU
		{722710CF-E6EA-436D-BFF9-F70C8859A85C}.CommandMode|x86.ActiveCfg = Debug|Any CPU
		{722710CF-E6EA-436D-BFF9-F70C8859A85C}.CommandMode|x86.Build.0 = Debug|Any CPU
		{722710CF-E6EA-436D-BFF9-F70C8859A85C}.Debug|Any CPU.ActiveCfg = Debug|Any CPU
		{722710CF-E6EA-436D-BFF9-F70C8859A85C}.Debug|Any CPU.Build.0 = Debug|Any CPU
		{722710CF-E6EA-436D-BFF9-F70C8859A85C}.Debug|ARM.ActiveCfg = Debug|Any CPU
		{722710CF-E6EA-436D-BFF9-F70C8859A85C}.Debug|ARM.Build.0 = Debug|Any CPU
		{722710CF-E6EA-436D-BFF9-F70C8859A85C}.Debug|x64.ActiveCfg = Debug|Any CPU
		{722710CF-E6EA-436D-BFF9-F70C8859A85C}.Debug|x64.Build.0 = Debug|Any CPU
		{722710CF-E6EA-436D-BFF9-F70C8859A85C}.Debug|x86.ActiveCfg = Debug|Any CPU
		{722710CF-E6EA-436D-BFF9-F70C8859A85C}.Debug|x86.Build.0 = Debug|Any CPU
		{722710CF-E6EA-436D-BFF9-F70C8859A85C}.Integration|Any CPU.ActiveCfg = Debug|Any CPU
		{722710CF-E6EA-436D-BFF9-F70C8859A85C}.Integration|Any CPU.Build.0 = Debug|Any CPU
		{722710CF-E6EA-436D-BFF9-F70C8859A85C}.Integration|ARM.ActiveCfg = Debug|Any CPU
		{722710CF-E6EA-436D-BFF9-F70C8859A85C}.Integration|ARM.Build.0 = Debug|Any CPU
		{722710CF-E6EA-436D-BFF9-F70C8859A85C}.Integration|x64.ActiveCfg = Debug|Any CPU
		{722710CF-E6EA-436D-BFF9-F70C8859A85C}.Integration|x64.Build.0 = Debug|Any CPU
		{722710CF-E6EA-436D-BFF9-F70C8859A85C}.Integration|x86.ActiveCfg = Debug|Any CPU
		{722710CF-E6EA-436D-BFF9-F70C8859A85C}.Integration|x86.Build.0 = Debug|Any CPU
		{722710CF-E6EA-436D-BFF9-F70C8859A85C}.Live|Any CPU.ActiveCfg = Debug|Any CPU
		{722710CF-E6EA-436D-BFF9-F70C8859A85C}.Live|Any CPU.Build.0 = Debug|Any CPU
		{722710CF-E6EA-436D-BFF9-F70C8859A85C}.Live|ARM.ActiveCfg = Debug|Any CPU
		{722710CF-E6EA-436D-BFF9-F70C8859A85C}.Live|ARM.Build.0 = Debug|Any CPU
		{722710CF-E6EA-436D-BFF9-F70C8859A85C}.Live|x64.ActiveCfg = Debug|Any CPU
		{722710CF-E6EA-436D-BFF9-F70C8859A85C}.Live|x64.Build.0 = Debug|Any CPU
		{722710CF-E6EA-436D-BFF9-F70C8859A85C}.Live|x86.ActiveCfg = Debug|Any CPU
		{722710CF-E6EA-436D-BFF9-F70C8859A85C}.Live|x86.Build.0 = Debug|Any CPU
		{722710CF-E6EA-436D-BFF9-F70C8859A85C}.Release|Any CPU.ActiveCfg = Release|Any CPU
		{722710CF-E6EA-436D-BFF9-F70C8859A85C}.Release|Any CPU.Build.0 = Release|Any CPU
		{722710CF-E6EA-436D-BFF9-F70C8859A85C}.Release|ARM.ActiveCfg = Release|Any CPU
		{722710CF-E6EA-436D-BFF9-F70C8859A85C}.Release|ARM.Build.0 = Release|Any CPU
		{722710CF-E6EA-436D-BFF9-F70C8859A85C}.Release|x64.ActiveCfg = Release|Any CPU
		{722710CF-E6EA-436D-BFF9-F70C8859A85C}.Release|x64.Build.0 = Release|Any CPU
		{722710CF-E6EA-436D-BFF9-F70C8859A85C}.Release|x86.ActiveCfg = Release|Any CPU
		{722710CF-E6EA-436D-BFF9-F70C8859A85C}.Release|x86.Build.0 = Release|Any CPU
		{722710CF-E6EA-436D-BFF9-F70C8859A85C}.Stage|Any CPU.ActiveCfg = Debug|Any CPU
		{722710CF-E6EA-436D-BFF9-F70C8859A85C}.Stage|Any CPU.Build.0 = Debug|Any CPU
		{722710CF-E6EA-436D-BFF9-F70C8859A85C}.Stage|ARM.ActiveCfg = Debug|Any CPU
		{722710CF-E6EA-436D-BFF9-F70C8859A85C}.Stage|ARM.Build.0 = Debug|Any CPU
		{722710CF-E6EA-436D-BFF9-F70C8859A85C}.Stage|x64.ActiveCfg = Debug|Any CPU
		{722710CF-E6EA-436D-BFF9-F70C8859A85C}.Stage|x64.Build.0 = Debug|Any CPU
		{722710CF-E6EA-436D-BFF9-F70C8859A85C}.Stage|x86.ActiveCfg = Debug|Any CPU
		{722710CF-E6EA-436D-BFF9-F70C8859A85C}.Stage|x86.Build.0 = Debug|Any CPU
		{B26BE29B-E50D-4311-BA36-F320FF5551B6}.CommandMode|Any CPU.ActiveCfg = Debug|Any CPU
		{B26BE29B-E50D-4311-BA36-F320FF5551B6}.CommandMode|Any CPU.Build.0 = Debug|Any CPU
		{B26BE29B-E50D-4311-BA36-F320FF5551B6}.CommandMode|ARM.ActiveCfg = Debug|Any CPU
		{B26BE29B-E50D-4311-BA36-F320FF5551B6}.CommandMode|ARM.Build.0 = Debug|Any CPU
		{B26BE29B-E50D-4311-BA36-F320FF5551B6}.CommandMode|x64.ActiveCfg = Debug|Any CPU
		{B26BE29B-E50D-4311-BA36-F320FF5551B6}.CommandMode|x64.Build.0 = Debug|Any CPU
		{B26BE29B-E50D-4311-BA36-F320FF5551B6}.CommandMode|x86.ActiveCfg = Debug|Any CPU
		{B26BE29B-E50D-4311-BA36-F320FF5551B6}.CommandMode|x86.Build.0 = Debug|Any CPU
		{B26BE29B-E50D-4311-BA36-F320FF5551B6}.Debug|Any CPU.ActiveCfg = Debug|Any CPU
		{B26BE29B-E50D-4311-BA36-F320FF5551B6}.Debug|Any CPU.Build.0 = Debug|Any CPU
		{B26BE29B-E50D-4311-BA36-F320FF5551B6}.Debug|ARM.ActiveCfg = Debug|Any CPU
		{B26BE29B-E50D-4311-BA36-F320FF5551B6}.Debug|ARM.Build.0 = Debug|Any CPU
		{B26BE29B-E50D-4311-BA36-F320FF5551B6}.Debug|x64.ActiveCfg = Debug|Any CPU
		{B26BE29B-E50D-4311-BA36-F320FF5551B6}.Debug|x64.Build.0 = Debug|Any CPU
		{B26BE29B-E50D-4311-BA36-F320FF5551B6}.Debug|x86.ActiveCfg = Debug|Any CPU
		{B26BE29B-E50D-4311-BA36-F320FF5551B6}.Debug|x86.Build.0 = Debug|Any CPU
		{B26BE29B-E50D-4311-BA36-F320FF5551B6}.Integration|Any CPU.ActiveCfg = Debug|Any CPU
		{B26BE29B-E50D-4311-BA36-F320FF5551B6}.Integration|Any CPU.Build.0 = Debug|Any CPU
		{B26BE29B-E50D-4311-BA36-F320FF5551B6}.Integration|ARM.ActiveCfg = Debug|Any CPU
		{B26BE29B-E50D-4311-BA36-F320FF5551B6}.Integration|ARM.Build.0 = Debug|Any CPU
		{B26BE29B-E50D-4311-BA36-F320FF5551B6}.Integration|x64.ActiveCfg = Debug|Any CPU
		{B26BE29B-E50D-4311-BA36-F320FF5551B6}.Integration|x64.Build.0 = Debug|Any CPU
		{B26BE29B-E50D-4311-BA36-F320FF5551B6}.Integration|x86.ActiveCfg = Debug|Any CPU
		{B26BE29B-E50D-4311-BA36-F320FF5551B6}.Integration|x86.Build.0 = Debug|Any CPU
		{B26BE29B-E50D-4311-BA36-F320FF5551B6}.Live|Any CPU.ActiveCfg = Debug|Any CPU
		{B26BE29B-E50D-4311-BA36-F320FF5551B6}.Live|Any CPU.Build.0 = Debug|Any CPU
		{B26BE29B-E50D-4311-BA36-F320FF5551B6}.Live|ARM.ActiveCfg = Debug|Any CPU
		{B26BE29B-E50D-4311-BA36-F320FF5551B6}.Live|ARM.Build.0 = Debug|Any CPU
		{B26BE29B-E50D-4311-BA36-F320FF5551B6}.Live|x64.ActiveCfg = Debug|Any CPU
		{B26BE29B-E50D-4311-BA36-F320FF5551B6}.Live|x64.Build.0 = Debug|Any CPU
		{B26BE29B-E50D-4311-BA36-F320FF5551B6}.Live|x86.ActiveCfg = Debug|Any CPU
		{B26BE29B-E50D-4311-BA36-F320FF5551B6}.Live|x86.Build.0 = Debug|Any CPU
		{B26BE29B-E50D-4311-BA36-F320FF5551B6}.Release|Any CPU.ActiveCfg = Release|Any CPU
		{B26BE29B-E50D-4311-BA36-F320FF5551B6}.Release|Any CPU.Build.0 = Release|Any CPU
		{B26BE29B-E50D-4311-BA36-F320FF5551B6}.Release|ARM.ActiveCfg = Release|Any CPU
		{B26BE29B-E50D-4311-BA36-F320FF5551B6}.Release|ARM.Build.0 = Release|Any CPU
		{B26BE29B-E50D-4311-BA36-F320FF5551B6}.Release|x64.ActiveCfg = Release|Any CPU
		{B26BE29B-E50D-4311-BA36-F320FF5551B6}.Release|x64.Build.0 = Release|Any CPU
		{B26BE29B-E50D-4311-BA36-F320FF5551B6}.Release|x86.ActiveCfg = Release|Any CPU
		{B26BE29B-E50D-4311-BA36-F320FF5551B6}.Release|x86.Build.0 = Release|Any CPU
		{B26BE29B-E50D-4311-BA36-F320FF5551B6}.Stage|Any CPU.ActiveCfg = Debug|Any CPU
		{B26BE29B-E50D-4311-BA36-F320FF5551B6}.Stage|Any CPU.Build.0 = Debug|Any CPU
		{B26BE29B-E50D-4311-BA36-F320FF5551B6}.Stage|ARM.ActiveCfg = Debug|Any CPU
		{B26BE29B-E50D-4311-BA36-F320FF5551B6}.Stage|ARM.Build.0 = Debug|Any CPU
		{B26BE29B-E50D-4311-BA36-F320FF5551B6}.Stage|x64.ActiveCfg = Debug|Any CPU
		{B26BE29B-E50D-4311-BA36-F320FF5551B6}.Stage|x64.Build.0 = Debug|Any CPU
		{B26BE29B-E50D-4311-BA36-F320FF5551B6}.Stage|x86.ActiveCfg = Debug|Any CPU
		{B26BE29B-E50D-4311-BA36-F320FF5551B6}.Stage|x86.Build.0 = Debug|Any CPU
	EndGlobalSection
	GlobalSection(SolutionProperties) = preSolution
		HideSolutionNode = FALSE
	EndGlobalSection
	GlobalSection(NestedProjects) = preSolution
		{043C898D-E017-45E7-9EE6-7DC1FEF12CB2} = {F36ED249-B763-436E-B454-7B1BF8DF262A}
		{BC06C0DD-F52A-4EAD-9117-1B7F180456A2} = {B71B33E4-4FE7-4B91-B5A4-131A3E3BF7B9}
		{0199B574-8AE8-4601-9984-14AEE58BC57D} = {B71B33E4-4FE7-4B91-B5A4-131A3E3BF7B9}
		{14C7B087-34C7-433C-A43C-0A29415EFDA5} = {B71B33E4-4FE7-4B91-B5A4-131A3E3BF7B9}
		{3ACFD985-3C4E-49A9-BB65-F97847327D75} = {F36ED249-B763-436E-B454-7B1BF8DF262A}
		{6639D8C9-70A2-41A2-96B9-2CE38110DB19} = {F36ED249-B763-436E-B454-7B1BF8DF262A}
		{4EB706E8-4323-4312-A754-1EEE286E66F8} = {F36ED249-B763-436E-B454-7B1BF8DF262A}
		{E9EB3E45-75D5-4387-A8F9-3968925F9629} = {DF6F72DC-CF4F-4D0F-8DC0-54EF840B15B0}
		{CFCE1896-666E-4E7B-BE59-DA9DDE2C33E3} = {DF6F72DC-CF4F-4D0F-8DC0-54EF840B15B0}
		{84567B5D-091D-48B6-9DFD-31F351047FFF} = {F36ED249-B763-436E-B454-7B1BF8DF262A}
		{546DE5F2-80D8-40AA-902D-B7096A601668} = {F36ED249-B763-436E-B454-7B1BF8DF262A}
		{B26BE29B-E50D-4311-BA36-F320FF5551B6} = {DF6F72DC-CF4F-4D0F-8DC0-54EF840B15B0}
	EndGlobalSection
	GlobalSection(ExtensibilityGlobals) = postSolution
		SolutionGuid = {80805555-205A-4634-85F0-FDC9A88861F4}
	EndGlobalSection
EndGlobal
