
Microsoft Visual Studio Solution File, Format Version 12.00
# Visual Studio Version 16
VisualStudioVersion = 16.0.29009.5
MinimumVisualStudioVersion = 10.0.40219.1
Project("{2150E333-8FDC-42A3-9474-1A3956D46DE8}") = "Common", "Common", "{B71B33E4-4FE7-4B91-B5A4-131A3E3BF7B9}"
EndProject
Project("{9A19103F-16F7-4668-BE54-9A1E7A4F7556}") = "Orions.Node.NetStandard", "..\Orions.Systems.Node\Deployment\PlatformSDKs\Orions.Node.NetStandard\Project\Orions.Node.NetStandard.csproj", "{043C898D-E017-45E7-9EE6-7DC1FEF12CB2}"
EndProject
Project("{2150E333-8FDC-42A3-9474-1A3956D46DE8}") = "SDK", "SDK", "{F36ED249-B763-436E-B454-7B1BF8DF262A}"
EndProject
Project("{2150E333-8FDC-42A3-9474-1A3956D46DE8}") = "Samples", "Samples", "{DF6F72DC-CF4F-4D0F-8DC0-54EF840B15B0}"
EndProject
Project("{9A19103F-16F7-4668-BE54-9A1E7A4F7556}") = "Orions.Common.NetStandard", "..\Orions.Systems.Open\Common\Orions.Common\Orions.Common.NetStandard.csproj", "{BC06C0DD-F52A-4EAD-9117-1B7F180456A2}"
EndProject
Project("{9A19103F-16F7-4668-BE54-9A1E7A4F7556}") = "Orions.Node.Common.NetStandard", "..\Orions.Systems.Open\Common\Orions.Node.Common\Orions.Node.Common.NetStandard.csproj", "{14C7B087-34C7-433C-A43C-0A29415EFDA5}"
EndProject
Project("{9A19103F-16F7-4668-BE54-9A1E7A4F7556}") = "Orions.Systems.CrossModules.Common.Debug", "Orions.Systems.CrossModules.Common\Orions.Systems.CrossModules.Common.Debug.csproj", "{A0128BD9-5F57-4DE6-AB96-C774B8A0F6ED}"
EndProject
Project("{9A19103F-16F7-4668-BE54-9A1E7A4F7556}") = "Orions.Systems.CrossModules.MetadataReview.Debug", "Orions.Systems.CrossModules.MetadataReview\Orions.Systems.CrossModules.MetadataReview.Debug.csproj", "{2AAC5C38-D110-4441-B323-AE06C0E3C56B}"
EndProject
Project("{9A19103F-16F7-4668-BE54-9A1E7A4F7556}") = "Orions.Systems.CrossModules.BlazorSample.Debug", "Samples\Orions.Systems.CrossModules.BlazorSample\Orions.Systems.CrossModules.BlazorSample.Debug.csproj", "{E9EB3E45-75D5-4387-A8F9-3968925F9629}"
EndProject
Project("{9A19103F-16F7-4668-BE54-9A1E7A4F7556}") = "Orions.Systems.CrossModules.Analytics.Debug", "Orions.Systems.CrossModules.Analytics\Orions.Systems.CrossModules.Analytics.Debug.csproj", "{B7F33C3B-4133-49C5-B761-2542477CAE64}"
EndProject
Project("{9A19103F-16F7-4668-BE54-9A1E7A4F7556}") = "Orions.Systems.CrossModules.NodeStats.Debug", "Orions.Systems.CrossModules.NodeStats\Orions.Systems.CrossModules.NodeStats.Debug.csproj", "{722710CF-E6EA-436D-BFF9-F70C8859A85C}"
EndProject
Project("{9A19103F-16F7-4668-BE54-9A1E7A4F7556}") = "Orions.Systems.CrossModules.Components.Debug", "Orions.Systems.CrossModules.Components\Orions.Systems.CrossModules.Components.Debug.csproj", "{65D6050B-A770-4E02-9069-72F1A2974A7F}"
EndProject
Project("{9A19103F-16F7-4668-BE54-9A1E7A4F7556}") = "Orions.Systems.CrossModules.MissionAnalytics.Debug", "Orions.Systems.CrossModules.MissionAnalytics\Orions.Systems.CrossModules.MissionAnalytics.Debug.csproj", "{9D61464D-C2BA-4A3A-B1B9-848185FB1E3B}"
EndProject
Project("{9A19103F-16F7-4668-BE54-9A1E7A4F7556}") = "Orions.Systems.CrossModules.Timeline.Debug", "Orions.Systems.CrossModules.Timeline\Orions.Systems.CrossModules.Timeline.Debug.csproj", "{77F54833-0D55-4BC9-9A14-C56353BB08A6}"
EndProject
Project("{9A19103F-16F7-4668-BE54-9A1E7A4F7556}") = "Orions.SDK.NetStandard.Debug", "..\Orions.Systems.Open\SDK\Orions.SDK.NetStandard\Orions.SDK.NetStandard.Debug.csproj", "{671AE624-F1E5-46F6-BB61-9C37F2B29E30}"
EndProject
Project("{2150E333-8FDC-42A3-9474-1A3956D46DE8}") = "Test", "Test", "{2BA1B2FF-F03A-4C3F-9AFB-487CDF769826}"
EndProject
Project("{9A19103F-16F7-4668-BE54-9A1E7A4F7556}") = "Orions.Systems.CrossModules.Sandbox", "Tests\Orions.Systems.CrossModules.Sandbox\Orions.Systems.CrossModules.Sandbox.csproj", "{4D794F35-6FF3-4A5D-8817-777F0717082D}"
EndProject
Project("{9A19103F-16F7-4668-BE54-9A1E7A4F7556}") = "Orions.Systems.CrossModules.Portal.Debug", "Orions.Systems.CrossModules.Portal\Orions.Systems.CrossModules.Portal.Debug.csproj", "{586DE77C-CC37-436A-A523-79B2B0EC6556}"
EndProject
Project("{9A19103F-16F7-4668-BE54-9A1E7A4F7556}") = "Orions.Systems.CrossModules.Desi.Debug", "Orions.Systems.CrossModules.Desi\Orions.Systems.CrossModules.Desi.Debug.csproj", "{ED9A69C4-2B38-40FC-92D5-4AA8D3483443}"
EndProject
Project("{9A19103F-16F7-4668-BE54-9A1E7A4F7556}") = "Orions.Systems.Desi.Core.Debug", "..\Orions.Systems.Open\Applications\Desi\Orions.Systems.Desi.Core\Orions.Systems.Desi.Core.Debug.csproj", "{61E68311-8ABA-4627-8D62-8D89435A7FEE}"
EndProject
Project("{9A19103F-16F7-4668-BE54-9A1E7A4F7556}") = "Orions.Desi.Forms.Core.Debug", "..\Orions.Systems.Open\Applications\Desi\Orions.Desi.Forms.Core\Orions.Desi.Forms.Core.Debug.csproj", "{2FF003BD-005E-4FC0-A475-90FC463FBC83}"
EndProject
Project("{9A19103F-16F7-4668-BE54-9A1E7A4F7556}") = "Orions.Systems.Desi.Common.Debug", "..\Orions.Systems.Open\Applications\Desi\Orions.Systems.Desi.Common\Orions.Systems.Desi.Common.Debug.csproj", "{BFAFE1D0-6500-4595-9EFD-1B9466A3DBDA}"
EndProject
Global
	GlobalSection(SolutionConfigurationPlatforms) = preSolution
		CommandMode|Any CPU = CommandMode|Any CPU
		CommandMode|ARM = CommandMode|ARM
		CommandMode|x64 = CommandMode|x64
		CommandMode|x86 = CommandMode|x86
		Debug|Any CPU = Debug|Any CPU
		Debug|ARM = Debug|ARM
		Debug|x64 = Debug|x64
		Debug|x86 = Debug|x86
		Integration|Any CPU = Integration|Any CPU
		Integration|ARM = Integration|ARM
		Integration|x64 = Integration|x64
		Integration|x86 = Integration|x86
		Live|Any CPU = Live|Any CPU
		Live|ARM = Live|ARM
		Live|x64 = Live|x64
		Live|x86 = Live|x86
		Release|Any CPU = Release|Any CPU
		Release|ARM = Release|ARM
		Release|x64 = Release|x64
		Release|x86 = Release|x86
		Stage|Any CPU = Stage|Any CPU
		Stage|ARM = Stage|ARM
		Stage|x64 = Stage|x64
		Stage|x86 = Stage|x86
	EndGlobalSection
	GlobalSection(ProjectConfigurationPlatforms) = postSolution
		{043C898D-E017-45E7-9EE6-7DC1FEF12CB2}.CommandMode|Any CPU.ActiveCfg = Release|Any CPU
		{043C898D-E017-45E7-9EE6-7DC1FEF12CB2}.CommandMode|Any CPU.Build.0 = Release|Any CPU
		{043C898D-E017-45E7-9EE6-7DC1FEF12CB2}.CommandMode|ARM.ActiveCfg = Release|Any CPU
		{043C898D-E017-45E7-9EE6-7DC1FEF12CB2}.CommandMode|ARM.Build.0 = Release|Any CPU
		{043C898D-E017-45E7-9EE6-7DC1FEF12CB2}.CommandMode|x64.ActiveCfg = Release|Any CPU
		{043C898D-E017-45E7-9EE6-7DC1FEF12CB2}.CommandMode|x64.Build.0 = Release|Any CPU
		{043C898D-E017-45E7-9EE6-7DC1FEF12CB2}.CommandMode|x86.ActiveCfg = Release|Any CPU
		{043C898D-E017-45E7-9EE6-7DC1FEF12CB2}.CommandMode|x86.Build.0 = Release|Any CPU
		{043C898D-E017-45E7-9EE6-7DC1FEF12CB2}.Debug|Any CPU.ActiveCfg = Debug|Any CPU
		{043C898D-E017-45E7-9EE6-7DC1FEF12CB2}.Debug|Any CPU.Build.0 = Debug|Any CPU
		{043C898D-E017-45E7-9EE6-7DC1FEF12CB2}.Debug|ARM.ActiveCfg = Debug|Any CPU
		{043C898D-E017-45E7-9EE6-7DC1FEF12CB2}.Debug|ARM.Build.0 = Debug|Any CPU
		{043C898D-E017-45E7-9EE6-7DC1FEF12CB2}.Debug|x64.ActiveCfg = Debug|Any CPU
		{043C898D-E017-45E7-9EE6-7DC1FEF12CB2}.Debug|x64.Build.0 = Debug|Any CPU
		{043C898D-E017-45E7-9EE6-7DC1FEF12CB2}.Debug|x86.ActiveCfg = Debug|Any CPU
		{043C898D-E017-45E7-9EE6-7DC1FEF12CB2}.Debug|x86.Build.0 = Debug|Any CPU
		{043C898D-E017-45E7-9EE6-7DC1FEF12CB2}.Integration|Any CPU.ActiveCfg = Debug|Any CPU
		{043C898D-E017-45E7-9EE6-7DC1FEF12CB2}.Integration|Any CPU.Build.0 = Debug|Any CPU
		{043C898D-E017-45E7-9EE6-7DC1FEF12CB2}.Integration|ARM.ActiveCfg = Debug|Any CPU
		{043C898D-E017-45E7-9EE6-7DC1FEF12CB2}.Integration|ARM.Build.0 = Debug|Any CPU
		{043C898D-E017-45E7-9EE6-7DC1FEF12CB2}.Integration|x64.ActiveCfg = Debug|Any CPU
		{043C898D-E017-45E7-9EE6-7DC1FEF12CB2}.Integration|x64.Build.0 = Debug|Any CPU
		{043C898D-E017-45E7-9EE6-7DC1FEF12CB2}.Integration|x86.ActiveCfg = Debug|Any CPU
		{043C898D-E017-45E7-9EE6-7DC1FEF12CB2}.Integration|x86.Build.0 = Debug|Any CPU
		{043C898D-E017-45E7-9EE6-7DC1FEF12CB2}.Live|Any CPU.ActiveCfg = Debug|Any CPU
		{043C898D-E017-45E7-9EE6-7DC1FEF12CB2}.Live|Any CPU.Build.0 = Debug|Any CPU
		{043C898D-E017-45E7-9EE6-7DC1FEF12CB2}.Live|ARM.ActiveCfg = Debug|Any CPU
		{043C898D-E017-45E7-9EE6-7DC1FEF12CB2}.Live|ARM.Build.0 = Debug|Any CPU
		{043C898D-E017-45E7-9EE6-7DC1FEF12CB2}.Live|x64.ActiveCfg = Debug|Any CPU
		{043C898D-E017-45E7-9EE6-7DC1FEF12CB2}.Live|x64.Build.0 = Debug|Any CPU
		{043C898D-E017-45E7-9EE6-7DC1FEF12CB2}.Live|x86.ActiveCfg = Debug|Any CPU
		{043C898D-E017-45E7-9EE6-7DC1FEF12CB2}.Live|x86.Build.0 = Debug|Any CPU
		{043C898D-E017-45E7-9EE6-7DC1FEF12CB2}.Release|Any CPU.ActiveCfg = Release|Any CPU
		{043C898D-E017-45E7-9EE6-7DC1FEF12CB2}.Release|Any CPU.Build.0 = Release|Any CPU
		{043C898D-E017-45E7-9EE6-7DC1FEF12CB2}.Release|ARM.ActiveCfg = Release|Any CPU
		{043C898D-E017-45E7-9EE6-7DC1FEF12CB2}.Release|ARM.Build.0 = Release|Any CPU
		{043C898D-E017-45E7-9EE6-7DC1FEF12CB2}.Release|x64.ActiveCfg = Release|Any CPU
		{043C898D-E017-45E7-9EE6-7DC1FEF12CB2}.Release|x64.Build.0 = Release|Any CPU
		{043C898D-E017-45E7-9EE6-7DC1FEF12CB2}.Release|x86.ActiveCfg = Release|Any CPU
		{043C898D-E017-45E7-9EE6-7DC1FEF12CB2}.Release|x86.Build.0 = Release|Any CPU
		{043C898D-E017-45E7-9EE6-7DC1FEF12CB2}.Stage|Any CPU.ActiveCfg = Debug|Any CPU
		{043C898D-E017-45E7-9EE6-7DC1FEF12CB2}.Stage|Any CPU.Build.0 = Debug|Any CPU
		{043C898D-E017-45E7-9EE6-7DC1FEF12CB2}.Stage|ARM.ActiveCfg = Debug|Any CPU
		{043C898D-E017-45E7-9EE6-7DC1FEF12CB2}.Stage|ARM.Build.0 = Debug|Any CPU
		{043C898D-E017-45E7-9EE6-7DC1FEF12CB2}.Stage|x64.ActiveCfg = Debug|Any CPU
		{043C898D-E017-45E7-9EE6-7DC1FEF12CB2}.Stage|x64.Build.0 = Debug|Any CPU
		{043C898D-E017-45E7-9EE6-7DC1FEF12CB2}.Stage|x86.ActiveCfg = Debug|Any CPU
		{043C898D-E017-45E7-9EE6-7DC1FEF12CB2}.Stage|x86.Build.0 = Debug|Any CPU
		{BC06C0DD-F52A-4EAD-9117-1B7F180456A2}.CommandMode|Any CPU.ActiveCfg = Debug|Any CPU
		{BC06C0DD-F52A-4EAD-9117-1B7F180456A2}.CommandMode|Any CPU.Build.0 = Debug|Any CPU
		{BC06C0DD-F52A-4EAD-9117-1B7F180456A2}.CommandMode|ARM.ActiveCfg = Debug|Any CPU
		{BC06C0DD-F52A-4EAD-9117-1B7F180456A2}.CommandMode|ARM.Build.0 = Debug|Any CPU
		{BC06C0DD-F52A-4EAD-9117-1B7F180456A2}.CommandMode|x64.ActiveCfg = Debug|Any CPU
		{BC06C0DD-F52A-4EAD-9117-1B7F180456A2}.CommandMode|x64.Build.0 = Debug|Any CPU
		{BC06C0DD-F52A-4EAD-9117-1B7F180456A2}.CommandMode|x86.ActiveCfg = Debug|Any CPU
		{BC06C0DD-F52A-4EAD-9117-1B7F180456A2}.CommandMode|x86.Build.0 = Debug|Any CPU
		{BC06C0DD-F52A-4EAD-9117-1B7F180456A2}.Debug|Any CPU.ActiveCfg = Debug|Any CPU
		{BC06C0DD-F52A-4EAD-9117-1B7F180456A2}.Debug|Any CPU.Build.0 = Debug|Any CPU
		{BC06C0DD-F52A-4EAD-9117-1B7F180456A2}.Debug|ARM.ActiveCfg = Debug|Any CPU
		{BC06C0DD-F52A-4EAD-9117-1B7F180456A2}.Debug|ARM.Build.0 = Debug|Any CPU
		{BC06C0DD-F52A-4EAD-9117-1B7F180456A2}.Debug|x64.ActiveCfg = Debug|Any CPU
		{BC06C0DD-F52A-4EAD-9117-1B7F180456A2}.Debug|x64.Build.0 = Debug|Any CPU
		{BC06C0DD-F52A-4EAD-9117-1B7F180456A2}.Debug|x86.ActiveCfg = Debug|Any CPU
		{BC06C0DD-F52A-4EAD-9117-1B7F180456A2}.Debug|x86.Build.0 = Debug|Any CPU
		{BC06C0DD-F52A-4EAD-9117-1B7F180456A2}.Integration|Any CPU.ActiveCfg = Debug|Any CPU
		{BC06C0DD-F52A-4EAD-9117-1B7F180456A2}.Integration|Any CPU.Build.0 = Debug|Any CPU
		{BC06C0DD-F52A-4EAD-9117-1B7F180456A2}.Integration|ARM.ActiveCfg = Debug|Any CPU
		{BC06C0DD-F52A-4EAD-9117-1B7F180456A2}.Integration|ARM.Build.0 = Debug|Any CPU
		{BC06C0DD-F52A-4EAD-9117-1B7F180456A2}.Integration|x64.ActiveCfg = Debug|Any CPU
		{BC06C0DD-F52A-4EAD-9117-1B7F180456A2}.Integration|x64.Build.0 = Debug|Any CPU
		{BC06C0DD-F52A-4EAD-9117-1B7F180456A2}.Integration|x86.ActiveCfg = Debug|Any CPU
		{BC06C0DD-F52A-4EAD-9117-1B7F180456A2}.Integration|x86.Build.0 = Debug|Any CPU
		{BC06C0DD-F52A-4EAD-9117-1B7F180456A2}.Live|Any CPU.ActiveCfg = Debug|Any CPU
		{BC06C0DD-F52A-4EAD-9117-1B7F180456A2}.Live|Any CPU.Build.0 = Debug|Any CPU
		{BC06C0DD-F52A-4EAD-9117-1B7F180456A2}.Live|ARM.ActiveCfg = Debug|Any CPU
		{BC06C0DD-F52A-4EAD-9117-1B7F180456A2}.Live|ARM.Build.0 = Debug|Any CPU
		{BC06C0DD-F52A-4EAD-9117-1B7F180456A2}.Live|x64.ActiveCfg = Debug|Any CPU
		{BC06C0DD-F52A-4EAD-9117-1B7F180456A2}.Live|x64.Build.0 = Debug|Any CPU
		{BC06C0DD-F52A-4EAD-9117-1B7F180456A2}.Live|x86.ActiveCfg = Debug|Any CPU
		{BC06C0DD-F52A-4EAD-9117-1B7F180456A2}.Live|x86.Build.0 = Debug|Any CPU
		{BC06C0DD-F52A-4EAD-9117-1B7F180456A2}.Release|Any CPU.ActiveCfg = Release|Any CPU
		{BC06C0DD-F52A-4EAD-9117-1B7F180456A2}.Release|Any CPU.Build.0 = Release|Any CPU
		{BC06C0DD-F52A-4EAD-9117-1B7F180456A2}.Release|ARM.ActiveCfg = Release|Any CPU
		{BC06C0DD-F52A-4EAD-9117-1B7F180456A2}.Release|ARM.Build.0 = Release|Any CPU
		{BC06C0DD-F52A-4EAD-9117-1B7F180456A2}.Release|x64.ActiveCfg = Release|Any CPU
		{BC06C0DD-F52A-4EAD-9117-1B7F180456A2}.Release|x64.Build.0 = Release|Any CPU
		{BC06C0DD-F52A-4EAD-9117-1B7F180456A2}.Release|x86.ActiveCfg = Release|Any CPU
		{BC06C0DD-F52A-4EAD-9117-1B7F180456A2}.Release|x86.Build.0 = Release|Any CPU
		{BC06C0DD-F52A-4EAD-9117-1B7F180456A2}.Stage|Any CPU.ActiveCfg = Debug|Any CPU
		{BC06C0DD-F52A-4EAD-9117-1B7F180456A2}.Stage|Any CPU.Build.0 = Debug|Any CPU
		{BC06C0DD-F52A-4EAD-9117-1B7F180456A2}.Stage|ARM.ActiveCfg = Debug|Any CPU
		{BC06C0DD-F52A-4EAD-9117-1B7F180456A2}.Stage|ARM.Build.0 = Debug|Any CPU
		{BC06C0DD-F52A-4EAD-9117-1B7F180456A2}.Stage|x64.ActiveCfg = Debug|Any CPU
		{BC06C0DD-F52A-4EAD-9117-1B7F180456A2}.Stage|x64.Build.0 = Debug|Any CPU
		{BC06C0DD-F52A-4EAD-9117-1B7F180456A2}.Stage|x86.ActiveCfg = Debug|Any CPU
		{BC06C0DD-F52A-4EAD-9117-1B7F180456A2}.Stage|x86.Build.0 = Debug|Any CPU
		{14C7B087-34C7-433C-A43C-0A29415EFDA5}.CommandMode|Any CPU.ActiveCfg = Debug|Any CPU
		{14C7B087-34C7-433C-A43C-0A29415EFDA5}.CommandMode|Any CPU.Build.0 = Debug|Any CPU
		{14C7B087-34C7-433C-A43C-0A29415EFDA5}.CommandMode|ARM.ActiveCfg = Debug|Any CPU
		{14C7B087-34C7-433C-A43C-0A29415EFDA5}.CommandMode|ARM.Build.0 = Debug|Any CPU
		{14C7B087-34C7-433C-A43C-0A29415EFDA5}.CommandMode|x64.ActiveCfg = Debug|Any CPU
		{14C7B087-34C7-433C-A43C-0A29415EFDA5}.CommandMode|x64.Build.0 = Debug|Any CPU
		{14C7B087-34C7-433C-A43C-0A29415EFDA5}.CommandMode|x86.ActiveCfg = Debug|Any CPU
		{14C7B087-34C7-433C-A43C-0A29415EFDA5}.CommandMode|x86.Build.0 = Debug|Any CPU
		{14C7B087-34C7-433C-A43C-0A29415EFDA5}.Debug|Any CPU.ActiveCfg = Debug|Any CPU
		{14C7B087-34C7-433C-A43C-0A29415EFDA5}.Debug|Any CPU.Build.0 = Debug|Any CPU
		{14C7B087-34C7-433C-A43C-0A29415EFDA5}.Debug|ARM.ActiveCfg = Debug|Any CPU
		{14C7B087-34C7-433C-A43C-0A29415EFDA5}.Debug|ARM.Build.0 = Debug|Any CPU
		{14C7B087-34C7-433C-A43C-0A29415EFDA5}.Debug|x64.ActiveCfg = Debug|Any CPU
		{14C7B087-34C7-433C-A43C-0A29415EFDA5}.Debug|x64.Build.0 = Debug|Any CPU
		{14C7B087-34C7-433C-A43C-0A29415EFDA5}.Debug|x86.ActiveCfg = Debug|Any CPU
		{14C7B087-34C7-433C-A43C-0A29415EFDA5}.Debug|x86.Build.0 = Debug|Any CPU
		{14C7B087-34C7-433C-A43C-0A29415EFDA5}.Integration|Any CPU.ActiveCfg = Debug|Any CPU
		{14C7B087-34C7-433C-A43C-0A29415EFDA5}.Integration|Any CPU.Build.0 = Debug|Any CPU
		{14C7B087-34C7-433C-A43C-0A29415EFDA5}.Integration|ARM.ActiveCfg = Debug|Any CPU
		{14C7B087-34C7-433C-A43C-0A29415EFDA5}.Integration|ARM.Build.0 = Debug|Any CPU
		{14C7B087-34C7-433C-A43C-0A29415EFDA5}.Integration|x64.ActiveCfg = Debug|Any CPU
		{14C7B087-34C7-433C-A43C-0A29415EFDA5}.Integration|x64.Build.0 = Debug|Any CPU
		{14C7B087-34C7-433C-A43C-0A29415EFDA5}.Integration|x86.ActiveCfg = Debug|Any CPU
		{14C7B087-34C7-433C-A43C-0A29415EFDA5}.Integration|x86.Build.0 = Debug|Any CPU
		{14C7B087-34C7-433C-A43C-0A29415EFDA5}.Live|Any CPU.ActiveCfg = Debug|Any CPU
		{14C7B087-34C7-433C-A43C-0A29415EFDA5}.Live|Any CPU.Build.0 = Debug|Any CPU
		{14C7B087-34C7-433C-A43C-0A29415EFDA5}.Live|ARM.ActiveCfg = Debug|Any CPU
		{14C7B087-34C7-433C-A43C-0A29415EFDA5}.Live|ARM.Build.0 = Debug|Any CPU
		{14C7B087-34C7-433C-A43C-0A29415EFDA5}.Live|x64.ActiveCfg = Debug|Any CPU
		{14C7B087-34C7-433C-A43C-0A29415EFDA5}.Live|x64.Build.0 = Debug|Any CPU
		{14C7B087-34C7-433C-A43C-0A29415EFDA5}.Live|x86.ActiveCfg = Debug|Any CPU
		{14C7B087-34C7-433C-A43C-0A29415EFDA5}.Live|x86.Build.0 = Debug|Any CPU
		{14C7B087-34C7-433C-A43C-0A29415EFDA5}.Release|Any CPU.ActiveCfg = Release|Any CPU
		{14C7B087-34C7-433C-A43C-0A29415EFDA5}.Release|Any CPU.Build.0 = Release|Any CPU
		{14C7B087-34C7-433C-A43C-0A29415EFDA5}.Release|ARM.ActiveCfg = Release|Any CPU
		{14C7B087-34C7-433C-A43C-0A29415EFDA5}.Release|ARM.Build.0 = Release|Any CPU
		{14C7B087-34C7-433C-A43C-0A29415EFDA5}.Release|x64.ActiveCfg = Release|Any CPU
		{14C7B087-34C7-433C-A43C-0A29415EFDA5}.Release|x64.Build.0 = Release|Any CPU
		{14C7B087-34C7-433C-A43C-0A29415EFDA5}.Release|x86.ActiveCfg = Release|Any CPU
		{14C7B087-34C7-433C-A43C-0A29415EFDA5}.Release|x86.Build.0 = Release|Any CPU
		{14C7B087-34C7-433C-A43C-0A29415EFDA5}.Stage|Any CPU.ActiveCfg = Debug|Any CPU
		{14C7B087-34C7-433C-A43C-0A29415EFDA5}.Stage|Any CPU.Build.0 = Debug|Any CPU
		{14C7B087-34C7-433C-A43C-0A29415EFDA5}.Stage|ARM.ActiveCfg = Debug|Any CPU
		{14C7B087-34C7-433C-A43C-0A29415EFDA5}.Stage|ARM.Build.0 = Debug|Any CPU
		{14C7B087-34C7-433C-A43C-0A29415EFDA5}.Stage|x64.ActiveCfg = Debug|Any CPU
		{14C7B087-34C7-433C-A43C-0A29415EFDA5}.Stage|x64.Build.0 = Debug|Any CPU
		{14C7B087-34C7-433C-A43C-0A29415EFDA5}.Stage|x86.ActiveCfg = Debug|Any CPU
		{14C7B087-34C7-433C-A43C-0A29415EFDA5}.Stage|x86.Build.0 = Debug|Any CPU
		{A0128BD9-5F57-4DE6-AB96-C774B8A0F6ED}.CommandMode|Any CPU.ActiveCfg = Debug|Any CPU
		{A0128BD9-5F57-4DE6-AB96-C774B8A0F6ED}.CommandMode|Any CPU.Build.0 = Debug|Any CPU
		{A0128BD9-5F57-4DE6-AB96-C774B8A0F6ED}.CommandMode|ARM.ActiveCfg = Debug|Any CPU
		{A0128BD9-5F57-4DE6-AB96-C774B8A0F6ED}.CommandMode|ARM.Build.0 = Debug|Any CPU
		{A0128BD9-5F57-4DE6-AB96-C774B8A0F6ED}.CommandMode|x64.ActiveCfg = Debug|Any CPU
		{A0128BD9-5F57-4DE6-AB96-C774B8A0F6ED}.CommandMode|x64.Build.0 = Debug|Any CPU
		{A0128BD9-5F57-4DE6-AB96-C774B8A0F6ED}.CommandMode|x86.ActiveCfg = Debug|Any CPU
		{A0128BD9-5F57-4DE6-AB96-C774B8A0F6ED}.CommandMode|x86.Build.0 = Debug|Any CPU
		{A0128BD9-5F57-4DE6-AB96-C774B8A0F6ED}.Debug|Any CPU.ActiveCfg = Debug|Any CPU
		{A0128BD9-5F57-4DE6-AB96-C774B8A0F6ED}.Debug|Any CPU.Build.0 = Debug|Any CPU
		{A0128BD9-5F57-4DE6-AB96-C774B8A0F6ED}.Debug|ARM.ActiveCfg = Debug|Any CPU
		{A0128BD9-5F57-4DE6-AB96-C774B8A0F6ED}.Debug|ARM.Build.0 = Debug|Any CPU
		{A0128BD9-5F57-4DE6-AB96-C774B8A0F6ED}.Debug|x64.ActiveCfg = Debug|Any CPU
		{A0128BD9-5F57-4DE6-AB96-C774B8A0F6ED}.Debug|x64.Build.0 = Debug|Any CPU
		{A0128BD9-5F57-4DE6-AB96-C774B8A0F6ED}.Debug|x86.ActiveCfg = Debug|Any CPU
		{A0128BD9-5F57-4DE6-AB96-C774B8A0F6ED}.Debug|x86.Build.0 = Debug|Any CPU
		{A0128BD9-5F57-4DE6-AB96-C774B8A0F6ED}.Integration|Any CPU.ActiveCfg = Debug|Any CPU
		{A0128BD9-5F57-4DE6-AB96-C774B8A0F6ED}.Integration|Any CPU.Build.0 = Debug|Any CPU
		{A0128BD9-5F57-4DE6-AB96-C774B8A0F6ED}.Integration|ARM.ActiveCfg = Debug|Any CPU
		{A0128BD9-5F57-4DE6-AB96-C774B8A0F6ED}.Integration|ARM.Build.0 = Debug|Any CPU
		{A0128BD9-5F57-4DE6-AB96-C774B8A0F6ED}.Integration|x64.ActiveCfg = Debug|Any CPU
		{A0128BD9-5F57-4DE6-AB96-C774B8A0F6ED}.Integration|x64.Build.0 = Debug|Any CPU
		{A0128BD9-5F57-4DE6-AB96-C774B8A0F6ED}.Integration|x86.ActiveCfg = Debug|Any CPU
		{A0128BD9-5F57-4DE6-AB96-C774B8A0F6ED}.Integration|x86.Build.0 = Debug|Any CPU
		{A0128BD9-5F57-4DE6-AB96-C774B8A0F6ED}.Live|Any CPU.ActiveCfg = Debug|Any CPU
		{A0128BD9-5F57-4DE6-AB96-C774B8A0F6ED}.Live|Any CPU.Build.0 = Debug|Any CPU
		{A0128BD9-5F57-4DE6-AB96-C774B8A0F6ED}.Live|ARM.ActiveCfg = Debug|Any CPU
		{A0128BD9-5F57-4DE6-AB96-C774B8A0F6ED}.Live|ARM.Build.0 = Debug|Any CPU
		{A0128BD9-5F57-4DE6-AB96-C774B8A0F6ED}.Live|x64.ActiveCfg = Debug|Any CPU
		{A0128BD9-5F57-4DE6-AB96-C774B8A0F6ED}.Live|x64.Build.0 = Debug|Any CPU
		{A0128BD9-5F57-4DE6-AB96-C774B8A0F6ED}.Live|x86.ActiveCfg = Debug|Any CPU
		{A0128BD9-5F57-4DE6-AB96-C774B8A0F6ED}.Live|x86.Build.0 = Debug|Any CPU
		{A0128BD9-5F57-4DE6-AB96-C774B8A0F6ED}.Release|Any CPU.ActiveCfg = Release|Any CPU
		{A0128BD9-5F57-4DE6-AB96-C774B8A0F6ED}.Release|Any CPU.Build.0 = Release|Any CPU
		{A0128BD9-5F57-4DE6-AB96-C774B8A0F6ED}.Release|ARM.ActiveCfg = Release|Any CPU
		{A0128BD9-5F57-4DE6-AB96-C774B8A0F6ED}.Release|ARM.Build.0 = Release|Any CPU
		{A0128BD9-5F57-4DE6-AB96-C774B8A0F6ED}.Release|x64.ActiveCfg = Release|Any CPU
		{A0128BD9-5F57-4DE6-AB96-C774B8A0F6ED}.Release|x64.Build.0 = Release|Any CPU
		{A0128BD9-5F57-4DE6-AB96-C774B8A0F6ED}.Release|x86.ActiveCfg = Release|Any CPU
		{A0128BD9-5F57-4DE6-AB96-C774B8A0F6ED}.Release|x86.Build.0 = Release|Any CPU
		{A0128BD9-5F57-4DE6-AB96-C774B8A0F6ED}.Stage|Any CPU.ActiveCfg = Debug|Any CPU
		{A0128BD9-5F57-4DE6-AB96-C774B8A0F6ED}.Stage|Any CPU.Build.0 = Debug|Any CPU
		{A0128BD9-5F57-4DE6-AB96-C774B8A0F6ED}.Stage|ARM.ActiveCfg = Debug|Any CPU
		{A0128BD9-5F57-4DE6-AB96-C774B8A0F6ED}.Stage|ARM.Build.0 = Debug|Any CPU
		{A0128BD9-5F57-4DE6-AB96-C774B8A0F6ED}.Stage|x64.ActiveCfg = Debug|Any CPU
		{A0128BD9-5F57-4DE6-AB96-C774B8A0F6ED}.Stage|x64.Build.0 = Debug|Any CPU
		{A0128BD9-5F57-4DE6-AB96-C774B8A0F6ED}.Stage|x86.ActiveCfg = Debug|Any CPU
		{A0128BD9-5F57-4DE6-AB96-C774B8A0F6ED}.Stage|x86.Build.0 = Debug|Any CPU
		{2AAC5C38-D110-4441-B323-AE06C0E3C56B}.CommandMode|Any CPU.ActiveCfg = Debug|Any CPU
		{2AAC5C38-D110-4441-B323-AE06C0E3C56B}.CommandMode|Any CPU.Build.0 = Debug|Any CPU
		{2AAC5C38-D110-4441-B323-AE06C0E3C56B}.CommandMode|ARM.ActiveCfg = Debug|Any CPU
		{2AAC5C38-D110-4441-B323-AE06C0E3C56B}.CommandMode|ARM.Build.0 = Debug|Any CPU
		{2AAC5C38-D110-4441-B323-AE06C0E3C56B}.CommandMode|x64.ActiveCfg = Debug|Any CPU
		{2AAC5C38-D110-4441-B323-AE06C0E3C56B}.CommandMode|x64.Build.0 = Debug|Any CPU
		{2AAC5C38-D110-4441-B323-AE06C0E3C56B}.CommandMode|x86.ActiveCfg = Debug|Any CPU
		{2AAC5C38-D110-4441-B323-AE06C0E3C56B}.CommandMode|x86.Build.0 = Debug|Any CPU
		{2AAC5C38-D110-4441-B323-AE06C0E3C56B}.Debug|Any CPU.ActiveCfg = Debug|Any CPU
		{2AAC5C38-D110-4441-B323-AE06C0E3C56B}.Debug|Any CPU.Build.0 = Debug|Any CPU
		{2AAC5C38-D110-4441-B323-AE06C0E3C56B}.Debug|ARM.ActiveCfg = Debug|Any CPU
		{2AAC5C38-D110-4441-B323-AE06C0E3C56B}.Debug|ARM.Build.0 = Debug|Any CPU
		{2AAC5C38-D110-4441-B323-AE06C0E3C56B}.Debug|x64.ActiveCfg = Debug|Any CPU
		{2AAC5C38-D110-4441-B323-AE06C0E3C56B}.Debug|x64.Build.0 = Debug|Any CPU
		{2AAC5C38-D110-4441-B323-AE06C0E3C56B}.Debug|x86.ActiveCfg = Debug|Any CPU
		{2AAC5C38-D110-4441-B323-AE06C0E3C56B}.Debug|x86.Build.0 = Debug|Any CPU
		{2AAC5C38-D110-4441-B323-AE06C0E3C56B}.Integration|Any CPU.ActiveCfg = Debug|Any CPU
		{2AAC5C38-D110-4441-B323-AE06C0E3C56B}.Integration|Any CPU.Build.0 = Debug|Any CPU
		{2AAC5C38-D110-4441-B323-AE06C0E3C56B}.Integration|ARM.ActiveCfg = Debug|Any CPU
		{2AAC5C38-D110-4441-B323-AE06C0E3C56B}.Integration|ARM.Build.0 = Debug|Any CPU
		{2AAC5C38-D110-4441-B323-AE06C0E3C56B}.Integration|x64.ActiveCfg = Debug|Any CPU
		{2AAC5C38-D110-4441-B323-AE06C0E3C56B}.Integration|x64.Build.0 = Debug|Any CPU
		{2AAC5C38-D110-4441-B323-AE06C0E3C56B}.Integration|x86.ActiveCfg = Debug|Any CPU
		{2AAC5C38-D110-4441-B323-AE06C0E3C56B}.Integration|x86.Build.0 = Debug|Any CPU
		{2AAC5C38-D110-4441-B323-AE06C0E3C56B}.Live|Any CPU.ActiveCfg = Debug|Any CPU
		{2AAC5C38-D110-4441-B323-AE06C0E3C56B}.Live|Any CPU.Build.0 = Debug|Any CPU
		{2AAC5C38-D110-4441-B323-AE06C0E3C56B}.Live|ARM.ActiveCfg = Debug|Any CPU
		{2AAC5C38-D110-4441-B323-AE06C0E3C56B}.Live|ARM.Build.0 = Debug|Any CPU
		{2AAC5C38-D110-4441-B323-AE06C0E3C56B}.Live|x64.ActiveCfg = Debug|Any CPU
		{2AAC5C38-D110-4441-B323-AE06C0E3C56B}.Live|x64.Build.0 = Debug|Any CPU
		{2AAC5C38-D110-4441-B323-AE06C0E3C56B}.Live|x86.ActiveCfg = Debug|Any CPU
		{2AAC5C38-D110-4441-B323-AE06C0E3C56B}.Live|x86.Build.0 = Debug|Any CPU
		{2AAC5C38-D110-4441-B323-AE06C0E3C56B}.Release|Any CPU.ActiveCfg = Release|Any CPU
		{2AAC5C38-D110-4441-B323-AE06C0E3C56B}.Release|Any CPU.Build.0 = Release|Any CPU
		{2AAC5C38-D110-4441-B323-AE06C0E3C56B}.Release|ARM.ActiveCfg = Release|Any CPU
		{2AAC5C38-D110-4441-B323-AE06C0E3C56B}.Release|ARM.Build.0 = Release|Any CPU
		{2AAC5C38-D110-4441-B323-AE06C0E3C56B}.Release|x64.ActiveCfg = Release|Any CPU
		{2AAC5C38-D110-4441-B323-AE06C0E3C56B}.Release|x64.Build.0 = Release|Any CPU
		{2AAC5C38-D110-4441-B323-AE06C0E3C56B}.Release|x86.ActiveCfg = Release|Any CPU
		{2AAC5C38-D110-4441-B323-AE06C0E3C56B}.Release|x86.Build.0 = Release|Any CPU
		{2AAC5C38-D110-4441-B323-AE06C0E3C56B}.Stage|Any CPU.ActiveCfg = Debug|Any CPU
		{2AAC5C38-D110-4441-B323-AE06C0E3C56B}.Stage|Any CPU.Build.0 = Debug|Any CPU
		{2AAC5C38-D110-4441-B323-AE06C0E3C56B}.Stage|ARM.ActiveCfg = Debug|Any CPU
		{2AAC5C38-D110-4441-B323-AE06C0E3C56B}.Stage|ARM.Build.0 = Debug|Any CPU
		{2AAC5C38-D110-4441-B323-AE06C0E3C56B}.Stage|x64.ActiveCfg = Debug|Any CPU
		{2AAC5C38-D110-4441-B323-AE06C0E3C56B}.Stage|x64.Build.0 = Debug|Any CPU
		{2AAC5C38-D110-4441-B323-AE06C0E3C56B}.Stage|x86.ActiveCfg = Debug|Any CPU
		{2AAC5C38-D110-4441-B323-AE06C0E3C56B}.Stage|x86.Build.0 = Debug|Any CPU
		{E9EB3E45-75D5-4387-A8F9-3968925F9629}.CommandMode|Any CPU.ActiveCfg = Debug|Any CPU
		{E9EB3E45-75D5-4387-A8F9-3968925F9629}.CommandMode|Any CPU.Build.0 = Debug|Any CPU
		{E9EB3E45-75D5-4387-A8F9-3968925F9629}.CommandMode|ARM.ActiveCfg = Debug|Any CPU
		{E9EB3E45-75D5-4387-A8F9-3968925F9629}.CommandMode|ARM.Build.0 = Debug|Any CPU
		{E9EB3E45-75D5-4387-A8F9-3968925F9629}.CommandMode|x64.ActiveCfg = Debug|Any CPU
		{E9EB3E45-75D5-4387-A8F9-3968925F9629}.CommandMode|x64.Build.0 = Debug|Any CPU
		{E9EB3E45-75D5-4387-A8F9-3968925F9629}.CommandMode|x86.ActiveCfg = Debug|Any CPU
		{E9EB3E45-75D5-4387-A8F9-3968925F9629}.CommandMode|x86.Build.0 = Debug|Any CPU
		{E9EB3E45-75D5-4387-A8F9-3968925F9629}.Debug|Any CPU.ActiveCfg = Debug|Any CPU
		{E9EB3E45-75D5-4387-A8F9-3968925F9629}.Debug|Any CPU.Build.0 = Debug|Any CPU
		{E9EB3E45-75D5-4387-A8F9-3968925F9629}.Debug|ARM.ActiveCfg = Debug|Any CPU
		{E9EB3E45-75D5-4387-A8F9-3968925F9629}.Debug|ARM.Build.0 = Debug|Any CPU
		{E9EB3E45-75D5-4387-A8F9-3968925F9629}.Debug|x64.ActiveCfg = Debug|Any CPU
		{E9EB3E45-75D5-4387-A8F9-3968925F9629}.Debug|x64.Build.0 = Debug|Any CPU
		{E9EB3E45-75D5-4387-A8F9-3968925F9629}.Debug|x86.ActiveCfg = Debug|Any CPU
		{E9EB3E45-75D5-4387-A8F9-3968925F9629}.Debug|x86.Build.0 = Debug|Any CPU
		{E9EB3E45-75D5-4387-A8F9-3968925F9629}.Integration|Any CPU.ActiveCfg = Debug|Any CPU
		{E9EB3E45-75D5-4387-A8F9-3968925F9629}.Integration|Any CPU.Build.0 = Debug|Any CPU
		{E9EB3E45-75D5-4387-A8F9-3968925F9629}.Integration|ARM.ActiveCfg = Debug|Any CPU
		{E9EB3E45-75D5-4387-A8F9-3968925F9629}.Integration|ARM.Build.0 = Debug|Any CPU
		{E9EB3E45-75D5-4387-A8F9-3968925F9629}.Integration|x64.ActiveCfg = Debug|Any CPU
		{E9EB3E45-75D5-4387-A8F9-3968925F9629}.Integration|x64.Build.0 = Debug|Any CPU
		{E9EB3E45-75D5-4387-A8F9-3968925F9629}.Integration|x86.ActiveCfg = Debug|Any CPU
		{E9EB3E45-75D5-4387-A8F9-3968925F9629}.Integration|x86.Build.0 = Debug|Any CPU
		{E9EB3E45-75D5-4387-A8F9-3968925F9629}.Live|Any CPU.ActiveCfg = Debug|Any CPU
		{E9EB3E45-75D5-4387-A8F9-3968925F9629}.Live|Any CPU.Build.0 = Debug|Any CPU
		{E9EB3E45-75D5-4387-A8F9-3968925F9629}.Live|ARM.ActiveCfg = Debug|Any CPU
		{E9EB3E45-75D5-4387-A8F9-3968925F9629}.Live|ARM.Build.0 = Debug|Any CPU
		{E9EB3E45-75D5-4387-A8F9-3968925F9629}.Live|x64.ActiveCfg = Debug|Any CPU
		{E9EB3E45-75D5-4387-A8F9-3968925F9629}.Live|x64.Build.0 = Debug|Any CPU
		{E9EB3E45-75D5-4387-A8F9-3968925F9629}.Live|x86.ActiveCfg = Debug|Any CPU
		{E9EB3E45-75D5-4387-A8F9-3968925F9629}.Live|x86.Build.0 = Debug|Any CPU
		{E9EB3E45-75D5-4387-A8F9-3968925F9629}.Release|Any CPU.ActiveCfg = Release|Any CPU
		{E9EB3E45-75D5-4387-A8F9-3968925F9629}.Release|Any CPU.Build.0 = Release|Any CPU
		{E9EB3E45-75D5-4387-A8F9-3968925F9629}.Release|ARM.ActiveCfg = Release|Any CPU
		{E9EB3E45-75D5-4387-A8F9-3968925F9629}.Release|ARM.Build.0 = Release|Any CPU
		{E9EB3E45-75D5-4387-A8F9-3968925F9629}.Release|x64.ActiveCfg = Release|Any CPU
		{E9EB3E45-75D5-4387-A8F9-3968925F9629}.Release|x64.Build.0 = Release|Any CPU
		{E9EB3E45-75D5-4387-A8F9-3968925F9629}.Release|x86.ActiveCfg = Release|Any CPU
		{E9EB3E45-75D5-4387-A8F9-3968925F9629}.Release|x86.Build.0 = Release|Any CPU
		{E9EB3E45-75D5-4387-A8F9-3968925F9629}.Stage|Any CPU.ActiveCfg = Debug|Any CPU
		{E9EB3E45-75D5-4387-A8F9-3968925F9629}.Stage|Any CPU.Build.0 = Debug|Any CPU
		{E9EB3E45-75D5-4387-A8F9-3968925F9629}.Stage|ARM.ActiveCfg = Debug|Any CPU
		{E9EB3E45-75D5-4387-A8F9-3968925F9629}.Stage|ARM.Build.0 = Debug|Any CPU
		{E9EB3E45-75D5-4387-A8F9-3968925F9629}.Stage|x64.ActiveCfg = Debug|Any CPU
		{E9EB3E45-75D5-4387-A8F9-3968925F9629}.Stage|x64.Build.0 = Debug|Any CPU
		{E9EB3E45-75D5-4387-A8F9-3968925F9629}.Stage|x86.ActiveCfg = Debug|Any CPU
		{E9EB3E45-75D5-4387-A8F9-3968925F9629}.Stage|x86.Build.0 = Debug|Any CPU
		{B7F33C3B-4133-49C5-B761-2542477CAE64}.CommandMode|Any CPU.ActiveCfg = Debug|Any CPU
		{B7F33C3B-4133-49C5-B761-2542477CAE64}.CommandMode|Any CPU.Build.0 = Debug|Any CPU
		{B7F33C3B-4133-49C5-B761-2542477CAE64}.CommandMode|ARM.ActiveCfg = Debug|Any CPU
		{B7F33C3B-4133-49C5-B761-2542477CAE64}.CommandMode|ARM.Build.0 = Debug|Any CPU
		{B7F33C3B-4133-49C5-B761-2542477CAE64}.CommandMode|x64.ActiveCfg = Debug|Any CPU
		{B7F33C3B-4133-49C5-B761-2542477CAE64}.CommandMode|x64.Build.0 = Debug|Any CPU
		{B7F33C3B-4133-49C5-B761-2542477CAE64}.CommandMode|x86.ActiveCfg = Debug|Any CPU
		{B7F33C3B-4133-49C5-B761-2542477CAE64}.CommandMode|x86.Build.0 = Debug|Any CPU
		{B7F33C3B-4133-49C5-B761-2542477CAE64}.Debug|Any CPU.ActiveCfg = Debug|Any CPU
		{B7F33C3B-4133-49C5-B761-2542477CAE64}.Debug|Any CPU.Build.0 = Debug|Any CPU
		{B7F33C3B-4133-49C5-B761-2542477CAE64}.Debug|ARM.ActiveCfg = Debug|Any CPU
		{B7F33C3B-4133-49C5-B761-2542477CAE64}.Debug|ARM.Build.0 = Debug|Any CPU
		{B7F33C3B-4133-49C5-B761-2542477CAE64}.Debug|x64.ActiveCfg = Debug|Any CPU
		{B7F33C3B-4133-49C5-B761-2542477CAE64}.Debug|x64.Build.0 = Debug|Any CPU
		{B7F33C3B-4133-49C5-B761-2542477CAE64}.Debug|x86.ActiveCfg = Debug|Any CPU
		{B7F33C3B-4133-49C5-B761-2542477CAE64}.Debug|x86.Build.0 = Debug|Any CPU
		{B7F33C3B-4133-49C5-B761-2542477CAE64}.Integration|Any CPU.ActiveCfg = Debug|Any CPU
		{B7F33C3B-4133-49C5-B761-2542477CAE64}.Integration|Any CPU.Build.0 = Debug|Any CPU
		{B7F33C3B-4133-49C5-B761-2542477CAE64}.Integration|ARM.ActiveCfg = Debug|Any CPU
		{B7F33C3B-4133-49C5-B761-2542477CAE64}.Integration|ARM.Build.0 = Debug|Any CPU
		{B7F33C3B-4133-49C5-B761-2542477CAE64}.Integration|x64.ActiveCfg = Debug|Any CPU
		{B7F33C3B-4133-49C5-B761-2542477CAE64}.Integration|x64.Build.0 = Debug|Any CPU
		{B7F33C3B-4133-49C5-B761-2542477CAE64}.Integration|x86.ActiveCfg = Debug|Any CPU
		{B7F33C3B-4133-49C5-B761-2542477CAE64}.Integration|x86.Build.0 = Debug|Any CPU
		{B7F33C3B-4133-49C5-B761-2542477CAE64}.Live|Any CPU.ActiveCfg = Debug|Any CPU
		{B7F33C3B-4133-49C5-B761-2542477CAE64}.Live|Any CPU.Build.0 = Debug|Any CPU
		{B7F33C3B-4133-49C5-B761-2542477CAE64}.Live|ARM.ActiveCfg = Debug|Any CPU
		{B7F33C3B-4133-49C5-B761-2542477CAE64}.Live|ARM.Build.0 = Debug|Any CPU
		{B7F33C3B-4133-49C5-B761-2542477CAE64}.Live|x64.ActiveCfg = Debug|Any CPU
		{B7F33C3B-4133-49C5-B761-2542477CAE64}.Live|x64.Build.0 = Debug|Any CPU
		{B7F33C3B-4133-49C5-B761-2542477CAE64}.Live|x86.ActiveCfg = Debug|Any CPU
		{B7F33C3B-4133-49C5-B761-2542477CAE64}.Live|x86.Build.0 = Debug|Any CPU
		{B7F33C3B-4133-49C5-B761-2542477CAE64}.Release|Any CPU.ActiveCfg = Release|Any CPU
		{B7F33C3B-4133-49C5-B761-2542477CAE64}.Release|Any CPU.Build.0 = Release|Any CPU
		{B7F33C3B-4133-49C5-B761-2542477CAE64}.Release|ARM.ActiveCfg = Release|Any CPU
		{B7F33C3B-4133-49C5-B761-2542477CAE64}.Release|ARM.Build.0 = Release|Any CPU
		{B7F33C3B-4133-49C5-B761-2542477CAE64}.Release|x64.ActiveCfg = Release|Any CPU
		{B7F33C3B-4133-49C5-B761-2542477CAE64}.Release|x64.Build.0 = Release|Any CPU
		{B7F33C3B-4133-49C5-B761-2542477CAE64}.Release|x86.ActiveCfg = Release|Any CPU
		{B7F33C3B-4133-49C5-B761-2542477CAE64}.Release|x86.Build.0 = Release|Any CPU
		{B7F33C3B-4133-49C5-B761-2542477CAE64}.Stage|Any CPU.ActiveCfg = Debug|Any CPU
		{B7F33C3B-4133-49C5-B761-2542477CAE64}.Stage|Any CPU.Build.0 = Debug|Any CPU
		{B7F33C3B-4133-49C5-B761-2542477CAE64}.Stage|ARM.ActiveCfg = Debug|Any CPU
		{B7F33C3B-4133-49C5-B761-2542477CAE64}.Stage|ARM.Build.0 = Debug|Any CPU
		{B7F33C3B-4133-49C5-B761-2542477CAE64}.Stage|x64.ActiveCfg = Debug|Any CPU
		{B7F33C3B-4133-49C5-B761-2542477CAE64}.Stage|x64.Build.0 = Debug|Any CPU
		{B7F33C3B-4133-49C5-B761-2542477CAE64}.Stage|x86.ActiveCfg = Debug|Any CPU
		{B7F33C3B-4133-49C5-B761-2542477CAE64}.Stage|x86.Build.0 = Debug|Any CPU
		{722710CF-E6EA-436D-BFF9-F70C8859A85C}.CommandMode|Any CPU.ActiveCfg = Debug|Any CPU
		{722710CF-E6EA-436D-BFF9-F70C8859A85C}.CommandMode|Any CPU.Build.0 = Debug|Any CPU
		{722710CF-E6EA-436D-BFF9-F70C8859A85C}.CommandMode|ARM.ActiveCfg = Debug|Any CPU
		{722710CF-E6EA-436D-BFF9-F70C8859A85C}.CommandMode|ARM.Build.0 = Debug|Any CPU
		{722710CF-E6EA-436D-BFF9-F70C8859A85C}.CommandMode|x64.ActiveCfg = Debug|Any CPU
		{722710CF-E6EA-436D-BFF9-F70C8859A85C}.CommandMode|x64.Build.0 = Debug|Any CPU
		{722710CF-E6EA-436D-BFF9-F70C8859A85C}.CommandMode|x86.ActiveCfg = Debug|Any CPU
		{722710CF-E6EA-436D-BFF9-F70C8859A85C}.CommandMode|x86.Build.0 = Debug|Any CPU
		{722710CF-E6EA-436D-BFF9-F70C8859A85C}.Debug|Any CPU.ActiveCfg = Debug|Any CPU
		{722710CF-E6EA-436D-BFF9-F70C8859A85C}.Debug|Any CPU.Build.0 = Debug|Any CPU
		{722710CF-E6EA-436D-BFF9-F70C8859A85C}.Debug|ARM.ActiveCfg = Debug|Any CPU
		{722710CF-E6EA-436D-BFF9-F70C8859A85C}.Debug|ARM.Build.0 = Debug|Any CPU
		{722710CF-E6EA-436D-BFF9-F70C8859A85C}.Debug|x64.ActiveCfg = Debug|Any CPU
		{722710CF-E6EA-436D-BFF9-F70C8859A85C}.Debug|x64.Build.0 = Debug|Any CPU
		{722710CF-E6EA-436D-BFF9-F70C8859A85C}.Debug|x86.ActiveCfg = Debug|Any CPU
		{722710CF-E6EA-436D-BFF9-F70C8859A85C}.Debug|x86.Build.0 = Debug|Any CPU
		{722710CF-E6EA-436D-BFF9-F70C8859A85C}.Integration|Any CPU.ActiveCfg = Debug|Any CPU
		{722710CF-E6EA-436D-BFF9-F70C8859A85C}.Integration|Any CPU.Build.0 = Debug|Any CPU
		{722710CF-E6EA-436D-BFF9-F70C8859A85C}.Integration|ARM.ActiveCfg = Debug|Any CPU
		{722710CF-E6EA-436D-BFF9-F70C8859A85C}.Integration|ARM.Build.0 = Debug|Any CPU
		{722710CF-E6EA-436D-BFF9-F70C8859A85C}.Integration|x64.ActiveCfg = Debug|Any CPU
		{722710CF-E6EA-436D-BFF9-F70C8859A85C}.Integration|x64.Build.0 = Debug|Any CPU
		{722710CF-E6EA-436D-BFF9-F70C8859A85C}.Integration|x86.ActiveCfg = Debug|Any CPU
		{722710CF-E6EA-436D-BFF9-F70C8859A85C}.Integration|x86.Build.0 = Debug|Any CPU
		{722710CF-E6EA-436D-BFF9-F70C8859A85C}.Live|Any CPU.ActiveCfg = Debug|Any CPU
		{722710CF-E6EA-436D-BFF9-F70C8859A85C}.Live|Any CPU.Build.0 = Debug|Any CPU
		{722710CF-E6EA-436D-BFF9-F70C8859A85C}.Live|ARM.ActiveCfg = Debug|Any CPU
		{722710CF-E6EA-436D-BFF9-F70C8859A85C}.Live|ARM.Build.0 = Debug|Any CPU
		{722710CF-E6EA-436D-BFF9-F70C8859A85C}.Live|x64.ActiveCfg = Debug|Any CPU
		{722710CF-E6EA-436D-BFF9-F70C8859A85C}.Live|x64.Build.0 = Debug|Any CPU
		{722710CF-E6EA-436D-BFF9-F70C8859A85C}.Live|x86.ActiveCfg = Debug|Any CPU
		{722710CF-E6EA-436D-BFF9-F70C8859A85C}.Live|x86.Build.0 = Debug|Any CPU
		{722710CF-E6EA-436D-BFF9-F70C8859A85C}.Release|Any CPU.ActiveCfg = Release|Any CPU
		{722710CF-E6EA-436D-BFF9-F70C8859A85C}.Release|Any CPU.Build.0 = Release|Any CPU
		{722710CF-E6EA-436D-BFF9-F70C8859A85C}.Release|ARM.ActiveCfg = Release|Any CPU
		{722710CF-E6EA-436D-BFF9-F70C8859A85C}.Release|ARM.Build.0 = Release|Any CPU
		{722710CF-E6EA-436D-BFF9-F70C8859A85C}.Release|x64.ActiveCfg = Release|Any CPU
		{722710CF-E6EA-436D-BFF9-F70C8859A85C}.Release|x64.Build.0 = Release|Any CPU
		{722710CF-E6EA-436D-BFF9-F70C8859A85C}.Release|x86.ActiveCfg = Release|Any CPU
		{722710CF-E6EA-436D-BFF9-F70C8859A85C}.Release|x86.Build.0 = Release|Any CPU
		{722710CF-E6EA-436D-BFF9-F70C8859A85C}.Stage|Any CPU.ActiveCfg = Debug|Any CPU
		{722710CF-E6EA-436D-BFF9-F70C8859A85C}.Stage|Any CPU.Build.0 = Debug|Any CPU
		{722710CF-E6EA-436D-BFF9-F70C8859A85C}.Stage|ARM.ActiveCfg = Debug|Any CPU
		{722710CF-E6EA-436D-BFF9-F70C8859A85C}.Stage|ARM.Build.0 = Debug|Any CPU
		{722710CF-E6EA-436D-BFF9-F70C8859A85C}.Stage|x64.ActiveCfg = Debug|Any CPU
		{722710CF-E6EA-436D-BFF9-F70C8859A85C}.Stage|x64.Build.0 = Debug|Any CPU
		{722710CF-E6EA-436D-BFF9-F70C8859A85C}.Stage|x86.ActiveCfg = Debug|Any CPU
		{722710CF-E6EA-436D-BFF9-F70C8859A85C}.Stage|x86.Build.0 = Debug|Any CPU
		{65D6050B-A770-4E02-9069-72F1A2974A7F}.CommandMode|Any CPU.ActiveCfg = Debug|Any CPU
		{65D6050B-A770-4E02-9069-72F1A2974A7F}.CommandMode|Any CPU.Build.0 = Debug|Any CPU
		{65D6050B-A770-4E02-9069-72F1A2974A7F}.CommandMode|ARM.ActiveCfg = Debug|Any CPU
		{65D6050B-A770-4E02-9069-72F1A2974A7F}.CommandMode|ARM.Build.0 = Debug|Any CPU
		{65D6050B-A770-4E02-9069-72F1A2974A7F}.CommandMode|x64.ActiveCfg = Debug|Any CPU
		{65D6050B-A770-4E02-9069-72F1A2974A7F}.CommandMode|x64.Build.0 = Debug|Any CPU
		{65D6050B-A770-4E02-9069-72F1A2974A7F}.CommandMode|x86.ActiveCfg = Debug|Any CPU
		{65D6050B-A770-4E02-9069-72F1A2974A7F}.CommandMode|x86.Build.0 = Debug|Any CPU
		{65D6050B-A770-4E02-9069-72F1A2974A7F}.Debug|Any CPU.ActiveCfg = Debug|Any CPU
		{65D6050B-A770-4E02-9069-72F1A2974A7F}.Debug|Any CPU.Build.0 = Debug|Any CPU
		{65D6050B-A770-4E02-9069-72F1A2974A7F}.Debug|ARM.ActiveCfg = Debug|Any CPU
		{65D6050B-A770-4E02-9069-72F1A2974A7F}.Debug|ARM.Build.0 = Debug|Any CPU
		{65D6050B-A770-4E02-9069-72F1A2974A7F}.Debug|x64.ActiveCfg = Debug|Any CPU
		{65D6050B-A770-4E02-9069-72F1A2974A7F}.Debug|x64.Build.0 = Debug|Any CPU
		{65D6050B-A770-4E02-9069-72F1A2974A7F}.Debug|x86.ActiveCfg = Debug|Any CPU
		{65D6050B-A770-4E02-9069-72F1A2974A7F}.Debug|x86.Build.0 = Debug|Any CPU
		{65D6050B-A770-4E02-9069-72F1A2974A7F}.Integration|Any CPU.ActiveCfg = Debug|Any CPU
		{65D6050B-A770-4E02-9069-72F1A2974A7F}.Integration|Any CPU.Build.0 = Debug|Any CPU
		{65D6050B-A770-4E02-9069-72F1A2974A7F}.Integration|ARM.ActiveCfg = Debug|Any CPU
		{65D6050B-A770-4E02-9069-72F1A2974A7F}.Integration|ARM.Build.0 = Debug|Any CPU
		{65D6050B-A770-4E02-9069-72F1A2974A7F}.Integration|x64.ActiveCfg = Debug|Any CPU
		{65D6050B-A770-4E02-9069-72F1A2974A7F}.Integration|x64.Build.0 = Debug|Any CPU
		{65D6050B-A770-4E02-9069-72F1A2974A7F}.Integration|x86.ActiveCfg = Debug|Any CPU
		{65D6050B-A770-4E02-9069-72F1A2974A7F}.Integration|x86.Build.0 = Debug|Any CPU
		{65D6050B-A770-4E02-9069-72F1A2974A7F}.Live|Any CPU.ActiveCfg = Debug|Any CPU
		{65D6050B-A770-4E02-9069-72F1A2974A7F}.Live|Any CPU.Build.0 = Debug|Any CPU
		{65D6050B-A770-4E02-9069-72F1A2974A7F}.Live|ARM.ActiveCfg = Debug|Any CPU
		{65D6050B-A770-4E02-9069-72F1A2974A7F}.Live|ARM.Build.0 = Debug|Any CPU
		{65D6050B-A770-4E02-9069-72F1A2974A7F}.Live|x64.ActiveCfg = Debug|Any CPU
		{65D6050B-A770-4E02-9069-72F1A2974A7F}.Live|x64.Build.0 = Debug|Any CPU
		{65D6050B-A770-4E02-9069-72F1A2974A7F}.Live|x86.ActiveCfg = Debug|Any CPU
		{65D6050B-A770-4E02-9069-72F1A2974A7F}.Live|x86.Build.0 = Debug|Any CPU
		{65D6050B-A770-4E02-9069-72F1A2974A7F}.Release|Any CPU.ActiveCfg = Release|Any CPU
		{65D6050B-A770-4E02-9069-72F1A2974A7F}.Release|Any CPU.Build.0 = Release|Any CPU
		{65D6050B-A770-4E02-9069-72F1A2974A7F}.Release|ARM.ActiveCfg = Release|Any CPU
		{65D6050B-A770-4E02-9069-72F1A2974A7F}.Release|ARM.Build.0 = Release|Any CPU
		{65D6050B-A770-4E02-9069-72F1A2974A7F}.Release|x64.ActiveCfg = Release|Any CPU
		{65D6050B-A770-4E02-9069-72F1A2974A7F}.Release|x64.Build.0 = Release|Any CPU
		{65D6050B-A770-4E02-9069-72F1A2974A7F}.Release|x86.ActiveCfg = Release|Any CPU
		{65D6050B-A770-4E02-9069-72F1A2974A7F}.Release|x86.Build.0 = Release|Any CPU
		{65D6050B-A770-4E02-9069-72F1A2974A7F}.Stage|Any CPU.ActiveCfg = Debug|Any CPU
		{65D6050B-A770-4E02-9069-72F1A2974A7F}.Stage|Any CPU.Build.0 = Debug|Any CPU
		{65D6050B-A770-4E02-9069-72F1A2974A7F}.Stage|ARM.ActiveCfg = Debug|Any CPU
		{65D6050B-A770-4E02-9069-72F1A2974A7F}.Stage|ARM.Build.0 = Debug|Any CPU
		{65D6050B-A770-4E02-9069-72F1A2974A7F}.Stage|x64.ActiveCfg = Debug|Any CPU
		{65D6050B-A770-4E02-9069-72F1A2974A7F}.Stage|x64.Build.0 = Debug|Any CPU
		{65D6050B-A770-4E02-9069-72F1A2974A7F}.Stage|x86.ActiveCfg = Debug|Any CPU
		{65D6050B-A770-4E02-9069-72F1A2974A7F}.Stage|x86.Build.0 = Debug|Any CPU
		{9D61464D-C2BA-4A3A-B1B9-848185FB1E3B}.CommandMode|Any CPU.ActiveCfg = Debug|Any CPU
		{9D61464D-C2BA-4A3A-B1B9-848185FB1E3B}.CommandMode|Any CPU.Build.0 = Debug|Any CPU
		{9D61464D-C2BA-4A3A-B1B9-848185FB1E3B}.CommandMode|ARM.ActiveCfg = Debug|Any CPU
		{9D61464D-C2BA-4A3A-B1B9-848185FB1E3B}.CommandMode|ARM.Build.0 = Debug|Any CPU
		{9D61464D-C2BA-4A3A-B1B9-848185FB1E3B}.CommandMode|x64.ActiveCfg = Debug|Any CPU
		{9D61464D-C2BA-4A3A-B1B9-848185FB1E3B}.CommandMode|x64.Build.0 = Debug|Any CPU
		{9D61464D-C2BA-4A3A-B1B9-848185FB1E3B}.CommandMode|x86.ActiveCfg = Debug|Any CPU
		{9D61464D-C2BA-4A3A-B1B9-848185FB1E3B}.CommandMode|x86.Build.0 = Debug|Any CPU
		{9D61464D-C2BA-4A3A-B1B9-848185FB1E3B}.Debug|Any CPU.ActiveCfg = Debug|Any CPU
		{9D61464D-C2BA-4A3A-B1B9-848185FB1E3B}.Debug|Any CPU.Build.0 = Debug|Any CPU
		{9D61464D-C2BA-4A3A-B1B9-848185FB1E3B}.Debug|ARM.ActiveCfg = Debug|Any CPU
		{9D61464D-C2BA-4A3A-B1B9-848185FB1E3B}.Debug|ARM.Build.0 = Debug|Any CPU
		{9D61464D-C2BA-4A3A-B1B9-848185FB1E3B}.Debug|x64.ActiveCfg = Debug|Any CPU
		{9D61464D-C2BA-4A3A-B1B9-848185FB1E3B}.Debug|x64.Build.0 = Debug|Any CPU
		{9D61464D-C2BA-4A3A-B1B9-848185FB1E3B}.Debug|x86.ActiveCfg = Debug|Any CPU
		{9D61464D-C2BA-4A3A-B1B9-848185FB1E3B}.Debug|x86.Build.0 = Debug|Any CPU
		{9D61464D-C2BA-4A3A-B1B9-848185FB1E3B}.Integration|Any CPU.ActiveCfg = Debug|Any CPU
		{9D61464D-C2BA-4A3A-B1B9-848185FB1E3B}.Integration|Any CPU.Build.0 = Debug|Any CPU
		{9D61464D-C2BA-4A3A-B1B9-848185FB1E3B}.Integration|ARM.ActiveCfg = Debug|Any CPU
		{9D61464D-C2BA-4A3A-B1B9-848185FB1E3B}.Integration|ARM.Build.0 = Debug|Any CPU
		{9D61464D-C2BA-4A3A-B1B9-848185FB1E3B}.Integration|x64.ActiveCfg = Debug|Any CPU
		{9D61464D-C2BA-4A3A-B1B9-848185FB1E3B}.Integration|x64.Build.0 = Debug|Any CPU
		{9D61464D-C2BA-4A3A-B1B9-848185FB1E3B}.Integration|x86.ActiveCfg = Debug|Any CPU
		{9D61464D-C2BA-4A3A-B1B9-848185FB1E3B}.Integration|x86.Build.0 = Debug|Any CPU
		{9D61464D-C2BA-4A3A-B1B9-848185FB1E3B}.Live|Any CPU.ActiveCfg = Debug|Any CPU
		{9D61464D-C2BA-4A3A-B1B9-848185FB1E3B}.Live|Any CPU.Build.0 = Debug|Any CPU
		{9D61464D-C2BA-4A3A-B1B9-848185FB1E3B}.Live|ARM.ActiveCfg = Debug|Any CPU
		{9D61464D-C2BA-4A3A-B1B9-848185FB1E3B}.Live|ARM.Build.0 = Debug|Any CPU
		{9D61464D-C2BA-4A3A-B1B9-848185FB1E3B}.Live|x64.ActiveCfg = Debug|Any CPU
		{9D61464D-C2BA-4A3A-B1B9-848185FB1E3B}.Live|x64.Build.0 = Debug|Any CPU
		{9D61464D-C2BA-4A3A-B1B9-848185FB1E3B}.Live|x86.ActiveCfg = Debug|Any CPU
		{9D61464D-C2BA-4A3A-B1B9-848185FB1E3B}.Live|x86.Build.0 = Debug|Any CPU
		{9D61464D-C2BA-4A3A-B1B9-848185FB1E3B}.Release|Any CPU.ActiveCfg = Release|Any CPU
		{9D61464D-C2BA-4A3A-B1B9-848185FB1E3B}.Release|Any CPU.Build.0 = Release|Any CPU
		{9D61464D-C2BA-4A3A-B1B9-848185FB1E3B}.Release|ARM.ActiveCfg = Release|Any CPU
		{9D61464D-C2BA-4A3A-B1B9-848185FB1E3B}.Release|ARM.Build.0 = Release|Any CPU
		{9D61464D-C2BA-4A3A-B1B9-848185FB1E3B}.Release|x64.ActiveCfg = Release|Any CPU
		{9D61464D-C2BA-4A3A-B1B9-848185FB1E3B}.Release|x64.Build.0 = Release|Any CPU
		{9D61464D-C2BA-4A3A-B1B9-848185FB1E3B}.Release|x86.ActiveCfg = Release|Any CPU
		{9D61464D-C2BA-4A3A-B1B9-848185FB1E3B}.Release|x86.Build.0 = Release|Any CPU
		{9D61464D-C2BA-4A3A-B1B9-848185FB1E3B}.Stage|Any CPU.ActiveCfg = Debug|Any CPU
		{9D61464D-C2BA-4A3A-B1B9-848185FB1E3B}.Stage|Any CPU.Build.0 = Debug|Any CPU
		{9D61464D-C2BA-4A3A-B1B9-848185FB1E3B}.Stage|ARM.ActiveCfg = Debug|Any CPU
		{9D61464D-C2BA-4A3A-B1B9-848185FB1E3B}.Stage|ARM.Build.0 = Debug|Any CPU
		{9D61464D-C2BA-4A3A-B1B9-848185FB1E3B}.Stage|x64.ActiveCfg = Debug|Any CPU
		{9D61464D-C2BA-4A3A-B1B9-848185FB1E3B}.Stage|x64.Build.0 = Debug|Any CPU
		{9D61464D-C2BA-4A3A-B1B9-848185FB1E3B}.Stage|x86.ActiveCfg = Debug|Any CPU
		{9D61464D-C2BA-4A3A-B1B9-848185FB1E3B}.Stage|x86.Build.0 = Debug|Any CPU
		{77F54833-0D55-4BC9-9A14-C56353BB08A6}.CommandMode|Any CPU.ActiveCfg = Debug|Any CPU
		{77F54833-0D55-4BC9-9A14-C56353BB08A6}.CommandMode|Any CPU.Build.0 = Debug|Any CPU
		{77F54833-0D55-4BC9-9A14-C56353BB08A6}.CommandMode|ARM.ActiveCfg = Debug|Any CPU
		{77F54833-0D55-4BC9-9A14-C56353BB08A6}.CommandMode|ARM.Build.0 = Debug|Any CPU
		{77F54833-0D55-4BC9-9A14-C56353BB08A6}.CommandMode|x64.ActiveCfg = Debug|Any CPU
		{77F54833-0D55-4BC9-9A14-C56353BB08A6}.CommandMode|x64.Build.0 = Debug|Any CPU
		{77F54833-0D55-4BC9-9A14-C56353BB08A6}.CommandMode|x86.ActiveCfg = Debug|Any CPU
		{77F54833-0D55-4BC9-9A14-C56353BB08A6}.CommandMode|x86.Build.0 = Debug|Any CPU
		{77F54833-0D55-4BC9-9A14-C56353BB08A6}.Debug|Any CPU.ActiveCfg = Debug|Any CPU
		{77F54833-0D55-4BC9-9A14-C56353BB08A6}.Debug|Any CPU.Build.0 = Debug|Any CPU
		{77F54833-0D55-4BC9-9A14-C56353BB08A6}.Debug|ARM.ActiveCfg = Debug|Any CPU
		{77F54833-0D55-4BC9-9A14-C56353BB08A6}.Debug|ARM.Build.0 = Debug|Any CPU
		{77F54833-0D55-4BC9-9A14-C56353BB08A6}.Debug|x64.ActiveCfg = Debug|Any CPU
		{77F54833-0D55-4BC9-9A14-C56353BB08A6}.Debug|x64.Build.0 = Debug|Any CPU
		{77F54833-0D55-4BC9-9A14-C56353BB08A6}.Debug|x86.ActiveCfg = Debug|Any CPU
		{77F54833-0D55-4BC9-9A14-C56353BB08A6}.Debug|x86.Build.0 = Debug|Any CPU
		{77F54833-0D55-4BC9-9A14-C56353BB08A6}.Integration|Any CPU.ActiveCfg = Debug|Any CPU
		{77F54833-0D55-4BC9-9A14-C56353BB08A6}.Integration|Any CPU.Build.0 = Debug|Any CPU
		{77F54833-0D55-4BC9-9A14-C56353BB08A6}.Integration|ARM.ActiveCfg = Debug|Any CPU
		{77F54833-0D55-4BC9-9A14-C56353BB08A6}.Integration|ARM.Build.0 = Debug|Any CPU
		{77F54833-0D55-4BC9-9A14-C56353BB08A6}.Integration|x64.ActiveCfg = Debug|Any CPU
		{77F54833-0D55-4BC9-9A14-C56353BB08A6}.Integration|x64.Build.0 = Debug|Any CPU
		{77F54833-0D55-4BC9-9A14-C56353BB08A6}.Integration|x86.ActiveCfg = Debug|Any CPU
		{77F54833-0D55-4BC9-9A14-C56353BB08A6}.Integration|x86.Build.0 = Debug|Any CPU
		{77F54833-0D55-4BC9-9A14-C56353BB08A6}.Live|Any CPU.ActiveCfg = Debug|Any CPU
		{77F54833-0D55-4BC9-9A14-C56353BB08A6}.Live|Any CPU.Build.0 = Debug|Any CPU
		{77F54833-0D55-4BC9-9A14-C56353BB08A6}.Live|ARM.ActiveCfg = Debug|Any CPU
		{77F54833-0D55-4BC9-9A14-C56353BB08A6}.Live|ARM.Build.0 = Debug|Any CPU
		{77F54833-0D55-4BC9-9A14-C56353BB08A6}.Live|x64.ActiveCfg = Debug|Any CPU
		{77F54833-0D55-4BC9-9A14-C56353BB08A6}.Live|x64.Build.0 = Debug|Any CPU
		{77F54833-0D55-4BC9-9A14-C56353BB08A6}.Live|x86.ActiveCfg = Debug|Any CPU
		{77F54833-0D55-4BC9-9A14-C56353BB08A6}.Live|x86.Build.0 = Debug|Any CPU
		{77F54833-0D55-4BC9-9A14-C56353BB08A6}.Release|Any CPU.ActiveCfg = Release|Any CPU
		{77F54833-0D55-4BC9-9A14-C56353BB08A6}.Release|Any CPU.Build.0 = Release|Any CPU
		{77F54833-0D55-4BC9-9A14-C56353BB08A6}.Release|ARM.ActiveCfg = Release|Any CPU
		{77F54833-0D55-4BC9-9A14-C56353BB08A6}.Release|ARM.Build.0 = Release|Any CPU
		{77F54833-0D55-4BC9-9A14-C56353BB08A6}.Release|x64.ActiveCfg = Release|Any CPU
		{77F54833-0D55-4BC9-9A14-C56353BB08A6}.Release|x64.Build.0 = Release|Any CPU
		{77F54833-0D55-4BC9-9A14-C56353BB08A6}.Release|x86.ActiveCfg = Release|Any CPU
		{77F54833-0D55-4BC9-9A14-C56353BB08A6}.Release|x86.Build.0 = Release|Any CPU
		{77F54833-0D55-4BC9-9A14-C56353BB08A6}.Stage|Any CPU.ActiveCfg = Debug|Any CPU
		{77F54833-0D55-4BC9-9A14-C56353BB08A6}.Stage|Any CPU.Build.0 = Debug|Any CPU
		{77F54833-0D55-4BC9-9A14-C56353BB08A6}.Stage|ARM.ActiveCfg = Debug|Any CPU
		{77F54833-0D55-4BC9-9A14-C56353BB08A6}.Stage|ARM.Build.0 = Debug|Any CPU
		{77F54833-0D55-4BC9-9A14-C56353BB08A6}.Stage|x64.ActiveCfg = Debug|Any CPU
		{77F54833-0D55-4BC9-9A14-C56353BB08A6}.Stage|x64.Build.0 = Debug|Any CPU
		{77F54833-0D55-4BC9-9A14-C56353BB08A6}.Stage|x86.ActiveCfg = Debug|Any CPU
		{77F54833-0D55-4BC9-9A14-C56353BB08A6}.Stage|x86.Build.0 = Debug|Any CPU
		{671AE624-F1E5-46F6-BB61-9C37F2B29E30}.CommandMode|Any CPU.ActiveCfg = Debug|Any CPU
		{671AE624-F1E5-46F6-BB61-9C37F2B29E30}.CommandMode|Any CPU.Build.0 = Debug|Any CPU
		{671AE624-F1E5-46F6-BB61-9C37F2B29E30}.CommandMode|ARM.ActiveCfg = Debug|Any CPU
		{671AE624-F1E5-46F6-BB61-9C37F2B29E30}.CommandMode|ARM.Build.0 = Debug|Any CPU
		{671AE624-F1E5-46F6-BB61-9C37F2B29E30}.CommandMode|x64.ActiveCfg = Debug|Any CPU
		{671AE624-F1E5-46F6-BB61-9C37F2B29E30}.CommandMode|x64.Build.0 = Debug|Any CPU
		{671AE624-F1E5-46F6-BB61-9C37F2B29E30}.CommandMode|x86.ActiveCfg = Debug|Any CPU
		{671AE624-F1E5-46F6-BB61-9C37F2B29E30}.CommandMode|x86.Build.0 = Debug|Any CPU
		{671AE624-F1E5-46F6-BB61-9C37F2B29E30}.Debug|Any CPU.ActiveCfg = Debug|Any CPU
		{671AE624-F1E5-46F6-BB61-9C37F2B29E30}.Debug|Any CPU.Build.0 = Debug|Any CPU
		{671AE624-F1E5-46F6-BB61-9C37F2B29E30}.Debug|ARM.ActiveCfg = Debug|Any CPU
		{671AE624-F1E5-46F6-BB61-9C37F2B29E30}.Debug|ARM.Build.0 = Debug|Any CPU
		{671AE624-F1E5-46F6-BB61-9C37F2B29E30}.Debug|x64.ActiveCfg = Debug|Any CPU
		{671AE624-F1E5-46F6-BB61-9C37F2B29E30}.Debug|x64.Build.0 = Debug|Any CPU
		{671AE624-F1E5-46F6-BB61-9C37F2B29E30}.Debug|x86.ActiveCfg = Debug|Any CPU
		{671AE624-F1E5-46F6-BB61-9C37F2B29E30}.Debug|x86.Build.0 = Debug|Any CPU
		{671AE624-F1E5-46F6-BB61-9C37F2B29E30}.Integration|Any CPU.ActiveCfg = Debug|Any CPU
		{671AE624-F1E5-46F6-BB61-9C37F2B29E30}.Integration|Any CPU.Build.0 = Debug|Any CPU
		{671AE624-F1E5-46F6-BB61-9C37F2B29E30}.Integration|ARM.ActiveCfg = Debug|Any CPU
		{671AE624-F1E5-46F6-BB61-9C37F2B29E30}.Integration|ARM.Build.0 = Debug|Any CPU
		{671AE624-F1E5-46F6-BB61-9C37F2B29E30}.Integration|x64.ActiveCfg = Debug|Any CPU
		{671AE624-F1E5-46F6-BB61-9C37F2B29E30}.Integration|x64.Build.0 = Debug|Any CPU
		{671AE624-F1E5-46F6-BB61-9C37F2B29E30}.Integration|x86.ActiveCfg = Debug|Any CPU
		{671AE624-F1E5-46F6-BB61-9C37F2B29E30}.Integration|x86.Build.0 = Debug|Any CPU
		{671AE624-F1E5-46F6-BB61-9C37F2B29E30}.Live|Any CPU.ActiveCfg = Debug|Any CPU
		{671AE624-F1E5-46F6-BB61-9C37F2B29E30}.Live|Any CPU.Build.0 = Debug|Any CPU
		{671AE624-F1E5-46F6-BB61-9C37F2B29E30}.Live|ARM.ActiveCfg = Debug|Any CPU
		{671AE624-F1E5-46F6-BB61-9C37F2B29E30}.Live|ARM.Build.0 = Debug|Any CPU
		{671AE624-F1E5-46F6-BB61-9C37F2B29E30}.Live|x64.ActiveCfg = Debug|Any CPU
		{671AE624-F1E5-46F6-BB61-9C37F2B29E30}.Live|x64.Build.0 = Debug|Any CPU
		{671AE624-F1E5-46F6-BB61-9C37F2B29E30}.Live|x86.ActiveCfg = Debug|Any CPU
		{671AE624-F1E5-46F6-BB61-9C37F2B29E30}.Live|x86.Build.0 = Debug|Any CPU
		{671AE624-F1E5-46F6-BB61-9C37F2B29E30}.Release|Any CPU.ActiveCfg = Release|Any CPU
		{671AE624-F1E5-46F6-BB61-9C37F2B29E30}.Release|Any CPU.Build.0 = Release|Any CPU
		{671AE624-F1E5-46F6-BB61-9C37F2B29E30}.Release|ARM.ActiveCfg = Release|Any CPU
		{671AE624-F1E5-46F6-BB61-9C37F2B29E30}.Release|ARM.Build.0 = Release|Any CPU
		{671AE624-F1E5-46F6-BB61-9C37F2B29E30}.Release|x64.ActiveCfg = Release|Any CPU
		{671AE624-F1E5-46F6-BB61-9C37F2B29E30}.Release|x64.Build.0 = Release|Any CPU
		{671AE624-F1E5-46F6-BB61-9C37F2B29E30}.Release|x86.ActiveCfg = Release|Any CPU
		{671AE624-F1E5-46F6-BB61-9C37F2B29E30}.Release|x86.Build.0 = Release|Any CPU
		{671AE624-F1E5-46F6-BB61-9C37F2B29E30}.Stage|Any CPU.ActiveCfg = Debug|Any CPU
		{671AE624-F1E5-46F6-BB61-9C37F2B29E30}.Stage|Any CPU.Build.0 = Debug|Any CPU
		{671AE624-F1E5-46F6-BB61-9C37F2B29E30}.Stage|ARM.ActiveCfg = Debug|Any CPU
		{671AE624-F1E5-46F6-BB61-9C37F2B29E30}.Stage|ARM.Build.0 = Debug|Any CPU
		{671AE624-F1E5-46F6-BB61-9C37F2B29E30}.Stage|x64.ActiveCfg = Debug|Any CPU
		{671AE624-F1E5-46F6-BB61-9C37F2B29E30}.Stage|x64.Build.0 = Debug|Any CPU
		{671AE624-F1E5-46F6-BB61-9C37F2B29E30}.Stage|x86.ActiveCfg = Debug|Any CPU
		{671AE624-F1E5-46F6-BB61-9C37F2B29E30}.Stage|x86.Build.0 = Debug|Any CPU
		{4D794F35-6FF3-4A5D-8817-777F0717082D}.CommandMode|Any CPU.ActiveCfg = Debug|Any CPU
		{4D794F35-6FF3-4A5D-8817-777F0717082D}.CommandMode|Any CPU.Build.0 = Debug|Any CPU
		{4D794F35-6FF3-4A5D-8817-777F0717082D}.CommandMode|ARM.ActiveCfg = Debug|Any CPU
		{4D794F35-6FF3-4A5D-8817-777F0717082D}.CommandMode|ARM.Build.0 = Debug|Any CPU
		{4D794F35-6FF3-4A5D-8817-777F0717082D}.CommandMode|x64.ActiveCfg = Debug|Any CPU
		{4D794F35-6FF3-4A5D-8817-777F0717082D}.CommandMode|x64.Build.0 = Debug|Any CPU
		{4D794F35-6FF3-4A5D-8817-777F0717082D}.CommandMode|x86.ActiveCfg = Debug|Any CPU
		{4D794F35-6FF3-4A5D-8817-777F0717082D}.CommandMode|x86.Build.0 = Debug|Any CPU
		{4D794F35-6FF3-4A5D-8817-777F0717082D}.Debug|Any CPU.ActiveCfg = Debug|Any CPU
		{4D794F35-6FF3-4A5D-8817-777F0717082D}.Debug|Any CPU.Build.0 = Debug|Any CPU
		{4D794F35-6FF3-4A5D-8817-777F0717082D}.Debug|ARM.ActiveCfg = Debug|Any CPU
		{4D794F35-6FF3-4A5D-8817-777F0717082D}.Debug|ARM.Build.0 = Debug|Any CPU
		{4D794F35-6FF3-4A5D-8817-777F0717082D}.Debug|x64.ActiveCfg = Debug|Any CPU
		{4D794F35-6FF3-4A5D-8817-777F0717082D}.Debug|x64.Build.0 = Debug|Any CPU
		{4D794F35-6FF3-4A5D-8817-777F0717082D}.Debug|x86.ActiveCfg = Debug|Any CPU
		{4D794F35-6FF3-4A5D-8817-777F0717082D}.Debug|x86.Build.0 = Debug|Any CPU
		{4D794F35-6FF3-4A5D-8817-777F0717082D}.Integration|Any CPU.ActiveCfg = Debug|Any CPU
		{4D794F35-6FF3-4A5D-8817-777F0717082D}.Integration|Any CPU.Build.0 = Debug|Any CPU
		{4D794F35-6FF3-4A5D-8817-777F0717082D}.Integration|ARM.ActiveCfg = Debug|Any CPU
		{4D794F35-6FF3-4A5D-8817-777F0717082D}.Integration|ARM.Build.0 = Debug|Any CPU
		{4D794F35-6FF3-4A5D-8817-777F0717082D}.Integration|x64.ActiveCfg = Debug|Any CPU
		{4D794F35-6FF3-4A5D-8817-777F0717082D}.Integration|x64.Build.0 = Debug|Any CPU
		{4D794F35-6FF3-4A5D-8817-777F0717082D}.Integration|x86.ActiveCfg = Debug|Any CPU
		{4D794F35-6FF3-4A5D-8817-777F0717082D}.Integration|x86.Build.0 = Debug|Any CPU
		{4D794F35-6FF3-4A5D-8817-777F0717082D}.Live|Any CPU.ActiveCfg = Debug|Any CPU
		{4D794F35-6FF3-4A5D-8817-777F0717082D}.Live|Any CPU.Build.0 = Debug|Any CPU
		{4D794F35-6FF3-4A5D-8817-777F0717082D}.Live|ARM.ActiveCfg = Debug|Any CPU
		{4D794F35-6FF3-4A5D-8817-777F0717082D}.Live|ARM.Build.0 = Debug|Any CPU
		{4D794F35-6FF3-4A5D-8817-777F0717082D}.Live|x64.ActiveCfg = Debug|Any CPU
		{4D794F35-6FF3-4A5D-8817-777F0717082D}.Live|x64.Build.0 = Debug|Any CPU
		{4D794F35-6FF3-4A5D-8817-777F0717082D}.Live|x86.ActiveCfg = Debug|Any CPU
		{4D794F35-6FF3-4A5D-8817-777F0717082D}.Live|x86.Build.0 = Debug|Any CPU
		{4D794F35-6FF3-4A5D-8817-777F0717082D}.Release|Any CPU.ActiveCfg = Release|Any CPU
		{4D794F35-6FF3-4A5D-8817-777F0717082D}.Release|Any CPU.Build.0 = Release|Any CPU
		{4D794F35-6FF3-4A5D-8817-777F0717082D}.Release|ARM.ActiveCfg = Release|Any CPU
		{4D794F35-6FF3-4A5D-8817-777F0717082D}.Release|ARM.Build.0 = Release|Any CPU
		{4D794F35-6FF3-4A5D-8817-777F0717082D}.Release|x64.ActiveCfg = Release|Any CPU
		{4D794F35-6FF3-4A5D-8817-777F0717082D}.Release|x64.Build.0 = Release|Any CPU
		{4D794F35-6FF3-4A5D-8817-777F0717082D}.Release|x86.ActiveCfg = Release|Any CPU
		{4D794F35-6FF3-4A5D-8817-777F0717082D}.Release|x86.Build.0 = Release|Any CPU
		{4D794F35-6FF3-4A5D-8817-777F0717082D}.Stage|Any CPU.ActiveCfg = Debug|Any CPU
		{4D794F35-6FF3-4A5D-8817-777F0717082D}.Stage|Any CPU.Build.0 = Debug|Any CPU
		{4D794F35-6FF3-4A5D-8817-777F0717082D}.Stage|ARM.ActiveCfg = Debug|Any CPU
		{4D794F35-6FF3-4A5D-8817-777F0717082D}.Stage|ARM.Build.0 = Debug|Any CPU
		{4D794F35-6FF3-4A5D-8817-777F0717082D}.Stage|x64.ActiveCfg = Debug|Any CPU
		{4D794F35-6FF3-4A5D-8817-777F0717082D}.Stage|x64.Build.0 = Debug|Any CPU
		{4D794F35-6FF3-4A5D-8817-777F0717082D}.Stage|x86.ActiveCfg = Debug|Any CPU
		{4D794F35-6FF3-4A5D-8817-777F0717082D}.Stage|x86.Build.0 = Debug|Any CPU
		{586DE77C-CC37-436A-A523-79B2B0EC6556}.CommandMode|Any CPU.ActiveCfg = Debug|Any CPU
		{586DE77C-CC37-436A-A523-79B2B0EC6556}.CommandMode|Any CPU.Build.0 = Debug|Any CPU
		{586DE77C-CC37-436A-A523-79B2B0EC6556}.CommandMode|ARM.ActiveCfg = Debug|Any CPU
		{586DE77C-CC37-436A-A523-79B2B0EC6556}.CommandMode|ARM.Build.0 = Debug|Any CPU
		{586DE77C-CC37-436A-A523-79B2B0EC6556}.CommandMode|x64.ActiveCfg = Debug|Any CPU
		{586DE77C-CC37-436A-A523-79B2B0EC6556}.CommandMode|x64.Build.0 = Debug|Any CPU
		{586DE77C-CC37-436A-A523-79B2B0EC6556}.CommandMode|x86.ActiveCfg = Debug|Any CPU
		{586DE77C-CC37-436A-A523-79B2B0EC6556}.CommandMode|x86.Build.0 = Debug|Any CPU
		{586DE77C-CC37-436A-A523-79B2B0EC6556}.Debug|Any CPU.ActiveCfg = Debug|Any CPU
		{586DE77C-CC37-436A-A523-79B2B0EC6556}.Debug|Any CPU.Build.0 = Debug|Any CPU
		{586DE77C-CC37-436A-A523-79B2B0EC6556}.Debug|ARM.ActiveCfg = Debug|Any CPU
		{586DE77C-CC37-436A-A523-79B2B0EC6556}.Debug|ARM.Build.0 = Debug|Any CPU
		{586DE77C-CC37-436A-A523-79B2B0EC6556}.Debug|x64.ActiveCfg = Debug|Any CPU
		{586DE77C-CC37-436A-A523-79B2B0EC6556}.Debug|x64.Build.0 = Debug|Any CPU
		{586DE77C-CC37-436A-A523-79B2B0EC6556}.Debug|x86.ActiveCfg = Debug|Any CPU
		{586DE77C-CC37-436A-A523-79B2B0EC6556}.Debug|x86.Build.0 = Debug|Any CPU
		{586DE77C-CC37-436A-A523-79B2B0EC6556}.Integration|Any CPU.ActiveCfg = Debug|Any CPU
		{586DE77C-CC37-436A-A523-79B2B0EC6556}.Integration|Any CPU.Build.0 = Debug|Any CPU
		{586DE77C-CC37-436A-A523-79B2B0EC6556}.Integration|ARM.ActiveCfg = Debug|Any CPU
		{586DE77C-CC37-436A-A523-79B2B0EC6556}.Integration|ARM.Build.0 = Debug|Any CPU
		{586DE77C-CC37-436A-A523-79B2B0EC6556}.Integration|x64.ActiveCfg = Debug|Any CPU
		{586DE77C-CC37-436A-A523-79B2B0EC6556}.Integration|x64.Build.0 = Debug|Any CPU
		{586DE77C-CC37-436A-A523-79B2B0EC6556}.Integration|x86.ActiveCfg = Debug|Any CPU
		{586DE77C-CC37-436A-A523-79B2B0EC6556}.Integration|x86.Build.0 = Debug|Any CPU
		{586DE77C-CC37-436A-A523-79B2B0EC6556}.Live|Any CPU.ActiveCfg = Debug|Any CPU
		{586DE77C-CC37-436A-A523-79B2B0EC6556}.Live|Any CPU.Build.0 = Debug|Any CPU
		{586DE77C-CC37-436A-A523-79B2B0EC6556}.Live|ARM.ActiveCfg = Debug|Any CPU
		{586DE77C-CC37-436A-A523-79B2B0EC6556}.Live|ARM.Build.0 = Debug|Any CPU
		{586DE77C-CC37-436A-A523-79B2B0EC6556}.Live|x64.ActiveCfg = Debug|Any CPU
		{586DE77C-CC37-436A-A523-79B2B0EC6556}.Live|x64.Build.0 = Debug|Any CPU
		{586DE77C-CC37-436A-A523-79B2B0EC6556}.Live|x86.ActiveCfg = Debug|Any CPU
		{586DE77C-CC37-436A-A523-79B2B0EC6556}.Live|x86.Build.0 = Debug|Any CPU
		{586DE77C-CC37-436A-A523-79B2B0EC6556}.Release|Any CPU.ActiveCfg = Release|Any CPU
		{586DE77C-CC37-436A-A523-79B2B0EC6556}.Release|Any CPU.Build.0 = Release|Any CPU
		{586DE77C-CC37-436A-A523-79B2B0EC6556}.Release|ARM.ActiveCfg = Release|Any CPU
		{586DE77C-CC37-436A-A523-79B2B0EC6556}.Release|ARM.Build.0 = Release|Any CPU
		{586DE77C-CC37-436A-A523-79B2B0EC6556}.Release|x64.ActiveCfg = Release|Any CPU
		{586DE77C-CC37-436A-A523-79B2B0EC6556}.Release|x64.Build.0 = Release|Any CPU
		{586DE77C-CC37-436A-A523-79B2B0EC6556}.Release|x86.ActiveCfg = Release|Any CPU
		{586DE77C-CC37-436A-A523-79B2B0EC6556}.Release|x86.Build.0 = Release|Any CPU
		{586DE77C-CC37-436A-A523-79B2B0EC6556}.Stage|Any CPU.ActiveCfg = Debug|Any CPU
		{586DE77C-CC37-436A-A523-79B2B0EC6556}.Stage|Any CPU.Build.0 = Debug|Any CPU
		{586DE77C-CC37-436A-A523-79B2B0EC6556}.Stage|ARM.ActiveCfg = Debug|Any CPU
		{586DE77C-CC37-436A-A523-79B2B0EC6556}.Stage|ARM.Build.0 = Debug|Any CPU
		{586DE77C-CC37-436A-A523-79B2B0EC6556}.Stage|x64.ActiveCfg = Debug|Any CPU
		{586DE77C-CC37-436A-A523-79B2B0EC6556}.Stage|x64.Build.0 = Debug|Any CPU
		{586DE77C-CC37-436A-A523-79B2B0EC6556}.Stage|x86.ActiveCfg = Debug|Any CPU
		{586DE77C-CC37-436A-A523-79B2B0EC6556}.Stage|x86.Build.0 = Debug|Any CPU
		{ED9A69C4-2B38-40FC-92D5-4AA8D3483443}.CommandMode|Any CPU.ActiveCfg = Debug|Any CPU
		{ED9A69C4-2B38-40FC-92D5-4AA8D3483443}.CommandMode|Any CPU.Build.0 = Debug|Any CPU
		{ED9A69C4-2B38-40FC-92D5-4AA8D3483443}.CommandMode|ARM.ActiveCfg = Debug|Any CPU
		{ED9A69C4-2B38-40FC-92D5-4AA8D3483443}.CommandMode|ARM.Build.0 = Debug|Any CPU
		{ED9A69C4-2B38-40FC-92D5-4AA8D3483443}.CommandMode|x64.ActiveCfg = Debug|Any CPU
		{ED9A69C4-2B38-40FC-92D5-4AA8D3483443}.CommandMode|x64.Build.0 = Debug|Any CPU
		{ED9A69C4-2B38-40FC-92D5-4AA8D3483443}.CommandMode|x86.ActiveCfg = Debug|Any CPU
		{ED9A69C4-2B38-40FC-92D5-4AA8D3483443}.CommandMode|x86.Build.0 = Debug|Any CPU
		{ED9A69C4-2B38-40FC-92D5-4AA8D3483443}.Debug|Any CPU.ActiveCfg = Debug|Any CPU
		{ED9A69C4-2B38-40FC-92D5-4AA8D3483443}.Debug|Any CPU.Build.0 = Debug|Any CPU
		{ED9A69C4-2B38-40FC-92D5-4AA8D3483443}.Debug|ARM.ActiveCfg = Debug|Any CPU
		{ED9A69C4-2B38-40FC-92D5-4AA8D3483443}.Debug|ARM.Build.0 = Debug|Any CPU
		{ED9A69C4-2B38-40FC-92D5-4AA8D3483443}.Debug|x64.ActiveCfg = Debug|Any CPU
		{ED9A69C4-2B38-40FC-92D5-4AA8D3483443}.Debug|x64.Build.0 = Debug|Any CPU
		{ED9A69C4-2B38-40FC-92D5-4AA8D3483443}.Debug|x86.ActiveCfg = Debug|Any CPU
		{ED9A69C4-2B38-40FC-92D5-4AA8D3483443}.Debug|x86.Build.0 = Debug|Any CPU
		{ED9A69C4-2B38-40FC-92D5-4AA8D3483443}.Integration|Any CPU.ActiveCfg = Debug|Any CPU
		{ED9A69C4-2B38-40FC-92D5-4AA8D3483443}.Integration|Any CPU.Build.0 = Debug|Any CPU
		{ED9A69C4-2B38-40FC-92D5-4AA8D3483443}.Integration|ARM.ActiveCfg = Debug|Any CPU
		{ED9A69C4-2B38-40FC-92D5-4AA8D3483443}.Integration|ARM.Build.0 = Debug|Any CPU
		{ED9A69C4-2B38-40FC-92D5-4AA8D3483443}.Integration|x64.ActiveCfg = Debug|Any CPU
		{ED9A69C4-2B38-40FC-92D5-4AA8D3483443}.Integration|x64.Build.0 = Debug|Any CPU
		{ED9A69C4-2B38-40FC-92D5-4AA8D3483443}.Integration|x86.ActiveCfg = Debug|Any CPU
		{ED9A69C4-2B38-40FC-92D5-4AA8D3483443}.Integration|x86.Build.0 = Debug|Any CPU
		{ED9A69C4-2B38-40FC-92D5-4AA8D3483443}.Live|Any CPU.ActiveCfg = Debug|Any CPU
		{ED9A69C4-2B38-40FC-92D5-4AA8D3483443}.Live|Any CPU.Build.0 = Debug|Any CPU
		{ED9A69C4-2B38-40FC-92D5-4AA8D3483443}.Live|ARM.ActiveCfg = Debug|Any CPU
		{ED9A69C4-2B38-40FC-92D5-4AA8D3483443}.Live|ARM.Build.0 = Debug|Any CPU
		{ED9A69C4-2B38-40FC-92D5-4AA8D3483443}.Live|x64.ActiveCfg = Debug|Any CPU
		{ED9A69C4-2B38-40FC-92D5-4AA8D3483443}.Live|x64.Build.0 = Debug|Any CPU
		{ED9A69C4-2B38-40FC-92D5-4AA8D3483443}.Live|x86.ActiveCfg = Debug|Any CPU
		{ED9A69C4-2B38-40FC-92D5-4AA8D3483443}.Live|x86.Build.0 = Debug|Any CPU
		{ED9A69C4-2B38-40FC-92D5-4AA8D3483443}.Release|Any CPU.ActiveCfg = Release|Any CPU
		{ED9A69C4-2B38-40FC-92D5-4AA8D3483443}.Release|Any CPU.Build.0 = Release|Any CPU
		{ED9A69C4-2B38-40FC-92D5-4AA8D3483443}.Release|ARM.ActiveCfg = Release|Any CPU
		{ED9A69C4-2B38-40FC-92D5-4AA8D3483443}.Release|ARM.Build.0 = Release|Any CPU
		{ED9A69C4-2B38-40FC-92D5-4AA8D3483443}.Release|x64.ActiveCfg = Release|Any CPU
		{ED9A69C4-2B38-40FC-92D5-4AA8D3483443}.Release|x64.Build.0 = Release|Any CPU
		{ED9A69C4-2B38-40FC-92D5-4AA8D3483443}.Release|x86.ActiveCfg = Release|Any CPU
		{ED9A69C4-2B38-40FC-92D5-4AA8D3483443}.Release|x86.Build.0 = Release|Any CPU
		{ED9A69C4-2B38-40FC-92D5-4AA8D3483443}.Stage|Any CPU.ActiveCfg = Debug|Any CPU
		{ED9A69C4-2B38-40FC-92D5-4AA8D3483443}.Stage|Any CPU.Build.0 = Debug|Any CPU
		{ED9A69C4-2B38-40FC-92D5-4AA8D3483443}.Stage|ARM.ActiveCfg = Debug|Any CPU
		{ED9A69C4-2B38-40FC-92D5-4AA8D3483443}.Stage|ARM.Build.0 = Debug|Any CPU
		{ED9A69C4-2B38-40FC-92D5-4AA8D3483443}.Stage|x64.ActiveCfg = Debug|Any CPU
		{ED9A69C4-2B38-40FC-92D5-4AA8D3483443}.Stage|x64.Build.0 = Debug|Any CPU
		{ED9A69C4-2B38-40FC-92D5-4AA8D3483443}.Stage|x86.ActiveCfg = Debug|Any CPU
		{ED9A69C4-2B38-40FC-92D5-4AA8D3483443}.Stage|x86.Build.0 = Debug|Any CPU
		{61E68311-8ABA-4627-8D62-8D89435A7FEE}.CommandMode|Any CPU.ActiveCfg = Debug|Any CPU
		{61E68311-8ABA-4627-8D62-8D89435A7FEE}.CommandMode|Any CPU.Build.0 = Debug|Any CPU
		{61E68311-8ABA-4627-8D62-8D89435A7FEE}.CommandMode|ARM.ActiveCfg = Debug|Any CPU
		{61E68311-8ABA-4627-8D62-8D89435A7FEE}.CommandMode|ARM.Build.0 = Debug|Any CPU
		{61E68311-8ABA-4627-8D62-8D89435A7FEE}.CommandMode|x64.ActiveCfg = Debug|Any CPU
		{61E68311-8ABA-4627-8D62-8D89435A7FEE}.CommandMode|x64.Build.0 = Debug|Any CPU
		{61E68311-8ABA-4627-8D62-8D89435A7FEE}.CommandMode|x86.ActiveCfg = Debug|Any CPU
		{61E68311-8ABA-4627-8D62-8D89435A7FEE}.CommandMode|x86.Build.0 = Debug|Any CPU
		{61E68311-8ABA-4627-8D62-8D89435A7FEE}.Debug|Any CPU.ActiveCfg = Debug|Any CPU
		{61E68311-8ABA-4627-8D62-8D89435A7FEE}.Debug|Any CPU.Build.0 = Debug|Any CPU
		{61E68311-8ABA-4627-8D62-8D89435A7FEE}.Debug|ARM.ActiveCfg = Debug|Any CPU
		{61E68311-8ABA-4627-8D62-8D89435A7FEE}.Debug|ARM.Build.0 = Debug|Any CPU
		{61E68311-8ABA-4627-8D62-8D89435A7FEE}.Debug|x64.ActiveCfg = Debug|Any CPU
		{61E68311-8ABA-4627-8D62-8D89435A7FEE}.Debug|x64.Build.0 = Debug|Any CPU
		{61E68311-8ABA-4627-8D62-8D89435A7FEE}.Debug|x86.ActiveCfg = Debug|Any CPU
		{61E68311-8ABA-4627-8D62-8D89435A7FEE}.Debug|x86.Build.0 = Debug|Any CPU
		{61E68311-8ABA-4627-8D62-8D89435A7FEE}.Integration|Any CPU.ActiveCfg = Debug|Any CPU
		{61E68311-8ABA-4627-8D62-8D89435A7FEE}.Integration|Any CPU.Build.0 = Debug|Any CPU
		{61E68311-8ABA-4627-8D62-8D89435A7FEE}.Integration|ARM.ActiveCfg = Debug|Any CPU
		{61E68311-8ABA-4627-8D62-8D89435A7FEE}.Integration|ARM.Build.0 = Debug|Any CPU
		{61E68311-8ABA-4627-8D62-8D89435A7FEE}.Integration|x64.ActiveCfg = Debug|Any CPU
		{61E68311-8ABA-4627-8D62-8D89435A7FEE}.Integration|x64.Build.0 = Debug|Any CPU
		{61E68311-8ABA-4627-8D62-8D89435A7FEE}.Integration|x86.ActiveCfg = Debug|Any CPU
		{61E68311-8ABA-4627-8D62-8D89435A7FEE}.Integration|x86.Build.0 = Debug|Any CPU
		{61E68311-8ABA-4627-8D62-8D89435A7FEE}.Live|Any CPU.ActiveCfg = Debug|Any CPU
		{61E68311-8ABA-4627-8D62-8D89435A7FEE}.Live|Any CPU.Build.0 = Debug|Any CPU
		{61E68311-8ABA-4627-8D62-8D89435A7FEE}.Live|ARM.ActiveCfg = Debug|Any CPU
		{61E68311-8ABA-4627-8D62-8D89435A7FEE}.Live|ARM.Build.0 = Debug|Any CPU
		{61E68311-8ABA-4627-8D62-8D89435A7FEE}.Live|x64.ActiveCfg = Debug|Any CPU
		{61E68311-8ABA-4627-8D62-8D89435A7FEE}.Live|x64.Build.0 = Debug|Any CPU
		{61E68311-8ABA-4627-8D62-8D89435A7FEE}.Live|x86.ActiveCfg = Debug|Any CPU
		{61E68311-8ABA-4627-8D62-8D89435A7FEE}.Live|x86.Build.0 = Debug|Any CPU
		{61E68311-8ABA-4627-8D62-8D89435A7FEE}.Release|Any CPU.ActiveCfg = Release|Any CPU
		{61E68311-8ABA-4627-8D62-8D89435A7FEE}.Release|Any CPU.Build.0 = Release|Any CPU
		{61E68311-8ABA-4627-8D62-8D89435A7FEE}.Release|ARM.ActiveCfg = Release|Any CPU
		{61E68311-8ABA-4627-8D62-8D89435A7FEE}.Release|ARM.Build.0 = Release|Any CPU
		{61E68311-8ABA-4627-8D62-8D89435A7FEE}.Release|x64.ActiveCfg = Release|Any CPU
		{61E68311-8ABA-4627-8D62-8D89435A7FEE}.Release|x64.Build.0 = Release|Any CPU
		{61E68311-8ABA-4627-8D62-8D89435A7FEE}.Release|x86.ActiveCfg = Release|Any CPU
		{61E68311-8ABA-4627-8D62-8D89435A7FEE}.Release|x86.Build.0 = Release|Any CPU
		{61E68311-8ABA-4627-8D62-8D89435A7FEE}.Stage|Any CPU.ActiveCfg = Debug|Any CPU
		{61E68311-8ABA-4627-8D62-8D89435A7FEE}.Stage|Any CPU.Build.0 = Debug|Any CPU
		{61E68311-8ABA-4627-8D62-8D89435A7FEE}.Stage|ARM.ActiveCfg = Debug|Any CPU
		{61E68311-8ABA-4627-8D62-8D89435A7FEE}.Stage|ARM.Build.0 = Debug|Any CPU
		{61E68311-8ABA-4627-8D62-8D89435A7FEE}.Stage|x64.ActiveCfg = Debug|Any CPU
		{61E68311-8ABA-4627-8D62-8D89435A7FEE}.Stage|x64.Build.0 = Debug|Any CPU
		{61E68311-8ABA-4627-8D62-8D89435A7FEE}.Stage|x86.ActiveCfg = Debug|Any CPU
		{61E68311-8ABA-4627-8D62-8D89435A7FEE}.Stage|x86.Build.0 = Debug|Any CPU
		{2FF003BD-005E-4FC0-A475-90FC463FBC83}.CommandMode|Any CPU.ActiveCfg = Debug|Any CPU
		{2FF003BD-005E-4FC0-A475-90FC463FBC83}.CommandMode|Any CPU.Build.0 = Debug|Any CPU
		{2FF003BD-005E-4FC0-A475-90FC463FBC83}.CommandMode|ARM.ActiveCfg = Debug|Any CPU
		{2FF003BD-005E-4FC0-A475-90FC463FBC83}.CommandMode|ARM.Build.0 = Debug|Any CPU
		{2FF003BD-005E-4FC0-A475-90FC463FBC83}.CommandMode|x64.ActiveCfg = Debug|Any CPU
		{2FF003BD-005E-4FC0-A475-90FC463FBC83}.CommandMode|x64.Build.0 = Debug|Any CPU
		{2FF003BD-005E-4FC0-A475-90FC463FBC83}.CommandMode|x86.ActiveCfg = Debug|Any CPU
		{2FF003BD-005E-4FC0-A475-90FC463FBC83}.CommandMode|x86.Build.0 = Debug|Any CPU
		{2FF003BD-005E-4FC0-A475-90FC463FBC83}.Debug|Any CPU.ActiveCfg = Debug|Any CPU
		{2FF003BD-005E-4FC0-A475-90FC463FBC83}.Debug|Any CPU.Build.0 = Debug|Any CPU
		{2FF003BD-005E-4FC0-A475-90FC463FBC83}.Debug|ARM.ActiveCfg = Debug|Any CPU
		{2FF003BD-005E-4FC0-A475-90FC463FBC83}.Debug|ARM.Build.0 = Debug|Any CPU
		{2FF003BD-005E-4FC0-A475-90FC463FBC83}.Debug|x64.ActiveCfg = Debug|Any CPU
		{2FF003BD-005E-4FC0-A475-90FC463FBC83}.Debug|x64.Build.0 = Debug|Any CPU
		{2FF003BD-005E-4FC0-A475-90FC463FBC83}.Debug|x86.ActiveCfg = Debug|Any CPU
		{2FF003BD-005E-4FC0-A475-90FC463FBC83}.Debug|x86.Build.0 = Debug|Any CPU
		{2FF003BD-005E-4FC0-A475-90FC463FBC83}.Integration|Any CPU.ActiveCfg = Debug|Any CPU
		{2FF003BD-005E-4FC0-A475-90FC463FBC83}.Integration|Any CPU.Build.0 = Debug|Any CPU
		{2FF003BD-005E-4FC0-A475-90FC463FBC83}.Integration|ARM.ActiveCfg = Debug|Any CPU
		{2FF003BD-005E-4FC0-A475-90FC463FBC83}.Integration|ARM.Build.0 = Debug|Any CPU
		{2FF003BD-005E-4FC0-A475-90FC463FBC83}.Integration|x64.ActiveCfg = Debug|Any CPU
		{2FF003BD-005E-4FC0-A475-90FC463FBC83}.Integration|x64.Build.0 = Debug|Any CPU
		{2FF003BD-005E-4FC0-A475-90FC463FBC83}.Integration|x86.ActiveCfg = Debug|Any CPU
		{2FF003BD-005E-4FC0-A475-90FC463FBC83}.Integration|x86.Build.0 = Debug|Any CPU
		{2FF003BD-005E-4FC0-A475-90FC463FBC83}.Live|Any CPU.ActiveCfg = Debug|Any CPU
		{2FF003BD-005E-4FC0-A475-90FC463FBC83}.Live|Any CPU.Build.0 = Debug|Any CPU
		{2FF003BD-005E-4FC0-A475-90FC463FBC83}.Live|ARM.ActiveCfg = Debug|Any CPU
		{2FF003BD-005E-4FC0-A475-90FC463FBC83}.Live|ARM.Build.0 = Debug|Any CPU
		{2FF003BD-005E-4FC0-A475-90FC463FBC83}.Live|x64.ActiveCfg = Debug|Any CPU
		{2FF003BD-005E-4FC0-A475-90FC463FBC83}.Live|x64.Build.0 = Debug|Any CPU
		{2FF003BD-005E-4FC0-A475-90FC463FBC83}.Live|x86.ActiveCfg = Debug|Any CPU
		{2FF003BD-005E-4FC0-A475-90FC463FBC83}.Live|x86.Build.0 = Debug|Any CPU
		{2FF003BD-005E-4FC0-A475-90FC463FBC83}.Release|Any CPU.ActiveCfg = Release|Any CPU
		{2FF003BD-005E-4FC0-A475-90FC463FBC83}.Release|Any CPU.Build.0 = Release|Any CPU
		{2FF003BD-005E-4FC0-A475-90FC463FBC83}.Release|ARM.ActiveCfg = Release|Any CPU
		{2FF003BD-005E-4FC0-A475-90FC463FBC83}.Release|ARM.Build.0 = Release|Any CPU
		{2FF003BD-005E-4FC0-A475-90FC463FBC83}.Release|x64.ActiveCfg = Release|Any CPU
		{2FF003BD-005E-4FC0-A475-90FC463FBC83}.Release|x64.Build.0 = Release|Any CPU
		{2FF003BD-005E-4FC0-A475-90FC463FBC83}.Release|x86.ActiveCfg = Release|Any CPU
		{2FF003BD-005E-4FC0-A475-90FC463FBC83}.Release|x86.Build.0 = Release|Any CPU
		{2FF003BD-005E-4FC0-A475-90FC463FBC83}.Stage|Any CPU.ActiveCfg = Debug|Any CPU
		{2FF003BD-005E-4FC0-A475-90FC463FBC83}.Stage|Any CPU.Build.0 = Debug|Any CPU
		{2FF003BD-005E-4FC0-A475-90FC463FBC83}.Stage|ARM.ActiveCfg = Debug|Any CPU
		{2FF003BD-005E-4FC0-A475-90FC463FBC83}.Stage|ARM.Build.0 = Debug|Any CPU
		{2FF003BD-005E-4FC0-A475-90FC463FBC83}.Stage|x64.ActiveCfg = Debug|Any CPU
		{2FF003BD-005E-4FC0-A475-90FC463FBC83}.Stage|x64.Build.0 = Debug|Any CPU
		{2FF003BD-005E-4FC0-A475-90FC463FBC83}.Stage|x86.ActiveCfg = Debug|Any CPU
		{2FF003BD-005E-4FC0-A475-90FC463FBC83}.Stage|x86.Build.0 = Debug|Any CPU
		{BFAFE1D0-6500-4595-9EFD-1B9466A3DBDA}.CommandMode|Any CPU.ActiveCfg = Debug|Any CPU
		{BFAFE1D0-6500-4595-9EFD-1B9466A3DBDA}.CommandMode|Any CPU.Build.0 = Debug|Any CPU
		{BFAFE1D0-6500-4595-9EFD-1B9466A3DBDA}.CommandMode|ARM.ActiveCfg = Debug|Any CPU
		{BFAFE1D0-6500-4595-9EFD-1B9466A3DBDA}.CommandMode|ARM.Build.0 = Debug|Any CPU
		{BFAFE1D0-6500-4595-9EFD-1B9466A3DBDA}.CommandMode|x64.ActiveCfg = Debug|Any CPU
		{BFAFE1D0-6500-4595-9EFD-1B9466A3DBDA}.CommandMode|x64.Build.0 = Debug|Any CPU
		{BFAFE1D0-6500-4595-9EFD-1B9466A3DBDA}.CommandMode|x86.ActiveCfg = Debug|Any CPU
		{BFAFE1D0-6500-4595-9EFD-1B9466A3DBDA}.CommandMode|x86.Build.0 = Debug|Any CPU
		{BFAFE1D0-6500-4595-9EFD-1B9466A3DBDA}.Debug|Any CPU.ActiveCfg = Debug|Any CPU
		{BFAFE1D0-6500-4595-9EFD-1B9466A3DBDA}.Debug|Any CPU.Build.0 = Debug|Any CPU
		{BFAFE1D0-6500-4595-9EFD-1B9466A3DBDA}.Debug|ARM.ActiveCfg = Debug|Any CPU
		{BFAFE1D0-6500-4595-9EFD-1B9466A3DBDA}.Debug|ARM.Build.0 = Debug|Any CPU
		{BFAFE1D0-6500-4595-9EFD-1B9466A3DBDA}.Debug|x64.ActiveCfg = Debug|Any CPU
		{BFAFE1D0-6500-4595-9EFD-1B9466A3DBDA}.Debug|x64.Build.0 = Debug|Any CPU
		{BFAFE1D0-6500-4595-9EFD-1B9466A3DBDA}.Debug|x86.ActiveCfg = Debug|Any CPU
		{BFAFE1D0-6500-4595-9EFD-1B9466A3DBDA}.Debug|x86.Build.0 = Debug|Any CPU
		{BFAFE1D0-6500-4595-9EFD-1B9466A3DBDA}.Integration|Any CPU.ActiveCfg = Debug|Any CPU
		{BFAFE1D0-6500-4595-9EFD-1B9466A3DBDA}.Integration|Any CPU.Build.0 = Debug|Any CPU
		{BFAFE1D0-6500-4595-9EFD-1B9466A3DBDA}.Integration|ARM.ActiveCfg = Debug|Any CPU
		{BFAFE1D0-6500-4595-9EFD-1B9466A3DBDA}.Integration|ARM.Build.0 = Debug|Any CPU
		{BFAFE1D0-6500-4595-9EFD-1B9466A3DBDA}.Integration|x64.ActiveCfg = Debug|Any CPU
		{BFAFE1D0-6500-4595-9EFD-1B9466A3DBDA}.Integration|x64.Build.0 = Debug|Any CPU
		{BFAFE1D0-6500-4595-9EFD-1B9466A3DBDA}.Integration|x86.ActiveCfg = Debug|Any CPU
		{BFAFE1D0-6500-4595-9EFD-1B9466A3DBDA}.Integration|x86.Build.0 = Debug|Any CPU
		{BFAFE1D0-6500-4595-9EFD-1B9466A3DBDA}.Live|Any CPU.ActiveCfg = Debug|Any CPU
		{BFAFE1D0-6500-4595-9EFD-1B9466A3DBDA}.Live|Any CPU.Build.0 = Debug|Any CPU
		{BFAFE1D0-6500-4595-9EFD-1B9466A3DBDA}.Live|ARM.ActiveCfg = Debug|Any CPU
		{BFAFE1D0-6500-4595-9EFD-1B9466A3DBDA}.Live|ARM.Build.0 = Debug|Any CPU
		{BFAFE1D0-6500-4595-9EFD-1B9466A3DBDA}.Live|x64.ActiveCfg = Debug|Any CPU
		{BFAFE1D0-6500-4595-9EFD-1B9466A3DBDA}.Live|x64.Build.0 = Debug|Any CPU
		{BFAFE1D0-6500-4595-9EFD-1B9466A3DBDA}.Live|x86.ActiveCfg = Debug|Any CPU
		{BFAFE1D0-6500-4595-9EFD-1B9466A3DBDA}.Live|x86.Build.0 = Debug|Any CPU
		{BFAFE1D0-6500-4595-9EFD-1B9466A3DBDA}.Release|Any CPU.ActiveCfg = Release|Any CPU
		{BFAFE1D0-6500-4595-9EFD-1B9466A3DBDA}.Release|Any CPU.Build.0 = Release|Any CPU
		{BFAFE1D0-6500-4595-9EFD-1B9466A3DBDA}.Release|ARM.ActiveCfg = Release|Any CPU
		{BFAFE1D0-6500-4595-9EFD-1B9466A3DBDA}.Release|ARM.Build.0 = Release|Any CPU
		{BFAFE1D0-6500-4595-9EFD-1B9466A3DBDA}.Release|x64.ActiveCfg = Release|Any CPU
		{BFAFE1D0-6500-4595-9EFD-1B9466A3DBDA}.Release|x64.Build.0 = Release|Any CPU
		{BFAFE1D0-6500-4595-9EFD-1B9466A3DBDA}.Release|x86.ActiveCfg = Release|Any CPU
		{BFAFE1D0-6500-4595-9EFD-1B9466A3DBDA}.Release|x86.Build.0 = Release|Any CPU
		{BFAFE1D0-6500-4595-9EFD-1B9466A3DBDA}.Stage|Any CPU.ActiveCfg = Debug|Any CPU
		{BFAFE1D0-6500-4595-9EFD-1B9466A3DBDA}.Stage|Any CPU.Build.0 = Debug|Any CPU
		{BFAFE1D0-6500-4595-9EFD-1B9466A3DBDA}.Stage|ARM.ActiveCfg = Debug|Any CPU
		{BFAFE1D0-6500-4595-9EFD-1B9466A3DBDA}.Stage|ARM.Build.0 = Debug|Any CPU
		{BFAFE1D0-6500-4595-9EFD-1B9466A3DBDA}.Stage|x64.ActiveCfg = Debug|Any CPU
		{BFAFE1D0-6500-4595-9EFD-1B9466A3DBDA}.Stage|x64.Build.0 = Debug|Any CPU
		{BFAFE1D0-6500-4595-9EFD-1B9466A3DBDA}.Stage|x86.ActiveCfg = Debug|Any CPU
		{BFAFE1D0-6500-4595-9EFD-1B9466A3DBDA}.Stage|x86.Build.0 = Debug|Any CPU
	EndGlobalSection
	GlobalSection(SolutionProperties) = preSolution
		HideSolutionNode = FALSE
	EndGlobalSection
	GlobalSection(NestedProjects) = preSolution
		{043C898D-E017-45E7-9EE6-7DC1FEF12CB2} = {F36ED249-B763-436E-B454-7B1BF8DF262A}
		{BC06C0DD-F52A-4EAD-9117-1B7F180456A2} = {F36ED249-B763-436E-B454-7B1BF8DF262A}
		{14C7B087-34C7-433C-A43C-0A29415EFDA5} = {F36ED249-B763-436E-B454-7B1BF8DF262A}
		{A0128BD9-5F57-4DE6-AB96-C774B8A0F6ED} = {B71B33E4-4FE7-4B91-B5A4-131A3E3BF7B9}
		{E9EB3E45-75D5-4387-A8F9-3968925F9629} = {DF6F72DC-CF4F-4D0F-8DC0-54EF840B15B0}
		{65D6050B-A770-4E02-9069-72F1A2974A7F} = {B71B33E4-4FE7-4B91-B5A4-131A3E3BF7B9}
		{671AE624-F1E5-46F6-BB61-9C37F2B29E30} = {F36ED249-B763-436E-B454-7B1BF8DF262A}
		{4D794F35-6FF3-4A5D-8817-777F0717082D} = {2BA1B2FF-F03A-4C3F-9AFB-487CDF769826}
		{61E68311-8ABA-4627-8D62-8D89435A7FEE} = {B71B33E4-4FE7-4B91-B5A4-131A3E3BF7B9}
		{2FF003BD-005E-4FC0-A475-90FC463FBC83} = {B71B33E4-4FE7-4B91-B5A4-131A3E3BF7B9}
		{BFAFE1D0-6500-4595-9EFD-1B9466A3DBDA} = {B71B33E4-4FE7-4B91-B5A4-131A3E3BF7B9}
	EndGlobalSection
	GlobalSection(ExtensibilityGlobals) = postSolution
		SolutionGuid = {80805555-205A-4634-85F0-FDC9A88861F4}
	EndGlobalSection
EndGlobal
