
Microsoft Visual Studio Solution File, Format Version 12.00
# Visual Studio Version 16
VisualStudioVersion = 16.0.29009.5
MinimumVisualStudioVersion = 10.0.40219.1
Project("{9A19103F-16F7-4668-BE54-9A1E7A4F7556}") = "Orions.Systems.CrossModules.Common.Open", "Orions.Systems.CrossModules.Common\Orions.Systems.CrossModules.Common.Open.csproj", "{8E270352-76C5-4A7A-AFFB-3DB223214E12}"
EndProject
Project("{9A19103F-16F7-4668-BE54-9A1E7A4F7556}") = "Orions.Systems.CrossModules.Components.Open", "Orions.Systems.CrossModules.Components\Orions.Systems.CrossModules.Components.Open.csproj", "{439D5E92-9216-4D10-82C4-93157E2DFCB4}"
EndProject
Project("{9A19103F-16F7-4668-BE54-9A1E7A4F7556}") = "Orions.Systems.CrossModules.Analytics.Open", "Orions.Systems.CrossModules.Analytics\Orions.Systems.CrossModules.Analytics.Open.csproj", "{2DD6F3F1-E9AF-4FFB-8A52-AB80BE08DB21}"
EndProject
Project("{9A19103F-16F7-4668-BE54-9A1E7A4F7556}") = "Orions.Systems.CrossModules.MetadataReview.Open", "Orions.Systems.CrossModules.MetadataReview\Orions.Systems.CrossModules.MetadataReview.Open.csproj", "{9545D537-CE56-43F7-B4CA-F54FABB2B25A}"
EndProject
Project("{9A19103F-16F7-4668-BE54-9A1E7A4F7556}") = "Orions.Systems.CrossModules.NodeStats.Open", "Orions.Systems.CrossModules.NodeStats\Orions.Systems.CrossModules.NodeStats.Open.csproj", "{6BF0DE1C-4FA8-42B5-8858-ADEDC46B76B9}"
EndProject
Project("{9A19103F-16F7-4668-BE54-9A1E7A4F7556}") = "Orions.Systems.CrossModules.Timeline.Open", "Orions.Systems.CrossModules.Timeline\Orions.Systems.CrossModules.Timeline.Open.csproj", "{8B920E68-F208-4F96-BE98-ECBD8D36541C}"
EndProject
Project("{2150E333-8FDC-42A3-9474-1A3956D46DE8}") = "Samples", "Samples", "{3B8C6272-55DC-46A7-8383-EFB616B43449}"
EndProject
Project("{9A19103F-16F7-4668-BE54-9A1E7A4F7556}") = "Orions.Systems.CrossModules.BlazorSample.Open", "Samples\Orions.Systems.CrossModules.BlazorSample\Orions.Systems.CrossModules.BlazorSample.Open.csproj", "{81A65ED3-DC5C-4AA9-A01E-E8BB03AB465A}"
EndProject
Project("{9A19103F-16F7-4668-BE54-9A1E7A4F7556}") = "Orions.Systems.CrossModules.MissionAnalytics.Open", "Orions.Systems.CrossModules.MissionAnalytics\Orions.Systems.CrossModules.MissionAnalytics.Open.csproj", "{27629BF2-917A-42E0-83F4-380FEC6D9BF6}"
EndProject
Project("{2150E333-8FDC-42A3-9474-1A3956D46DE8}") = "Common", "Common", "{65D18785-E4D5-4D54-8294-797DF3695F56}"
EndProject
Global
	GlobalSection(SolutionConfigurationPlatforms) = preSolution
		Debug|Any CPU = Debug|Any CPU
		Release|Any CPU = Release|Any CPU
	EndGlobalSection
	GlobalSection(ProjectConfigurationPlatforms) = postSolution
		{8E270352-76C5-4A7A-AFFB-3DB223214E12}.Debug|Any CPU.ActiveCfg = Debug|Any CPU
		{8E270352-76C5-4A7A-AFFB-3DB223214E12}.Debug|Any CPU.Build.0 = Debug|Any CPU
		{8E270352-76C5-4A7A-AFFB-3DB223214E12}.Release|Any CPU.ActiveCfg = Release|Any CPU
		{8E270352-76C5-4A7A-AFFB-3DB223214E12}.Release|Any CPU.Build.0 = Release|Any CPU
		{439D5E92-9216-4D10-82C4-93157E2DFCB4}.Debug|Any CPU.ActiveCfg = Debug|Any CPU
		{439D5E92-9216-4D10-82C4-93157E2DFCB4}.Debug|Any CPU.Build.0 = Debug|Any CPU
		{439D5E92-9216-4D10-82C4-93157E2DFCB4}.Release|Any CPU.ActiveCfg = Release|Any CPU
		{439D5E92-9216-4D10-82C4-93157E2DFCB4}.Release|Any CPU.Build.0 = Release|Any CPU
		{2DD6F3F1-E9AF-4FFB-8A52-AB80BE08DB21}.Debug|Any CPU.ActiveCfg = Debug|Any CPU
		{2DD6F3F1-E9AF-4FFB-8A52-AB80BE08DB21}.Debug|Any CPU.Build.0 = Debug|Any CPU
		{2DD6F3F1-E9AF-4FFB-8A52-AB80BE08DB21}.Release|Any CPU.ActiveCfg = Release|Any CPU
		{2DD6F3F1-E9AF-4FFB-8A52-AB80BE08DB21}.Release|Any CPU.Build.0 = Release|Any CPU
		{9545D537-CE56-43F7-B4CA-F54FABB2B25A}.Debug|Any CPU.ActiveCfg = Debug|Any CPU
		{9545D537-CE56-43F7-B4CA-F54FABB2B25A}.Debug|Any CPU.Build.0 = Debug|Any CPU
		{9545D537-CE56-43F7-B4CA-F54FABB2B25A}.Release|Any CPU.ActiveCfg = Release|Any CPU
		{9545D537-CE56-43F7-B4CA-F54FABB2B25A}.Release|Any CPU.Build.0 = Release|Any CPU
		{6BF0DE1C-4FA8-42B5-8858-ADEDC46B76B9}.Debug|Any CPU.ActiveCfg = Debug|Any CPU
		{6BF0DE1C-4FA8-42B5-8858-ADEDC46B76B9}.Debug|Any CPU.Build.0 = Debug|Any CPU
		{6BF0DE1C-4FA8-42B5-8858-ADEDC46B76B9}.Release|Any CPU.ActiveCfg = Release|Any CPU
		{6BF0DE1C-4FA8-42B5-8858-ADEDC46B76B9}.Release|Any CPU.Build.0 = Release|Any CPU
		{8B920E68-F208-4F96-BE98-ECBD8D36541C}.Debug|Any CPU.ActiveCfg = Debug|Any CPU
		{8B920E68-F208-4F96-BE98-ECBD8D36541C}.Release|Any CPU.ActiveCfg = Release|Any CPU
		{81A65ED3-DC5C-4AA9-A01E-E8BB03AB465A}.Debug|Any CPU.ActiveCfg = Debug|Any CPU
		{81A65ED3-DC5C-4AA9-A01E-E8BB03AB465A}.Debug|Any CPU.Build.0 = Debug|Any CPU
		{81A65ED3-DC5C-4AA9-A01E-E8BB03AB465A}.Release|Any CPU.ActiveCfg = Release|Any CPU
		{81A65ED3-DC5C-4AA9-A01E-E8BB03AB465A}.Release|Any CPU.Build.0 = Release|Any CPU
		{27629BF2-917A-42E0-83F4-380FEC6D9BF6}.Debug|Any CPU.ActiveCfg = Debug|Any CPU
		{27629BF2-917A-42E0-83F4-380FEC6D9BF6}.Debug|Any CPU.Build.0 = Debug|Any CPU
		{27629BF2-917A-42E0-83F4-380FEC6D9BF6}.Release|Any CPU.ActiveCfg = Release|Any CPU
		{27629BF2-917A-42E0-83F4-380FEC6D9BF6}.Release|Any CPU.Build.0 = Release|Any CPU
	EndGlobalSection
	GlobalSection(SolutionProperties) = preSolution
		HideSolutionNode = FALSE
	EndGlobalSection
	GlobalSection(NestedProjects) = preSolution
		{8E270352-76C5-4A7A-AFFB-3DB223214E12} = {65D18785-E4D5-4D54-8294-797DF3695F56}
		{439D5E92-9216-4D10-82C4-93157E2DFCB4} = {65D18785-E4D5-4D54-8294-797DF3695F56}
		{81A65ED3-DC5C-4AA9-A01E-E8BB03AB465A} = {3B8C6272-55DC-46A7-8383-EFB616B43449}
	EndGlobalSection
	GlobalSection(ExtensibilityGlobals) = postSolution
		SolutionGuid = {80805555-205A-4634-85F0-FDC9A88861F4}
	EndGlobalSection
EndGlobal
