
Microsoft Visual Studio Solution File, Format Version 12.00
# Visual Studio Version 16
VisualStudioVersion = 16.0.29009.5
MinimumVisualStudioVersion = 10.0.40219.1
Project("{9A19103F-16F7-4668-BE54-9A1E7A4F7556}") = "Orions.Systems.CrossModules.Common.Open", "Orions.Systems.CrossModules.Common\Orions.Systems.CrossModules.Common.Open.csproj", "{8E270352-76C5-4A7A-AFFB-3DB223214E12}"
EndProject
Project("{9A19103F-16F7-4668-BE54-9A1E7A4F7556}") = "Orions.Systems.CrossModules.Blazor.Open", "Orions.Systems.CrossModules.Blazor\Orions.Systems.CrossModules.Blazor.Open.csproj", "{439D5E92-9216-4D10-82C4-93157E2DFCB4}"
EndProject
Project("{9A19103F-16F7-4668-BE54-9A1E7A4F7556}") = "Orions.Systems.CrossModules.Analytics.Open", "Orions.Systems.CrossModules.Analytics\Orions.Systems.CrossModules.Analytics.Open.csproj", "{2DD6F3F1-E9AF-4FFB-8A52-AB80BE08DB21}"
EndProject
Project("{9A19103F-16F7-4668-BE54-9A1E7A4F7556}") = "Orions.Systems.CrossModules.MetadataReview.Open", "Orions.Systems.CrossModules.MetadataReview\Orions.Systems.CrossModules.MetadataReview.Open.csproj", "{9545D537-CE56-43F7-B4CA-F54FABB2B25A}"
EndProject
Project("{9A19103F-16F7-4668-BE54-9A1E7A4F7556}") = "Orions.Systems.CrossModules.NodeStats.Open", "Orions.Systems.CrossModules.NodeStats\Orions.Systems.CrossModules.NodeStats.Open.csproj", "{6BF0DE1C-4FA8-42B5-8858-ADEDC46B76B9}"
EndProject
Project("{9A19103F-16F7-4668-BE54-9A1E7A4F7556}") = "Orions.Systems.CrossModules.NodeLite.Open", "Orions.Systems.CrossModules.NodeLite\Orions.Systems.CrossModules.NodeLite.Open.csproj", "{DD3BBFB4-7FA7-4DD0-8401-F52DBA4924D0}"
EndProject
Project("{9A19103F-16F7-4668-BE54-9A1E7A4F7556}") = "Orions.Systems.CrossModules.Timeline.Open", "Orions.Systems.CrossModules.Timeline\Orions.Systems.CrossModules.Timeline.Open.csproj", "{8B920E68-F208-4F96-BE98-ECBD8D36541C}"
EndProject
Project("{2150E333-8FDC-42A3-9474-1A3956D46DE8}") = "Samples", "Samples", "{3B8C6272-55DC-46A7-8383-EFB616B43449}"
EndProject
Project("{9A19103F-16F7-4668-BE54-9A1E7A4F7556}") = "Orions.Systems.CrossHostWebAppSample.Open", "Samples\Orions.Systems.CrossHostWebAppSample\Orions.Systems.CrossHostWebAppSample.Open.csproj", "{34BD86D8-C9FD-4DC5-95C6-75593BFFE83D}"
EndProject
Project("{9A19103F-16F7-4668-BE54-9A1E7A4F7556}") = "Orions.Systems.CrossModules.BlazorSample.Open", "Samples\Orions.Systems.CrossModules.BlazorSample\Orions.Systems.CrossModules.BlazorSample.Open.csproj", "{81A65ED3-DC5C-4AA9-A01E-E8BB03AB465A}"
EndProject
Project("{9A19103F-16F7-4668-BE54-9A1E7A4F7556}") = "Orions.Systems.CrossModules.TestApp.Open", "Samples\Orions.Systems.CrossModules.TestApp\Orions.Systems.CrossModules.TestApp.Open.csproj", "{1E529A11-CE70-4BB9-B774-75F31ADCB2F9}"
EndProject
Global
	GlobalSection(SolutionConfigurationPlatforms) = preSolution
		Debug|Any CPU = Debug|Any CPU
		Release|Any CPU = Release|Any CPU
	EndGlobalSection
	GlobalSection(ProjectConfigurationPlatforms) = postSolution
		{8E270352-76C5-4A7A-AFFB-3DB223214E12}.Debug|Any CPU.ActiveCfg = Debug|Any CPU
		{8E270352-76C5-4A7A-AFFB-3DB223214E12}.Debug|Any CPU.Build.0 = Debug|Any CPU
		{8E270352-76C5-4A7A-AFFB-3DB223214E12}.Release|Any CPU.ActiveCfg = Release|Any CPU
		{8E270352-76C5-4A7A-AFFB-3DB223214E12}.Release|Any CPU.Build.0 = Release|Any CPU
		{439D5E92-9216-4D10-82C4-93157E2DFCB4}.Debug|Any CPU.ActiveCfg = Debug|Any CPU
		{439D5E92-9216-4D10-82C4-93157E2DFCB4}.Debug|Any CPU.Build.0 = Debug|Any CPU
		{439D5E92-9216-4D10-82C4-93157E2DFCB4}.Release|Any CPU.ActiveCfg = Release|Any CPU
		{439D5E92-9216-4D10-82C4-93157E2DFCB4}.Release|Any CPU.Build.0 = Release|Any CPU
		{2DD6F3F1-E9AF-4FFB-8A52-AB80BE08DB21}.Debug|Any CPU.ActiveCfg = Debug|Any CPU
		{2DD6F3F1-E9AF-4FFB-8A52-AB80BE08DB21}.Debug|Any CPU.Build.0 = Debug|Any CPU
		{2DD6F3F1-E9AF-4FFB-8A52-AB80BE08DB21}.Release|Any CPU.ActiveCfg = Release|Any CPU
		{2DD6F3F1-E9AF-4FFB-8A52-AB80BE08DB21}.Release|Any CPU.Build.0 = Release|Any CPU
		{9545D537-CE56-43F7-B4CA-F54FABB2B25A}.Debug|Any CPU.ActiveCfg = Debug|Any CPU
		{9545D537-CE56-43F7-B4CA-F54FABB2B25A}.Debug|Any CPU.Build.0 = Debug|Any CPU
		{9545D537-CE56-43F7-B4CA-F54FABB2B25A}.Release|Any CPU.ActiveCfg = Release|Any CPU
		{9545D537-CE56-43F7-B4CA-F54FABB2B25A}.Release|Any CPU.Build.0 = Release|Any CPU
		{6BF0DE1C-4FA8-42B5-8858-ADEDC46B76B9}.Debug|Any CPU.ActiveCfg = Debug|Any CPU
		{6BF0DE1C-4FA8-42B5-8858-ADEDC46B76B9}.Debug|Any CPU.Build.0 = Debug|Any CPU
		{6BF0DE1C-4FA8-42B5-8858-ADEDC46B76B9}.Release|Any CPU.ActiveCfg = Release|Any CPU
		{6BF0DE1C-4FA8-42B5-8858-ADEDC46B76B9}.Release|Any CPU.Build.0 = Release|Any CPU
		{DD3BBFB4-7FA7-4DD0-8401-F52DBA4924D0}.Debug|Any CPU.ActiveCfg = Debug|Any CPU
		{DD3BBFB4-7FA7-4DD0-8401-F52DBA4924D0}.Debug|Any CPU.Build.0 = Debug|Any CPU
		{DD3BBFB4-7FA7-4DD0-8401-F52DBA4924D0}.Release|Any CPU.ActiveCfg = Release|Any CPU
		{DD3BBFB4-7FA7-4DD0-8401-F52DBA4924D0}.Release|Any CPU.Build.0 = Release|Any CPU
		{8B920E68-F208-4F96-BE98-ECBD8D36541C}.Debug|Any CPU.ActiveCfg = Debug|Any CPU
		{8B920E68-F208-4F96-BE98-ECBD8D36541C}.Release|Any CPU.ActiveCfg = Release|Any CPU
		{34BD86D8-C9FD-4DC5-95C6-75593BFFE83D}.Debug|Any CPU.ActiveCfg = Debug|Any CPU
		{34BD86D8-C9FD-4DC5-95C6-75593BFFE83D}.Debug|Any CPU.Build.0 = Debug|Any CPU
		{34BD86D8-C9FD-4DC5-95C6-75593BFFE83D}.Release|Any CPU.ActiveCfg = Release|Any CPU
		{34BD86D8-C9FD-4DC5-95C6-75593BFFE83D}.Release|Any CPU.Build.0 = Release|Any CPU
		{81A65ED3-DC5C-4AA9-A01E-E8BB03AB465A}.Debug|Any CPU.ActiveCfg = Debug|Any CPU
		{81A65ED3-DC5C-4AA9-A01E-E8BB03AB465A}.Debug|Any CPU.Build.0 = Debug|Any CPU
		{81A65ED3-DC5C-4AA9-A01E-E8BB03AB465A}.Release|Any CPU.ActiveCfg = Release|Any CPU
		{81A65ED3-DC5C-4AA9-A01E-E8BB03AB465A}.Release|Any CPU.Build.0 = Release|Any CPU
		{1E529A11-CE70-4BB9-B774-75F31ADCB2F9}.Debug|Any CPU.ActiveCfg = Debug|Any CPU
		{1E529A11-CE70-4BB9-B774-75F31ADCB2F9}.Debug|Any CPU.Build.0 = Debug|Any CPU
		{1E529A11-CE70-4BB9-B774-75F31ADCB2F9}.Release|Any CPU.ActiveCfg = Release|Any CPU
		{1E529A11-CE70-4BB9-B774-75F31ADCB2F9}.Release|Any CPU.Build.0 = Release|Any CPU
	EndGlobalSection
	GlobalSection(SolutionProperties) = preSolution
		HideSolutionNode = FALSE
	EndGlobalSection
	GlobalSection(NestedProjects) = preSolution
		{34BD86D8-C9FD-4DC5-95C6-75593BFFE83D} = {3B8C6272-55DC-46A7-8383-EFB616B43449}
		{81A65ED3-DC5C-4AA9-A01E-E8BB03AB465A} = {3B8C6272-55DC-46A7-8383-EFB616B43449}
		{1E529A11-CE70-4BB9-B774-75F31ADCB2F9} = {3B8C6272-55DC-46A7-8383-EFB616B43449}
	EndGlobalSection
	GlobalSection(ExtensibilityGlobals) = postSolution
		SolutionGuid = {80805555-205A-4634-85F0-FDC9A88861F4}
	EndGlobalSection
EndGlobal
